// !$*UTF8*$!
{
	archiveVersion = 1;
	classes = {
	};
	objectVersion = 48;
	objects = {

/* Begin PBXBuildFile section */
		178AFA7D1F76FE2B00DE7AC3 /* test1.cxx in Sources */ = {isa = PBXBuildFile; fileRef = 178AFA7C1F76FE2B00DE7AC3 /* test1.cxx */; };
/* End PBXBuildFile section */

/* Begin PBXContainerItemProxy section */
		178AFA821F76FE4400DE7AC3 /* PBXContainerItemProxy */ = {
			isa = PBXContainerItemProxy;
			containerPortal = 178AFA7E1F76FE4400DE7AC3 /* laolx.xcodeproj */;
			proxyType = 2;
			remoteGlobalIDString = 17E977681F76F6EB005669D1;
			remoteInfo = laolx;
		};
/* End PBXContainerItemProxy section */

/* Begin PBXCopyFilesBuildPhase section */
		178AFA701F76FDE600DE7AC3 /* CopyFiles */ = {
			isa = PBXCopyFilesBuildPhase;
			buildActionMask = 2147483647;
			dstPath = /usr/share/man/man1/;
			dstSubfolderSpec = 0;
			files = (
			);
			runOnlyForDeploymentPostprocessing = 1;
		};
/* End PBXCopyFilesBuildPhase section */

/* Begin PBXFileReference section */
		178AFA721F76FDE600DE7AC3 /* laolxtest */ = {isa = PBXFileReference; explicitFileType = "compiled.mach-o.executable"; includeInIndex = 0; path = laolxtest; sourceTree = BUILT_PRODUCTS_DIR; };
		178AFA7C1F76FE2B00DE7AC3 /* test1.cxx */ = {isa = PBXFileReference; fileEncoding = 4; lastKnownFileType = sourcecode.cpp.cpp; name = test1.cxx; path = ../../laolxcxx/tests/test1.cxx; sourceTree = "<group>"; };
		178AFA7E1F76FE4400DE7AC3 /* laolx.xcodeproj */ = {isa = PBXFileReference; lastKnownFileType = "wrapper.pb-project"; name = laolx.xcodeproj; path = ../laolx.xcodeproj; sourceTree = "<group>"; };
/* End PBXFileReference section */

/* Begin PBXFrameworksBuildPhase section */
		178AFA6F1F76FDE600DE7AC3 /* Frameworks */ = {
			isa = PBXFrameworksBuildPhase;
			buildActionMask = 2147483647;
			files = (
			);
			runOnlyForDeploymentPostprocessing = 0;
		};
/* End PBXFrameworksBuildPhase section */

/* Begin PBXGroup section */
		178AFA691F76FDE600DE7AC3 = {
			isa = PBXGroup;
			children = (
				178AFA7E1F76FE4400DE7AC3 /* laolx.xcodeproj */,
				178AFA7C1F76FE2B00DE7AC3 /* test1.cxx */,
				178AFA731F76FDE600DE7AC3 /* Products */,
			);
			sourceTree = "<group>";
		};
		178AFA731F76FDE600DE7AC3 /* Products */ = {
			isa = PBXGroup;
			children = (
				178AFA721F76FDE600DE7AC3 /* laolxtest */,
			);
			name = Products;
			sourceTree = "<group>";
		};
		178AFA7F1F76FE4400DE7AC3 /* Products */ = {
			isa = PBXGroup;
			children = (
				178AFA831F76FE4400DE7AC3 /* liblaolx.a */,
			);
			name = Products;
			sourceTree = "<group>";
		};
/* End PBXGroup section */

/* Begin PBXNativeTarget section */
		178AFA711F76FDE600DE7AC3 /* laolxtest */ = {
			isa = PBXNativeTarget;
			buildConfigurationList = 178AFA791F76FDE600DE7AC3 /* Build configuration list for PBXNativeTarget "laolxtest" */;
			buildPhases = (
				178AFA6E1F76FDE600DE7AC3 /* Sources */,
				178AFA6F1F76FDE600DE7AC3 /* Frameworks */,
				178AFA701F76FDE600DE7AC3 /* CopyFiles */,
			);
			buildRules = (
			);
			dependencies = (
			);
			name = laolxtest;
			productName = laolxtest;
			productReference = 178AFA721F76FDE600DE7AC3 /* laolxtest */;
			productType = "com.apple.product-type.tool";
		};
/* End PBXNativeTarget section */

/* Begin PBXProject section */
		178AFA6A1F76FDE600DE7AC3 /* Project object */ = {
			isa = PBXProject;
			attributes = {
				LastUpgradeCheck = 0900;
				ORGANIZATIONNAME = "Karl W Pfalzer";
				TargetAttributes = {
					178AFA711F76FDE600DE7AC3 = {
						CreatedOnToolsVersion = 9.0;
						ProvisioningStyle = Automatic;
					};
				};
			};
			buildConfigurationList = 178AFA6D1F76FDE600DE7AC3 /* Build configuration list for PBXProject "laolxtest" */;
			compatibilityVersion = "Xcode 8.0";
			developmentRegion = en;
			hasScannedForEncodings = 0;
			knownRegions = (
				en,
			);
			mainGroup = 178AFA691F76FDE600DE7AC3;
			productRefGroup = 178AFA731F76FDE600DE7AC3 /* Products */;
			projectDirPath = "";
			projectReferences = (
				{
					ProductGroup = 178AFA7F1F76FE4400DE7AC3 /* Products */;
					ProjectRef = 178AFA7E1F76FE4400DE7AC3 /* laolx.xcodeproj */;
				},
			);
			projectRoot = "";
			targets = (
				178AFA711F76FDE600DE7AC3 /* laolxtest */,
			);
		};
/* End PBXProject section */

/* Begin PBXReferenceProxy section */
		178AFA831F76FE4400DE7AC3 /* liblaolx.a */ = {
			isa = PBXReferenceProxy;
			fileType = archive.ar;
			path = liblaolx.a;
			remoteRef = 178AFA821F76FE4400DE7AC3 /* PBXContainerItemProxy */;
			sourceTree = BUILT_PRODUCTS_DIR;
		};
/* End PBXReferenceProxy section */

/* Begin PBXSourcesBuildPhase section */
		178AFA6E1F76FDE600DE7AC3 /* Sources */ = {
			isa = PBXSourcesBuildPhase;
			buildActionMask = 2147483647;
			files = (
				178AFA7D1F76FE2B00DE7AC3 /* test1.cxx in Sources */,
			);
			runOnlyForDeploymentPostprocessing = 0;
		};
/* End PBXSourcesBuildPhase section */

/* Begin XCBuildConfiguration section */
		178AFA771F76FDE600DE7AC3 /* Debug */ = {
			isa = XCBuildConfiguration;
			buildSettings = {
				ALWAYS_SEARCH_USER_PATHS = NO;
				CLANG_ANALYZER_NONNULL = YES;
				CLANG_ANALYZER_NUMBER_OBJECT_CONVERSION = YES_AGGRESSIVE;
				CLANG_CXX_LANGUAGE_STANDARD = "gnu++14";
				CLANG_CXX_LIBRARY = "libc++";
				CLANG_ENABLE_MODULES = YES;
				CLANG_ENABLE_OBJC_ARC = YES;
				CLANG_WARN_BLOCK_CAPTURE_AUTORELEASING = YES;
				CLANG_WARN_BOOL_CONVERSION = YES;
				CLANG_WARN_COMMA = YES;
				CLANG_WARN_CONSTANT_CONVERSION = YES;
				CLANG_WARN_DIRECT_OBJC_ISA_USAGE = YES_ERROR;
				CLANG_WARN_DOCUMENTATION_COMMENTS = YES;
				CLANG_WARN_EMPTY_BODY = YES;
				CLANG_WARN_ENUM_CONVERSION = YES;
				CLANG_WARN_INFINITE_RECURSION = YES;
				CLANG_WARN_INT_CONVERSION = YES;
				CLANG_WARN_NON_LITERAL_NULL_CONVERSION = YES;
				CLANG_WARN_OBJC_LITERAL_CONVERSION = YES;
				CLANG_WARN_OBJC_ROOT_CLASS = YES_ERROR;
				CLANG_WARN_RANGE_LOOP_ANALYSIS = YES;
				CLANG_WARN_STRICT_PROTOTYPES = YES;
				CLANG_WARN_SUSPICIOUS_MOVE = YES;
				CLANG_WARN_UNGUARDED_AVAILABILITY = YES_AGGRESSIVE;
				CLANG_WARN_UNREACHABLE_CODE = YES;
				CLANG_WARN__DUPLICATE_METHOD_MATCH = YES;
				CODE_SIGN_IDENTITY = "-";
				COPY_PHASE_STRIP = NO;
				DEBUG_INFORMATION_FORMAT = dwarf;
				ENABLE_STRICT_OBJC_MSGSEND = YES;
				ENABLE_TESTABILITY = YES;
				GCC_C_LANGUAGE_STANDARD = gnu11;
				GCC_DYNAMIC_NO_PIC = NO;
				GCC_NO_COMMON_BLOCKS = YES;
				GCC_OPTIMIZATION_LEVEL = 0;
				GCC_PREPROCESSOR_DEFINITIONS = (
					"DEBUG=1",
					"$(inherited)",
				);
				GCC_WARN_64_TO_32_BIT_CONVERSION = YES;
				GCC_WARN_ABOUT_RETURN_TYPE = YES_ERROR;
				GCC_WARN_UNDECLARED_SELECTOR = YES;
				GCC_WARN_UNINITIALIZED_AUTOS = YES_AGGRESSIVE;
				GCC_WARN_UNUSED_FUNCTION = YES;
				GCC_WARN_UNUSED_VARIABLE = YES;
				MACOSX_DEPLOYMENT_TARGET = 10.12;
				MTL_ENABLE_DEBUG_INFO = YES;
				ONLY_ACTIVE_ARCH = YES;
				SDKROOT = macosx;
			};
			name = Debug;
		};
		178AFA781F76FDE600DE7AC3 /* Release */ = {
			isa = XCBuildConfiguration;
			buildSettings = {
				ALWAYS_SEARCH_USER_PATHS = NO;
				CLANG_ANALYZER_NONNULL = YES;
				CLANG_ANALYZER_NUMBER_OBJECT_CONVERSION = YES_AGGRESSIVE;
				CLANG_CXX_LANGUAGE_STANDARD = "gnu++14";
				CLANG_CXX_LIBRARY = "libc++";
				CLANG_ENABLE_MODULES = YES;
				CLANG_ENABLE_OBJC_ARC = YES;
				CLANG_WARN_BLOCK_CAPTURE_AUTORELEASING = YES;
				CLANG_WARN_BOOL_CONVERSION = YES;
				CLANG_WARN_COMMA = YES;
				CLANG_WARN_CONSTANT_CONVERSION = YES;
				CLANG_WARN_DIRECT_OBJC_ISA_USAGE = YES_ERROR;
				CLANG_WARN_DOCUMENTATION_COMMENTS = YES;
				CLANG_WARN_EMPTY_BODY = YES;
				CLANG_WARN_ENUM_CONVERSION = YES;
				CLANG_WARN_INFINITE_RECURSION = YES;
				CLANG_WARN_INT_CONVERSION = YES;
				CLANG_WARN_NON_LITERAL_NULL_CONVERSION = YES;
				CLANG_WARN_OBJC_LITERAL_CONVERSION = YES;
				CLANG_WARN_OBJC_ROOT_CLASS = YES_ERROR;
				CLANG_WARN_RANGE_LOOP_ANALYSIS = YES;
				CLANG_WARN_STRICT_PROTOTYPES = YES;
				CLANG_WARN_SUSPICIOUS_MOVE = YES;
				CLANG_WARN_UNGUARDED_AVAILABILITY = YES_AGGRESSIVE;
				CLANG_WARN_UNREACHABLE_CODE = YES;
				CLANG_WARN__DUPLICATE_METHOD_MATCH = YES;
				CODE_SIGN_IDENTITY = "-";
				COPY_PHASE_STRIP = NO;
				DEBUG_INFORMATION_FORMAT = "dwarf-with-dsym";
				ENABLE_NS_ASSERTIONS = NO;
				ENABLE_STRICT_OBJC_MSGSEND = YES;
				GCC_C_LANGUAGE_STANDARD = gnu11;
				GCC_NO_COMMON_BLOCKS = YES;
				GCC_WARN_64_TO_32_BIT_CONVERSION = YES;
				GCC_WARN_ABOUT_RETURN_TYPE = YES_ERROR;
				GCC_WARN_UNDECLARED_SELECTOR = YES;
				GCC_WARN_UNINITIALIZED_AUTOS = YES_AGGRESSIVE;
				GCC_WARN_UNUSED_FUNCTION = YES;
				GCC_WARN_UNUSED_VARIABLE = YES;
				MACOSX_DEPLOYMENT_TARGET = 10.12;
				MTL_ENABLE_DEBUG_INFO = NO;
				SDKROOT = macosx;
			};
			name = Release;
		};
		178AFA7A1F76FDE600DE7AC3 /* Debug */ = {
			isa = XCBuildConfiguration;
			buildSettings = {
				CODE_SIGN_STYLE = Automatic;
				OTHER_LDFLAGS = "-llaolx";
				PRODUCT_NAME = "$(TARGET_NAME)";
			};
			name = Debug;
		};
		178AFA7B1F76FDE600DE7AC3 /* Release */ = {
			isa = XCBuildConfiguration;
			buildSettings = {
				CODE_SIGN_STYLE = Automatic;
				PRODUCT_NAME = "$(TARGET_NAME)";
			};
			name = Release;
		};
/* End XCBuildConfiguration section */

/* Begin XCConfigurationList section */
		178AFA6D1F76FDE600DE7AC3 /* Build configuration list for PBXProject "laolxtest" */ = {
			isa = XCConfigurationList;
			buildConfigurations = (
				178AFA771F76FDE600DE7AC3 /* Debug */,
				178AFA781F76FDE600DE7AC3 /* Release */,
			);
			defaultConfigurationIsVisible = 0;
			defaultConfigurationName = Release;
		};
		178AFA791F76FDE600DE7AC3 /* Build configuration list for PBXNativeTarget "laolxtest" */ = {
			isa = XCConfigurationList;
			buildConfigurations = (
				178AFA7A1F76FDE600DE7AC3 /* Debug */,
				178AFA7B1F76FDE600DE7AC3 /* Release */,
			);
			defaultConfigurationIsVisible = 0;
			defaultConfigurationName = Release;
		};
/* End XCConfigurationList section */
	};
	rootObject = 178AFA6A1F76FDE600DE7AC3 /* Project object */;
}
