// !$*UTF8*$!
{
	archiveVersion = 1;
	classes = {
	};
	objectVersion = 46;
	objects = {

/* Begin PBXBuildFile section */
		170E03A5202A733400FC40B0 /* for_statement.cxx in Sources */ = {isa = PBXBuildFile; fileRef = 170E0310202A732100FC40B0 /* for_statement.cxx */; };
		170E03A6202A733400FC40B0 /* overloadable_operator.cxx in Sources */ = {isa = PBXBuildFile; fileRef = 170E0311202A732100FC40B0 /* overloadable_operator.cxx */; };
		170E03A7202A733400FC40B0 /* variable_declaration.hxx in Headers */ = {isa = PBXBuildFile; fileRef = 170E0312202A732100FC40B0 /* variable_declaration.hxx */; };
		170E03A8202A733400FC40B0 /* namespace_declaration.hxx in Headers */ = {isa = PBXBuildFile; fileRef = 170E0313202A732100FC40B0 /* namespace_declaration.hxx */; };
		170E03A9202A733400FC40B0 /* expression_list.cxx in Sources */ = {isa = PBXBuildFile; fileRef = 170E0314202A732100FC40B0 /* expression_list.cxx */; };
		170E03AA202A733400FC40B0 /* method_declaration.cxx in Sources */ = {isa = PBXBuildFile; fileRef = 170E0315202A732100FC40B0 /* method_declaration.cxx */; };
		170E03AB202A733400FC40B0 /* base_initializer_list.hxx in Headers */ = {isa = PBXBuildFile; fileRef = 170E0316202A732100FC40B0 /* base_initializer_list.hxx */; };
		170E03AC202A733400FC40B0 /* template_argument_list.cxx in Sources */ = {isa = PBXBuildFile; fileRef = 170E0317202A732100FC40B0 /* template_argument_list.cxx */; };
		170E03AD202A733400FC40B0 /* case_statement.hxx in Headers */ = {isa = PBXBuildFile; fileRef = 170E0318202A732100FC40B0 /* case_statement.hxx */; };
		170E03AE202A733400FC40B0 /* method_body.hxx in Headers */ = {isa = PBXBuildFile; fileRef = 170E0319202A732100FC40B0 /* method_body.hxx */; };
		170E03AF202A733400FC40B0 /* primary_expression.hxx in Headers */ = {isa = PBXBuildFile; fileRef = 170E031A202A732100FC40B0 /* primary_expression.hxx */; };
		170E03B0202A733400FC40B0 /* words.hxx in Headers */ = {isa = PBXBuildFile; fileRef = 170E031B202A732200FC40B0 /* words.hxx */; };
		170E03B1202A733400FC40B0 /* nested_name_specifier.cxx in Sources */ = {isa = PBXBuildFile; fileRef = 170E031C202A732200FC40B0 /* nested_name_specifier.cxx */; };
		170E03B2202A733400FC40B0 /* name.cxx in Sources */ = {isa = PBXBuildFile; fileRef = 170E031D202A732200FC40B0 /* name.cxx */; };
		170E03B3202A733400FC40B0 /* template_parameter.cxx in Sources */ = {isa = PBXBuildFile; fileRef = 170E031E202A732200FC40B0 /* template_parameter.cxx */; };
		170E03B4202A733400FC40B0 /* jump_statement.hxx in Headers */ = {isa = PBXBuildFile; fileRef = 170E031F202A732200FC40B0 /* jump_statement.hxx */; };
		170E03B5202A733400FC40B0 /* simple_type_specifier.hxx in Headers */ = {isa = PBXBuildFile; fileRef = 170E0320202A732200FC40B0 /* simple_type_specifier.hxx */; };
		170E03B6202A733400FC40B0 /* expression_ele.cxx in Sources */ = {isa = PBXBuildFile; fileRef = 170E0321202A732200FC40B0 /* expression_ele.cxx */; };
		170E03B7202A733400FC40B0 /* declaration.hxx in Headers */ = {isa = PBXBuildFile; fileRef = 170E0322202A732200FC40B0 /* declaration.hxx */; };
		170E03B8202A733400FC40B0 /* method_parameters_declaration.cxx in Sources */ = {isa = PBXBuildFile; fileRef = 170E0323202A732200FC40B0 /* method_parameters_declaration.cxx */; };
		170E03B9202A733400FC40B0 /* unary_expression.hxx in Headers */ = {isa = PBXBuildFile; fileRef = 170E0325202A732200FC40B0 /* unary_expression.hxx */; };
		170E03BA202A733400FC40B0 /* unqualified_id.cxx in Sources */ = {isa = PBXBuildFile; fileRef = 170E0326202A732200FC40B0 /* unqualified_id.cxx */; };
		170E03BB202A733400FC40B0 /* base_initializer_specifier.cxx in Sources */ = {isa = PBXBuildFile; fileRef = 170E0327202A732200FC40B0 /* base_initializer_specifier.cxx */; };
		170E03BC202A733400FC40B0 /* bool.hxx in Headers */ = {isa = PBXBuildFile; fileRef = 170E0328202A732200FC40B0 /* bool.hxx */; };
		170E03BD202A733400FC40B0 /* qualified_id.hxx in Headers */ = {isa = PBXBuildFile; fileRef = 170E0329202A732200FC40B0 /* qualified_id.hxx */; };
		170E03BE202A733400FC40B0 /* simple_template_id.cxx in Sources */ = {isa = PBXBuildFile; fileRef = 170E032A202A732200FC40B0 /* simple_template_id.cxx */; };
		170E03BF202A733400FC40B0 /* linkage.cxx in Sources */ = {isa = PBXBuildFile; fileRef = 170E032B202A732300FC40B0 /* linkage.cxx */; };
		170E03C0202A733400FC40B0 /* simple_type_specifier.cxx in Sources */ = {isa = PBXBuildFile; fileRef = 170E032C202A732300FC40B0 /* simple_type_specifier.cxx */; };
		170E03C1202A733400FC40B0 /* base_specifier.hxx in Headers */ = {isa = PBXBuildFile; fileRef = 170E032D202A732300FC40B0 /* base_specifier.hxx */; };
		170E03C2202A733400FC40B0 /* postfix_expression.hxx in Headers */ = {isa = PBXBuildFile; fileRef = 170E032E202A732300FC40B0 /* postfix_expression.hxx */; };
		170E03C3202A733400FC40B0 /* lambda_expression.cxx in Sources */ = {isa = PBXBuildFile; fileRef = 170E032F202A732300FC40B0 /* lambda_expression.cxx */; };
		170E03C4202A733400FC40B0 /* base_initializer.cxx in Sources */ = {isa = PBXBuildFile; fileRef = 170E0330202A732300FC40B0 /* base_initializer.cxx */; };
		170E03C5202A733400FC40B0 /* simple_template_id.hxx in Headers */ = {isa = PBXBuildFile; fileRef = 170E0331202A732300FC40B0 /* simple_template_id.hxx */; };
		170E03C6202A733400FC40B0 /* unqualified_id.hxx in Headers */ = {isa = PBXBuildFile; fileRef = 170E0332202A732300FC40B0 /* unqualified_id.hxx */; };
		170E03C7202A733400FC40B0 /* if_statement.hxx in Headers */ = {isa = PBXBuildFile; fileRef = 170E0333202A732400FC40B0 /* if_statement.hxx */; };
		170E03C8202A733400FC40B0 /* typedef_declaration.hxx in Headers */ = {isa = PBXBuildFile; fileRef = 170E0334202A732400FC40B0 /* typedef_declaration.hxx */; };
		170E03C9202A733400FC40B0 /* initializer_list.cxx in Sources */ = {isa = PBXBuildFile; fileRef = 170E0335202A732400FC40B0 /* initializer_list.cxx */; };
		170E03CA202A733400FC40B0 /* symbols.hxx in Headers */ = {isa = PBXBuildFile; fileRef = 170E0336202A732400FC40B0 /* symbols.hxx */; };
		170E03CB202A733400FC40B0 /* expression.cxx in Sources */ = {isa = PBXBuildFile; fileRef = 170E0337202A732400FC40B0 /* expression.cxx */; };
		170E03CC202A733400FC40B0 /* literal.cxx in Sources */ = {isa = PBXBuildFile; fileRef = 170E0338202A732400FC40B0 /* literal.cxx */; };
		170E03CD202A733400FC40B0 /* symbols.cxx in Sources */ = {isa = PBXBuildFile; fileRef = 170E0339202A732500FC40B0 /* symbols.cxx */; };
		170E03CE202A733400FC40B0 /* class_body.cxx in Sources */ = {isa = PBXBuildFile; fileRef = 170E033A202A732500FC40B0 /* class_body.cxx */; };
		170E03CF202A733400FC40B0 /* qualified_id.cxx in Sources */ = {isa = PBXBuildFile; fileRef = 170E033B202A732500FC40B0 /* qualified_id.cxx */; };
		170E03D0202A733400FC40B0 /* base_initializer.hxx in Headers */ = {isa = PBXBuildFile; fileRef = 170E033C202A732500FC40B0 /* base_initializer.hxx */; };
		170E03D1202A733400FC40B0 /* import_statement.hxx in Headers */ = {isa = PBXBuildFile; fileRef = 170E033D202A732600FC40B0 /* import_statement.hxx */; };
		170E03D2202A733400FC40B0 /* import_specifier.hxx in Headers */ = {isa = PBXBuildFile; fileRef = 170E033E202A732600FC40B0 /* import_specifier.hxx */; };
		170E03D3202A733400FC40B0 /* lambda_expression.hxx in Headers */ = {isa = PBXBuildFile; fileRef = 170E033F202A732600FC40B0 /* lambda_expression.hxx */; };
		170E03D4202A733400FC40B0 /* base_initializer_list.cxx in Sources */ = {isa = PBXBuildFile; fileRef = 170E0340202A732600FC40B0 /* base_initializer_list.cxx */; };
		170E03D5202A733400FC40B0 /* method_declaration.hxx in Headers */ = {isa = PBXBuildFile; fileRef = 170E0341202A732700FC40B0 /* method_declaration.hxx */; };
		170E03D6202A733400FC40B0 /* template_argument.hxx in Headers */ = {isa = PBXBuildFile; fileRef = 170E0342202A732700FC40B0 /* template_argument.hxx */; };
		170E03D7202A733400FC40B0 /* var_or_attr_name.cxx in Sources */ = {isa = PBXBuildFile; fileRef = 170E0343202A732700FC40B0 /* var_or_attr_name.cxx */; };
		170E03D8202A733400FC40B0 /* linkage.hxx in Headers */ = {isa = PBXBuildFile; fileRef = 170E0344202A732700FC40B0 /* linkage.hxx */; };
		170E03D9202A733400FC40B0 /* operator_function_id.cxx in Sources */ = {isa = PBXBuildFile; fileRef = 170E0345202A732800FC40B0 /* operator_function_id.cxx */; };
		170E03DA202A733400FC40B0 /* source_file.cxx in Sources */ = {isa = PBXBuildFile; fileRef = 170E0346202A732800FC40B0 /* source_file.cxx */; };
		170E03DB202A733400FC40B0 /* id_expression.hxx in Headers */ = {isa = PBXBuildFile; fileRef = 170E0347202A732800FC40B0 /* id_expression.hxx */; };
		170E03DC202A733400FC40B0 /* base_specifier.cxx in Sources */ = {isa = PBXBuildFile; fileRef = 170E0348202A732900FC40B0 /* base_specifier.cxx */; };
		170E03DD202A733400FC40B0 /* words.cxx in Sources */ = {isa = PBXBuildFile; fileRef = 170E0349202A732900FC40B0 /* words.cxx */; };
		170E03DE202A733400FC40B0 /* assignment_expression.hxx in Headers */ = {isa = PBXBuildFile; fileRef = 170E034A202A732900FC40B0 /* assignment_expression.hxx */; };
		170E03DF202A733400FC40B0 /* base_type_specifier.hxx in Headers */ = {isa = PBXBuildFile; fileRef = 170E034B202A732900FC40B0 /* base_type_specifier.hxx */; };
		170E03E0202A733400FC40B0 /* assignment_expression.cxx in Sources */ = {isa = PBXBuildFile; fileRef = 170E034C202A732900FC40B0 /* assignment_expression.cxx */; };
		170E03E1202A733400FC40B0 /* braced_init_list.cxx in Sources */ = {isa = PBXBuildFile; fileRef = 170E034D202A732A00FC40B0 /* braced_init_list.cxx */; };
		170E03E2202A733400FC40B0 /* compound_statement.hxx in Headers */ = {isa = PBXBuildFile; fileRef = 170E034E202A732A00FC40B0 /* compound_statement.hxx */; };
		170E03E3202A733400FC40B0 /* base_name.cxx in Sources */ = {isa = PBXBuildFile; fileRef = 170E034F202A732A00FC40B0 /* base_name.cxx */; };
		170E03E4202A733400FC40B0 /* initializer_list.hxx in Headers */ = {isa = PBXBuildFile; fileRef = 170E0350202A732A00FC40B0 /* initializer_list.hxx */; };
		170E03E5202A733400FC40B0 /* access.hxx in Headers */ = {isa = PBXBuildFile; fileRef = 170E0351202A732A00FC40B0 /* access.hxx */; };
		170E03E6202A733400FC40B0 /* string.cxx in Sources */ = {isa = PBXBuildFile; fileRef = 170E0352202A732A00FC40B0 /* string.cxx */; };
		170E03E7202A733400FC40B0 /* member_variable_declaration.cxx in Sources */ = {isa = PBXBuildFile; fileRef = 170E0353202A732A00FC40B0 /* member_variable_declaration.cxx */; };
		170E03E8202A733400FC40B0 /* method_parameters_declaration.hxx in Headers */ = {isa = PBXBuildFile; fileRef = 170E0354202A732B00FC40B0 /* method_parameters_declaration.hxx */; };
		170E03E9202A733400FC40B0 /* import_statement.cxx in Sources */ = {isa = PBXBuildFile; fileRef = 170E0355202A732B00FC40B0 /* import_statement.cxx */; };
		170E03EA202A733400FC40B0 /* import_specifier_list.cxx in Sources */ = {isa = PBXBuildFile; fileRef = 170E0356202A732B00FC40B0 /* import_specifier_list.cxx */; };
		170E03EB202A733400FC40B0 /* unary_operator.hxx in Headers */ = {isa = PBXBuildFile; fileRef = 170E0357202A732B00FC40B0 /* unary_operator.hxx */; };
		170E03EC202A733400FC40B0 /* operator_function_id.hxx in Headers */ = {isa = PBXBuildFile; fileRef = 170E0358202A732B00FC40B0 /* operator_function_id.hxx */; };
		170E03ED202A733400FC40B0 /* var_or_attr_name.hxx in Headers */ = {isa = PBXBuildFile; fileRef = 170E0359202A732B00FC40B0 /* var_or_attr_name.hxx */; };
		170E03EE202A733400FC40B0 /* postfix_expression.cxx in Sources */ = {isa = PBXBuildFile; fileRef = 170E035A202A732B00FC40B0 /* postfix_expression.cxx */; };
		170E03EF202A733400FC40B0 /* class_declaration.hxx in Headers */ = {isa = PBXBuildFile; fileRef = 170E035B202A732C00FC40B0 /* class_declaration.hxx */; };
		170E03F0202A733400FC40B0 /* namespace_declaration_name.hxx in Headers */ = {isa = PBXBuildFile; fileRef = 170E035C202A732C00FC40B0 /* namespace_declaration_name.hxx */; };
		170E03F1202A733400FC40B0 /* binary_op.cxx in Sources */ = {isa = PBXBuildFile; fileRef = 170E035D202A732C00FC40B0 /* binary_op.cxx */; };
		170E03F2202A733400FC40B0 /* bool.cxx in Sources */ = {isa = PBXBuildFile; fileRef = 170E035E202A732C00FC40B0 /* bool.cxx */; };
		170E03F3202A733400FC40B0 /* class_body.hxx in Headers */ = {isa = PBXBuildFile; fileRef = 170E035F202A732D00FC40B0 /* class_body.hxx */; };
		170E03F4202A733400FC40B0 /* iteration_statement.cxx in Sources */ = {isa = PBXBuildFile; fileRef = 170E0360202A732D00FC40B0 /* iteration_statement.cxx */; };
		170E03F5202A733400FC40B0 /* expression_ele.hxx in Headers */ = {isa = PBXBuildFile; fileRef = 170E0361202A732D00FC40B0 /* expression_ele.hxx */; };
		170E03F6202A733400FC40B0 /* base_specifier_list.hxx in Headers */ = {isa = PBXBuildFile; fileRef = 170E0362202A732D00FC40B0 /* base_specifier_list.hxx */; };
		170E03F7202A733400FC40B0 /* namespace_declaration_name.cxx in Sources */ = {isa = PBXBuildFile; fileRef = 170E0363202A732D00FC40B0 /* namespace_declaration_name.cxx */; };
		170E03F8202A733400FC40B0 /* overloadable_operator.hxx in Headers */ = {isa = PBXBuildFile; fileRef = 170E0364202A732D00FC40B0 /* overloadable_operator.hxx */; };
		170E03F9202A733400FC40B0 /* return_specifier.cxx in Sources */ = {isa = PBXBuildFile; fileRef = 170E0365202A732D00FC40B0 /* return_specifier.cxx */; };
		170E03FA202A733400FC40B0 /* template_id.cxx in Sources */ = {isa = PBXBuildFile; fileRef = 170E0366202A732D00FC40B0 /* template_id.cxx */; };
		170E03FB202A733400FC40B0 /* case_statement.cxx in Sources */ = {isa = PBXBuildFile; fileRef = 170E0367202A732D00FC40B0 /* case_statement.cxx */; };
		170E03FC202A733400FC40B0 /* common.hxx in Headers */ = {isa = PBXBuildFile; fileRef = 170E0368202A732D00FC40B0 /* common.hxx */; };
		170E03FD202A733400FC40B0 /* mutability.hxx in Headers */ = {isa = PBXBuildFile; fileRef = 170E0369202A732D00FC40B0 /* mutability.hxx */; };
		170E03FE202A733400FC40B0 /* method_parameter_list.hxx in Headers */ = {isa = PBXBuildFile; fileRef = 170E036A202A732D00FC40B0 /* method_parameter_list.hxx */; };
		170E03FF202A733400FC40B0 /* namespace_declaration.cxx in Sources */ = {isa = PBXBuildFile; fileRef = 170E036B202A732D00FC40B0 /* namespace_declaration.cxx */; };
		170E0400202A733400FC40B0 /* template_parameter_list.hxx in Headers */ = {isa = PBXBuildFile; fileRef = 170E036C202A732D00FC40B0 /* template_parameter_list.hxx */; };
		170E0401202A733400FC40B0 /* source_file.hxx in Headers */ = {isa = PBXBuildFile; fileRef = 170E036D202A732D00FC40B0 /* source_file.hxx */; };
		170E0402202A733400FC40B0 /* constant_expression.hxx in Headers */ = {isa = PBXBuildFile; fileRef = 170E036E202A732D00FC40B0 /* constant_expression.hxx */; };
		170E0403202A733400FC40B0 /* unary_operator.cxx in Sources */ = {isa = PBXBuildFile; fileRef = 170E036F202A732E00FC40B0 /* unary_operator.cxx */; };
		170E0404202A733400FC40B0 /* method_parameter_list.cxx in Sources */ = {isa = PBXBuildFile; fileRef = 170E0370202A732E00FC40B0 /* method_parameter_list.cxx */; };
		170E0405202A733400FC40B0 /* base_name.hxx in Headers */ = {isa = PBXBuildFile; fileRef = 170E0371202A732E00FC40B0 /* base_name.hxx */; };
		170E0406202A733400FC40B0 /* expression.hxx in Headers */ = {isa = PBXBuildFile; fileRef = 170E0372202A732E00FC40B0 /* expression.hxx */; };
		170E0407202A733400FC40B0 /* member_variable_declaration.hxx in Headers */ = {isa = PBXBuildFile; fileRef = 170E0373202A732E00FC40B0 /* member_variable_declaration.hxx */; };
		170E0408202A733400FC40B0 /* import_specifier.cxx in Sources */ = {isa = PBXBuildFile; fileRef = 170E0374202A732E00FC40B0 /* import_specifier.cxx */; };
		170E0409202A733400FC40B0 /* string.hxx in Headers */ = {isa = PBXBuildFile; fileRef = 170E0375202A732E00FC40B0 /* string.hxx */; };
		170E040A202A733400FC40B0 /* literal.hxx in Headers */ = {isa = PBXBuildFile; fileRef = 170E0376202A732E00FC40B0 /* literal.hxx */; };
		170E040B202A733400FC40B0 /* base_specifier_list.cxx in Sources */ = {isa = PBXBuildFile; fileRef = 170E0377202A732E00FC40B0 /* base_specifier_list.cxx */; };
		170E040C202A733400FC40B0 /* expression_list.hxx in Headers */ = {isa = PBXBuildFile; fileRef = 170E0378202A732E00FC40B0 /* expression_list.hxx */; };
		170E040D202A733400FC40B0 /* id_expression.cxx in Sources */ = {isa = PBXBuildFile; fileRef = 170E0379202A732E00FC40B0 /* id_expression.cxx */; };
		170E040E202A733400FC40B0 /* mutability.cxx in Sources */ = {isa = PBXBuildFile; fileRef = 170E037A202A732E00FC40B0 /* mutability.cxx */; };
		170E040F202A733400FC40B0 /* method_parameter.cxx in Sources */ = {isa = PBXBuildFile; fileRef = 170E037B202A732E00FC40B0 /* method_parameter.cxx */; };
		170E0410202A733400FC40B0 /* import_specifier_list.hxx in Headers */ = {isa = PBXBuildFile; fileRef = 170E037D202A733200FC40B0 /* import_specifier_list.hxx */; };
		170E0411202A733400FC40B0 /* declaration.cxx in Sources */ = {isa = PBXBuildFile; fileRef = 170E037E202A733200FC40B0 /* declaration.cxx */; };
		170E0412202A733400FC40B0 /* primary_expression.cxx in Sources */ = {isa = PBXBuildFile; fileRef = 170E037F202A733200FC40B0 /* primary_expression.cxx */; };
		170E0413202A733400FC40B0 /* method_parameter.hxx in Headers */ = {isa = PBXBuildFile; fileRef = 170E0380202A733200FC40B0 /* method_parameter.hxx */; };
		170E0414202A733400FC40B0 /* binary_op.hxx in Headers */ = {isa = PBXBuildFile; fileRef = 170E0381202A733200FC40B0 /* binary_op.hxx */; };
		170E0415202A733400FC40B0 /* name.hxx in Headers */ = {isa = PBXBuildFile; fileRef = 170E0382202A733200FC40B0 /* name.hxx */; };
		170E0416202A733400FC40B0 /* access.cxx in Sources */ = {isa = PBXBuildFile; fileRef = 170E0383202A733200FC40B0 /* access.cxx */; };
		170E0417202A733400FC40B0 /* base_type_specifier.cxx in Sources */ = {isa = PBXBuildFile; fileRef = 170E0384202A733200FC40B0 /* base_type_specifier.cxx */; };
		170E0418202A733400FC40B0 /* typedef_declaration.cxx in Sources */ = {isa = PBXBuildFile; fileRef = 170E0385202A733200FC40B0 /* typedef_declaration.cxx */; };
		170E0419202A733400FC40B0 /* condition.cxx in Sources */ = {isa = PBXBuildFile; fileRef = 170E0386202A733200FC40B0 /* condition.cxx */; };
		170E041A202A733400FC40B0 /* template_parameter.hxx in Headers */ = {isa = PBXBuildFile; fileRef = 170E0387202A733200FC40B0 /* template_parameter.hxx */; };
		170E041B202A733400FC40B0 /* method_body_item.hxx in Headers */ = {isa = PBXBuildFile; fileRef = 170E0388202A733200FC40B0 /* method_body_item.hxx */; };
		170E041C202A733400FC40B0 /* if_statement.cxx in Sources */ = {isa = PBXBuildFile; fileRef = 170E0389202A733300FC40B0 /* if_statement.cxx */; };
		170E041D202A733400FC40B0 /* condition.hxx in Headers */ = {isa = PBXBuildFile; fileRef = 170E038A202A733300FC40B0 /* condition.hxx */; };
		170E041E202A733400FC40B0 /* initializer_clause.hxx in Headers */ = {isa = PBXBuildFile; fileRef = 170E038B202A733300FC40B0 /* initializer_clause.hxx */; };
		170E041F202A733400FC40B0 /* variable_declaration.cxx in Sources */ = {isa = PBXBuildFile; fileRef = 170E038C202A733300FC40B0 /* variable_declaration.cxx */; };
		170E0420202A733400FC40B0 /* method_body_item.cxx in Sources */ = {isa = PBXBuildFile; fileRef = 170E038D202A733300FC40B0 /* method_body_item.cxx */; };
		170E0421202A733400FC40B0 /* iteration_statement.hxx in Headers */ = {isa = PBXBuildFile; fileRef = 170E038E202A733300FC40B0 /* iteration_statement.hxx */; };
		170E0422202A733400FC40B0 /* compound_statement.cxx in Sources */ = {isa = PBXBuildFile; fileRef = 170E038F202A733300FC40B0 /* compound_statement.cxx */; };
		170E0423202A733400FC40B0 /* conditional_expression.hxx in Headers */ = {isa = PBXBuildFile; fileRef = 170E0390202A733300FC40B0 /* conditional_expression.hxx */; };
		170E0424202A733400FC40B0 /* base_clause.hxx in Headers */ = {isa = PBXBuildFile; fileRef = 170E0391202A733300FC40B0 /* base_clause.hxx */; };
		170E0425202A733400FC40B0 /* statement.hxx in Headers */ = {isa = PBXBuildFile; fileRef = 170E0392202A733300FC40B0 /* statement.hxx */; };
		170E0426202A733400FC40B0 /* base_initializer_specifier.hxx in Headers */ = {isa = PBXBuildFile; fileRef = 170E0393202A733300FC40B0 /* base_initializer_specifier.hxx */; };
		170E0427202A733400FC40B0 /* for_statement.hxx in Headers */ = {isa = PBXBuildFile; fileRef = 170E0394202A733300FC40B0 /* for_statement.hxx */; };
		170E0428202A733400FC40B0 /* method_body.cxx in Sources */ = {isa = PBXBuildFile; fileRef = 170E0395202A733300FC40B0 /* method_body.cxx */; };
		170E0429202A733400FC40B0 /* nested_name_specifier.hxx in Headers */ = {isa = PBXBuildFile; fileRef = 170E0396202A733300FC40B0 /* nested_name_specifier.hxx */; };
		170E042A202A733400FC40B0 /* initializer_clause.cxx in Sources */ = {isa = PBXBuildFile; fileRef = 170E0397202A733300FC40B0 /* initializer_clause.cxx */; };
		170E042B202A733400FC40B0 /* class_declaration.cxx in Sources */ = {isa = PBXBuildFile; fileRef = 170E0398202A733300FC40B0 /* class_declaration.cxx */; };
		170E042C202A733400FC40B0 /* return_specifier.hxx in Headers */ = {isa = PBXBuildFile; fileRef = 170E0399202A733300FC40B0 /* return_specifier.hxx */; };
		170E042D202A733400FC40B0 /* template_id.hxx in Headers */ = {isa = PBXBuildFile; fileRef = 170E039A202A733300FC40B0 /* template_id.hxx */; };
		170E042E202A733400FC40B0 /* unary_expression.cxx in Sources */ = {isa = PBXBuildFile; fileRef = 170E039B202A733300FC40B0 /* unary_expression.cxx */; };
		170E042F202A733400FC40B0 /* template_parameter_list.cxx in Sources */ = {isa = PBXBuildFile; fileRef = 170E039C202A733400FC40B0 /* template_parameter_list.cxx */; };
		170E0430202A733400FC40B0 /* braced_init_list.hxx in Headers */ = {isa = PBXBuildFile; fileRef = 170E039D202A733400FC40B0 /* braced_init_list.hxx */; };
		170E0431202A733400FC40B0 /* conditional_expression.cxx in Sources */ = {isa = PBXBuildFile; fileRef = 170E039E202A733400FC40B0 /* conditional_expression.cxx */; };
		170E0432202A733400FC40B0 /* base_clause.cxx in Sources */ = {isa = PBXBuildFile; fileRef = 170E039F202A733400FC40B0 /* base_clause.cxx */; };
		170E0433202A733400FC40B0 /* jump_statement.cxx in Sources */ = {isa = PBXBuildFile; fileRef = 170E03A0202A733400FC40B0 /* jump_statement.cxx */; };
		170E0434202A733400FC40B0 /* statement.cxx in Sources */ = {isa = PBXBuildFile; fileRef = 170E03A1202A733400FC40B0 /* statement.cxx */; };
		170E0435202A733400FC40B0 /* template_argument.cxx in Sources */ = {isa = PBXBuildFile; fileRef = 170E03A2202A733400FC40B0 /* template_argument.cxx */; };
		170E0436202A733400FC40B0 /* template_argument_list.hxx in Headers */ = {isa = PBXBuildFile; fileRef = 170E03A3202A733400FC40B0 /* template_argument_list.hxx */; };
		170E0437202A733400FC40B0 /* constant_expression.cxx in Sources */ = {isa = PBXBuildFile; fileRef = 170E03A4202A733400FC40B0 /* constant_expression.cxx */; };
		170E0441202A735800FC40B0 /* astnode.cxx in Sources */ = {isa = PBXBuildFile; fileRef = 170E0439202A735700FC40B0 /* astnode.cxx */; };
		170E0442202A735800FC40B0 /* parser.cxx in Sources */ = {isa = PBXBuildFile; fileRef = 170E043A202A735700FC40B0 /* parser.cxx */; };
		170E0443202A735800FC40B0 /* astnode.hxx in Headers */ = {isa = PBXBuildFile; fileRef = 170E043B202A735800FC40B0 /* astnode.hxx */; };
		170E0444202A735800FC40B0 /* parser.hxx in Headers */ = {isa = PBXBuildFile; fileRef = 170E043C202A735800FC40B0 /* parser.hxx */; };
		170E0445202A735800FC40B0 /* token.hxx in Headers */ = {isa = PBXBuildFile; fileRef = 170E043D202A735800FC40B0 /* token.hxx */; };
		170E0446202A735800FC40B0 /* lexer.cxx in Sources */ = {isa = PBXBuildFile; fileRef = 170E043E202A735800FC40B0 /* lexer.cxx */; };
		170E0447202A735800FC40B0 /* token.cxx in Sources */ = {isa = PBXBuildFile; fileRef = 170E043F202A735800FC40B0 /* token.cxx */; };
		170E0448202A735800FC40B0 /* lexer.hxx in Headers */ = {isa = PBXBuildFile; fileRef = 170E0440202A735800FC40B0 /* lexer.hxx */; };
		178A1C5E205AE792000CBC9B /* array_specifier.hxx in Headers */ = {isa = PBXBuildFile; fileRef = 178A1C5B205AE791000CBC9B /* array_specifier.hxx */; };
		178A1C5F205AE792000CBC9B /* array_specifier.cxx in Sources */ = {isa = PBXBuildFile; fileRef = 178A1C5D205AE791000CBC9B /* array_specifier.cxx */; };
		17C811BD2057409500E82897 /* common.cxx in Sources */ = {isa = PBXBuildFile; fileRef = 17C811BB2057409500E82897 /* common.cxx */; };
		17DA95E82061BCD400842460 /* interface_declaration.cxx in Sources */ = {isa = PBXBuildFile; fileRef = 17DA95E52061BCD300842460 /* interface_declaration.cxx */; };
		17DA95E92061BCD400842460 /* interface_declaration.hxx in Headers */ = {isa = PBXBuildFile; fileRef = 17DA95E72061BCD400842460 /* interface_declaration.hxx */; };
/* End PBXBuildFile section */

/* Begin PBXContainerItemProxy section */
		17B0B377202A4EED00117CF0 /* PBXContainerItemProxy */ = {
			isa = PBXContainerItemProxy;
			containerPortal = 17B0B373202A4EEC00117CF0 /* test.xcodeproj */;
			proxyType = 2;
			remoteGlobalIDString = 17B0B369202A4EEC00117CF0;
			remoteInfo = test;
		};
/* End PBXContainerItemProxy section */

/* Begin PBXFileReference section */
		170E0310202A732100FC40B0 /* for_statement.cxx */ = {isa = PBXFileReference; fileEncoding = 4; lastKnownFileType = sourcecode.cpp.cpp; name = for_statement.cxx; path = ../../../laolxast/ast/for_statement.cxx; sourceTree = "<group>"; };
		170E0311202A732100FC40B0 /* overloadable_operator.cxx */ = {isa = PBXFileReference; fileEncoding = 4; lastKnownFileType = sourcecode.cpp.cpp; name = overloadable_operator.cxx; path = ../../../laolxast/ast/overloadable_operator.cxx; sourceTree = "<group>"; };
		170E0312202A732100FC40B0 /* variable_declaration.hxx */ = {isa = PBXFileReference; fileEncoding = 4; lastKnownFileType = sourcecode.cpp.h; name = variable_declaration.hxx; path = ../../../laolxast/ast/variable_declaration.hxx; sourceTree = "<group>"; };
		170E0313202A732100FC40B0 /* namespace_declaration.hxx */ = {isa = PBXFileReference; fileEncoding = 4; lastKnownFileType = sourcecode.cpp.h; name = namespace_declaration.hxx; path = ../../../laolxast/ast/namespace_declaration.hxx; sourceTree = "<group>"; };
		170E0314202A732100FC40B0 /* expression_list.cxx */ = {isa = PBXFileReference; fileEncoding = 4; lastKnownFileType = sourcecode.cpp.cpp; name = expression_list.cxx; path = ../../../laolxast/ast/expression_list.cxx; sourceTree = "<group>"; };
		170E0315202A732100FC40B0 /* method_declaration.cxx */ = {isa = PBXFileReference; fileEncoding = 4; lastKnownFileType = sourcecode.cpp.cpp; name = method_declaration.cxx; path = ../../../laolxast/ast/method_declaration.cxx; sourceTree = "<group>"; };
		170E0316202A732100FC40B0 /* base_initializer_list.hxx */ = {isa = PBXFileReference; fileEncoding = 4; lastKnownFileType = sourcecode.cpp.h; name = base_initializer_list.hxx; path = ../../../laolxast/ast/base_initializer_list.hxx; sourceTree = "<group>"; };
		170E0317202A732100FC40B0 /* template_argument_list.cxx */ = {isa = PBXFileReference; fileEncoding = 4; lastKnownFileType = sourcecode.cpp.cpp; name = template_argument_list.cxx; path = ../../../laolxast/ast/template_argument_list.cxx; sourceTree = "<group>"; };
		170E0318202A732100FC40B0 /* case_statement.hxx */ = {isa = PBXFileReference; fileEncoding = 4; lastKnownFileType = sourcecode.cpp.h; name = case_statement.hxx; path = ../../../laolxast/ast/case_statement.hxx; sourceTree = "<group>"; };
		170E0319202A732100FC40B0 /* method_body.hxx */ = {isa = PBXFileReference; fileEncoding = 4; lastKnownFileType = sourcecode.cpp.h; name = method_body.hxx; path = ../../../laolxast/ast/method_body.hxx; sourceTree = "<group>"; };
		170E031A202A732100FC40B0 /* primary_expression.hxx */ = {isa = PBXFileReference; fileEncoding = 4; lastKnownFileType = sourcecode.cpp.h; name = primary_expression.hxx; path = ../../../laolxast/ast/primary_expression.hxx; sourceTree = "<group>"; };
		170E031B202A732200FC40B0 /* words.hxx */ = {isa = PBXFileReference; fileEncoding = 4; lastKnownFileType = sourcecode.cpp.h; name = words.hxx; path = ../../../laolxast/ast/words.hxx; sourceTree = "<group>"; };
		170E031C202A732200FC40B0 /* nested_name_specifier.cxx */ = {isa = PBXFileReference; fileEncoding = 4; lastKnownFileType = sourcecode.cpp.cpp; name = nested_name_specifier.cxx; path = ../../../laolxast/ast/nested_name_specifier.cxx; sourceTree = "<group>"; };
		170E031D202A732200FC40B0 /* name.cxx */ = {isa = PBXFileReference; fileEncoding = 4; lastKnownFileType = sourcecode.cpp.cpp; name = name.cxx; path = ../../../laolxast/ast/name.cxx; sourceTree = "<group>"; };
		170E031E202A732200FC40B0 /* template_parameter.cxx */ = {isa = PBXFileReference; fileEncoding = 4; lastKnownFileType = sourcecode.cpp.cpp; name = template_parameter.cxx; path = ../../../laolxast/ast/template_parameter.cxx; sourceTree = "<group>"; };
		170E031F202A732200FC40B0 /* jump_statement.hxx */ = {isa = PBXFileReference; fileEncoding = 4; lastKnownFileType = sourcecode.cpp.h; name = jump_statement.hxx; path = ../../../laolxast/ast/jump_statement.hxx; sourceTree = "<group>"; };
		170E0320202A732200FC40B0 /* simple_type_specifier.hxx */ = {isa = PBXFileReference; fileEncoding = 4; lastKnownFileType = sourcecode.cpp.h; name = simple_type_specifier.hxx; path = ../../../laolxast/ast/simple_type_specifier.hxx; sourceTree = "<group>"; };
		170E0321202A732200FC40B0 /* expression_ele.cxx */ = {isa = PBXFileReference; fileEncoding = 4; lastKnownFileType = sourcecode.cpp.cpp; name = expression_ele.cxx; path = ../../../laolxast/ast/expression_ele.cxx; sourceTree = "<group>"; };
		170E0322202A732200FC40B0 /* declaration.hxx */ = {isa = PBXFileReference; fileEncoding = 4; lastKnownFileType = sourcecode.cpp.h; name = declaration.hxx; path = ../../../laolxast/ast/declaration.hxx; sourceTree = "<group>"; };
		170E0323202A732200FC40B0 /* method_parameters_declaration.cxx */ = {isa = PBXFileReference; fileEncoding = 4; lastKnownFileType = sourcecode.cpp.cpp; name = method_parameters_declaration.cxx; path = ../../../laolxast/ast/method_parameters_declaration.cxx; sourceTree = "<group>"; };
		170E0325202A732200FC40B0 /* unary_expression.hxx */ = {isa = PBXFileReference; fileEncoding = 4; lastKnownFileType = sourcecode.cpp.h; name = unary_expression.hxx; path = ../../../laolxast/ast/unary_expression.hxx; sourceTree = "<group>"; };
		170E0326202A732200FC40B0 /* unqualified_id.cxx */ = {isa = PBXFileReference; fileEncoding = 4; lastKnownFileType = sourcecode.cpp.cpp; name = unqualified_id.cxx; path = ../../../laolxast/ast/unqualified_id.cxx; sourceTree = "<group>"; };
		170E0327202A732200FC40B0 /* base_initializer_specifier.cxx */ = {isa = PBXFileReference; fileEncoding = 4; lastKnownFileType = sourcecode.cpp.cpp; name = base_initializer_specifier.cxx; path = ../../../laolxast/ast/base_initializer_specifier.cxx; sourceTree = "<group>"; };
		170E0328202A732200FC40B0 /* bool.hxx */ = {isa = PBXFileReference; fileEncoding = 4; lastKnownFileType = sourcecode.cpp.h; name = bool.hxx; path = ../../../laolxast/ast/bool.hxx; sourceTree = "<group>"; };
		170E0329202A732200FC40B0 /* qualified_id.hxx */ = {isa = PBXFileReference; fileEncoding = 4; lastKnownFileType = sourcecode.cpp.h; name = qualified_id.hxx; path = ../../../laolxast/ast/qualified_id.hxx; sourceTree = "<group>"; };
		170E032A202A732200FC40B0 /* simple_template_id.cxx */ = {isa = PBXFileReference; fileEncoding = 4; lastKnownFileType = sourcecode.cpp.cpp; name = simple_template_id.cxx; path = ../../../laolxast/ast/simple_template_id.cxx; sourceTree = "<group>"; };
		170E032B202A732300FC40B0 /* linkage.cxx */ = {isa = PBXFileReference; fileEncoding = 4; lastKnownFileType = sourcecode.cpp.cpp; name = linkage.cxx; path = ../../../laolxast/ast/linkage.cxx; sourceTree = "<group>"; };
		170E032C202A732300FC40B0 /* simple_type_specifier.cxx */ = {isa = PBXFileReference; fileEncoding = 4; lastKnownFileType = sourcecode.cpp.cpp; name = simple_type_specifier.cxx; path = ../../../laolxast/ast/simple_type_specifier.cxx; sourceTree = "<group>"; };
		170E032D202A732300FC40B0 /* base_specifier.hxx */ = {isa = PBXFileReference; fileEncoding = 4; lastKnownFileType = sourcecode.cpp.h; name = base_specifier.hxx; path = ../../../laolxast/ast/base_specifier.hxx; sourceTree = "<group>"; };
		170E032E202A732300FC40B0 /* postfix_expression.hxx */ = {isa = PBXFileReference; fileEncoding = 4; lastKnownFileType = sourcecode.cpp.h; name = postfix_expression.hxx; path = ../../../laolxast/ast/postfix_expression.hxx; sourceTree = "<group>"; };
		170E032F202A732300FC40B0 /* lambda_expression.cxx */ = {isa = PBXFileReference; fileEncoding = 4; lastKnownFileType = sourcecode.cpp.cpp; name = lambda_expression.cxx; path = ../../../laolxast/ast/lambda_expression.cxx; sourceTree = "<group>"; };
		170E0330202A732300FC40B0 /* base_initializer.cxx */ = {isa = PBXFileReference; fileEncoding = 4; lastKnownFileType = sourcecode.cpp.cpp; name = base_initializer.cxx; path = ../../../laolxast/ast/base_initializer.cxx; sourceTree = "<group>"; };
		170E0331202A732300FC40B0 /* simple_template_id.hxx */ = {isa = PBXFileReference; fileEncoding = 4; lastKnownFileType = sourcecode.cpp.h; name = simple_template_id.hxx; path = ../../../laolxast/ast/simple_template_id.hxx; sourceTree = "<group>"; };
		170E0332202A732300FC40B0 /* unqualified_id.hxx */ = {isa = PBXFileReference; fileEncoding = 4; lastKnownFileType = sourcecode.cpp.h; name = unqualified_id.hxx; path = ../../../laolxast/ast/unqualified_id.hxx; sourceTree = "<group>"; };
		170E0333202A732400FC40B0 /* if_statement.hxx */ = {isa = PBXFileReference; fileEncoding = 4; lastKnownFileType = sourcecode.cpp.h; name = if_statement.hxx; path = ../../../laolxast/ast/if_statement.hxx; sourceTree = "<group>"; };
		170E0334202A732400FC40B0 /* typedef_declaration.hxx */ = {isa = PBXFileReference; fileEncoding = 4; lastKnownFileType = sourcecode.cpp.h; name = typedef_declaration.hxx; path = ../../../laolxast/ast/typedef_declaration.hxx; sourceTree = "<group>"; };
		170E0335202A732400FC40B0 /* initializer_list.cxx */ = {isa = PBXFileReference; fileEncoding = 4; lastKnownFileType = sourcecode.cpp.cpp; name = initializer_list.cxx; path = ../../../laolxast/ast/initializer_list.cxx; sourceTree = "<group>"; };
		170E0336202A732400FC40B0 /* symbols.hxx */ = {isa = PBXFileReference; fileEncoding = 4; lastKnownFileType = sourcecode.cpp.h; name = symbols.hxx; path = ../../../laolxast/ast/symbols.hxx; sourceTree = "<group>"; };
		170E0337202A732400FC40B0 /* expression.cxx */ = {isa = PBXFileReference; fileEncoding = 4; lastKnownFileType = sourcecode.cpp.cpp; name = expression.cxx; path = ../../../laolxast/ast/expression.cxx; sourceTree = "<group>"; };
		170E0338202A732400FC40B0 /* literal.cxx */ = {isa = PBXFileReference; fileEncoding = 4; lastKnownFileType = sourcecode.cpp.cpp; name = literal.cxx; path = ../../../laolxast/ast/literal.cxx; sourceTree = "<group>"; };
		170E0339202A732500FC40B0 /* symbols.cxx */ = {isa = PBXFileReference; fileEncoding = 4; lastKnownFileType = sourcecode.cpp.cpp; name = symbols.cxx; path = ../../../laolxast/ast/symbols.cxx; sourceTree = "<group>"; };
		170E033A202A732500FC40B0 /* class_body.cxx */ = {isa = PBXFileReference; fileEncoding = 4; lastKnownFileType = sourcecode.cpp.cpp; name = class_body.cxx; path = ../../../laolxast/ast/class_body.cxx; sourceTree = "<group>"; };
		170E033B202A732500FC40B0 /* qualified_id.cxx */ = {isa = PBXFileReference; fileEncoding = 4; lastKnownFileType = sourcecode.cpp.cpp; name = qualified_id.cxx; path = ../../../laolxast/ast/qualified_id.cxx; sourceTree = "<group>"; };
		170E033C202A732500FC40B0 /* base_initializer.hxx */ = {isa = PBXFileReference; fileEncoding = 4; lastKnownFileType = sourcecode.cpp.h; name = base_initializer.hxx; path = ../../../laolxast/ast/base_initializer.hxx; sourceTree = "<group>"; };
		170E033D202A732600FC40B0 /* import_statement.hxx */ = {isa = PBXFileReference; fileEncoding = 4; lastKnownFileType = sourcecode.cpp.h; name = import_statement.hxx; path = ../../../laolxast/ast/import_statement.hxx; sourceTree = "<group>"; };
		170E033E202A732600FC40B0 /* import_specifier.hxx */ = {isa = PBXFileReference; fileEncoding = 4; lastKnownFileType = sourcecode.cpp.h; name = import_specifier.hxx; path = ../../../laolxast/ast/import_specifier.hxx; sourceTree = "<group>"; };
		170E033F202A732600FC40B0 /* lambda_expression.hxx */ = {isa = PBXFileReference; fileEncoding = 4; lastKnownFileType = sourcecode.cpp.h; name = lambda_expression.hxx; path = ../../../laolxast/ast/lambda_expression.hxx; sourceTree = "<group>"; };
		170E0340202A732600FC40B0 /* base_initializer_list.cxx */ = {isa = PBXFileReference; fileEncoding = 4; lastKnownFileType = sourcecode.cpp.cpp; name = base_initializer_list.cxx; path = ../../../laolxast/ast/base_initializer_list.cxx; sourceTree = "<group>"; };
		170E0341202A732700FC40B0 /* method_declaration.hxx */ = {isa = PBXFileReference; fileEncoding = 4; lastKnownFileType = sourcecode.cpp.h; name = method_declaration.hxx; path = ../../../laolxast/ast/method_declaration.hxx; sourceTree = "<group>"; };
		170E0342202A732700FC40B0 /* template_argument.hxx */ = {isa = PBXFileReference; fileEncoding = 4; lastKnownFileType = sourcecode.cpp.h; name = template_argument.hxx; path = ../../../laolxast/ast/template_argument.hxx; sourceTree = "<group>"; };
		170E0343202A732700FC40B0 /* var_or_attr_name.cxx */ = {isa = PBXFileReference; fileEncoding = 4; lastKnownFileType = sourcecode.cpp.cpp; name = var_or_attr_name.cxx; path = ../../../laolxast/ast/var_or_attr_name.cxx; sourceTree = "<group>"; };
		170E0344202A732700FC40B0 /* linkage.hxx */ = {isa = PBXFileReference; fileEncoding = 4; lastKnownFileType = sourcecode.cpp.h; name = linkage.hxx; path = ../../../laolxast/ast/linkage.hxx; sourceTree = "<group>"; };
		170E0345202A732800FC40B0 /* operator_function_id.cxx */ = {isa = PBXFileReference; fileEncoding = 4; lastKnownFileType = sourcecode.cpp.cpp; name = operator_function_id.cxx; path = ../../../laolxast/ast/operator_function_id.cxx; sourceTree = "<group>"; };
		170E0346202A732800FC40B0 /* source_file.cxx */ = {isa = PBXFileReference; fileEncoding = 4; lastKnownFileType = sourcecode.cpp.cpp; name = source_file.cxx; path = ../../../laolxast/ast/source_file.cxx; sourceTree = "<group>"; };
		170E0347202A732800FC40B0 /* id_expression.hxx */ = {isa = PBXFileReference; fileEncoding = 4; lastKnownFileType = sourcecode.cpp.h; name = id_expression.hxx; path = ../../../laolxast/ast/id_expression.hxx; sourceTree = "<group>"; };
		170E0348202A732900FC40B0 /* base_specifier.cxx */ = {isa = PBXFileReference; fileEncoding = 4; lastKnownFileType = sourcecode.cpp.cpp; name = base_specifier.cxx; path = ../../../laolxast/ast/base_specifier.cxx; sourceTree = "<group>"; };
		170E0349202A732900FC40B0 /* words.cxx */ = {isa = PBXFileReference; fileEncoding = 4; lastKnownFileType = sourcecode.cpp.cpp; name = words.cxx; path = ../../../laolxast/ast/words.cxx; sourceTree = "<group>"; };
		170E034A202A732900FC40B0 /* assignment_expression.hxx */ = {isa = PBXFileReference; fileEncoding = 4; lastKnownFileType = sourcecode.cpp.h; name = assignment_expression.hxx; path = ../../../laolxast/ast/assignment_expression.hxx; sourceTree = "<group>"; };
		170E034B202A732900FC40B0 /* base_type_specifier.hxx */ = {isa = PBXFileReference; fileEncoding = 4; lastKnownFileType = sourcecode.cpp.h; name = base_type_specifier.hxx; path = ../../../laolxast/ast/base_type_specifier.hxx; sourceTree = "<group>"; };
		170E034C202A732900FC40B0 /* assignment_expression.cxx */ = {isa = PBXFileReference; fileEncoding = 4; lastKnownFileType = sourcecode.cpp.cpp; name = assignment_expression.cxx; path = ../../../laolxast/ast/assignment_expression.cxx; sourceTree = "<group>"; };
		170E034D202A732A00FC40B0 /* braced_init_list.cxx */ = {isa = PBXFileReference; fileEncoding = 4; lastKnownFileType = sourcecode.cpp.cpp; name = braced_init_list.cxx; path = ../../../laolxast/ast/braced_init_list.cxx; sourceTree = "<group>"; };
		170E034E202A732A00FC40B0 /* compound_statement.hxx */ = {isa = PBXFileReference; fileEncoding = 4; lastKnownFileType = sourcecode.cpp.h; name = compound_statement.hxx; path = ../../../laolxast/ast/compound_statement.hxx; sourceTree = "<group>"; };
		170E034F202A732A00FC40B0 /* base_name.cxx */ = {isa = PBXFileReference; fileEncoding = 4; lastKnownFileType = sourcecode.cpp.cpp; name = base_name.cxx; path = ../../../laolxast/ast/base_name.cxx; sourceTree = "<group>"; };
		170E0350202A732A00FC40B0 /* initializer_list.hxx */ = {isa = PBXFileReference; fileEncoding = 4; lastKnownFileType = sourcecode.cpp.h; name = initializer_list.hxx; path = ../../../laolxast/ast/initializer_list.hxx; sourceTree = "<group>"; };
		170E0351202A732A00FC40B0 /* access.hxx */ = {isa = PBXFileReference; fileEncoding = 4; lastKnownFileType = sourcecode.cpp.h; name = access.hxx; path = ../../../laolxast/ast/access.hxx; sourceTree = "<group>"; };
		170E0352202A732A00FC40B0 /* string.cxx */ = {isa = PBXFileReference; fileEncoding = 4; lastKnownFileType = sourcecode.cpp.cpp; name = string.cxx; path = ../../../laolxast/ast/string.cxx; sourceTree = "<group>"; };
		170E0353202A732A00FC40B0 /* member_variable_declaration.cxx */ = {isa = PBXFileReference; fileEncoding = 4; lastKnownFileType = sourcecode.cpp.cpp; name = member_variable_declaration.cxx; path = ../../../laolxast/ast/member_variable_declaration.cxx; sourceTree = "<group>"; };
		170E0354202A732B00FC40B0 /* method_parameters_declaration.hxx */ = {isa = PBXFileReference; fileEncoding = 4; lastKnownFileType = sourcecode.cpp.h; name = method_parameters_declaration.hxx; path = ../../../laolxast/ast/method_parameters_declaration.hxx; sourceTree = "<group>"; };
		170E0355202A732B00FC40B0 /* import_statement.cxx */ = {isa = PBXFileReference; fileEncoding = 4; lastKnownFileType = sourcecode.cpp.cpp; name = import_statement.cxx; path = ../../../laolxast/ast/import_statement.cxx; sourceTree = "<group>"; };
		170E0356202A732B00FC40B0 /* import_specifier_list.cxx */ = {isa = PBXFileReference; fileEncoding = 4; lastKnownFileType = sourcecode.cpp.cpp; name = import_specifier_list.cxx; path = ../../../laolxast/ast/import_specifier_list.cxx; sourceTree = "<group>"; };
		170E0357202A732B00FC40B0 /* unary_operator.hxx */ = {isa = PBXFileReference; fileEncoding = 4; lastKnownFileType = sourcecode.cpp.h; name = unary_operator.hxx; path = ../../../laolxast/ast/unary_operator.hxx; sourceTree = "<group>"; };
		170E0358202A732B00FC40B0 /* operator_function_id.hxx */ = {isa = PBXFileReference; fileEncoding = 4; lastKnownFileType = sourcecode.cpp.h; name = operator_function_id.hxx; path = ../../../laolxast/ast/operator_function_id.hxx; sourceTree = "<group>"; };
		170E0359202A732B00FC40B0 /* var_or_attr_name.hxx */ = {isa = PBXFileReference; fileEncoding = 4; lastKnownFileType = sourcecode.cpp.h; name = var_or_attr_name.hxx; path = ../../../laolxast/ast/var_or_attr_name.hxx; sourceTree = "<group>"; };
		170E035A202A732B00FC40B0 /* postfix_expression.cxx */ = {isa = PBXFileReference; fileEncoding = 4; lastKnownFileType = sourcecode.cpp.cpp; name = postfix_expression.cxx; path = ../../../laolxast/ast/postfix_expression.cxx; sourceTree = "<group>"; };
		170E035B202A732C00FC40B0 /* class_declaration.hxx */ = {isa = PBXFileReference; fileEncoding = 4; lastKnownFileType = sourcecode.cpp.h; name = class_declaration.hxx; path = ../../../laolxast/ast/class_declaration.hxx; sourceTree = "<group>"; };
		170E035C202A732C00FC40B0 /* namespace_declaration_name.hxx */ = {isa = PBXFileReference; fileEncoding = 4; lastKnownFileType = sourcecode.cpp.h; name = namespace_declaration_name.hxx; path = ../../../laolxast/ast/namespace_declaration_name.hxx; sourceTree = "<group>"; };
		170E035D202A732C00FC40B0 /* binary_op.cxx */ = {isa = PBXFileReference; fileEncoding = 4; lastKnownFileType = sourcecode.cpp.cpp; name = binary_op.cxx; path = ../../../laolxast/ast/binary_op.cxx; sourceTree = "<group>"; };
		170E035E202A732C00FC40B0 /* bool.cxx */ = {isa = PBXFileReference; fileEncoding = 4; lastKnownFileType = sourcecode.cpp.cpp; name = bool.cxx; path = ../../../laolxast/ast/bool.cxx; sourceTree = "<group>"; };
		170E035F202A732D00FC40B0 /* class_body.hxx */ = {isa = PBXFileReference; fileEncoding = 4; lastKnownFileType = sourcecode.cpp.h; name = class_body.hxx; path = ../../../laolxast/ast/class_body.hxx; sourceTree = "<group>"; };
		170E0360202A732D00FC40B0 /* iteration_statement.cxx */ = {isa = PBXFileReference; fileEncoding = 4; lastKnownFileType = sourcecode.cpp.cpp; name = iteration_statement.cxx; path = ../../../laolxast/ast/iteration_statement.cxx; sourceTree = "<group>"; };
		170E0361202A732D00FC40B0 /* expression_ele.hxx */ = {isa = PBXFileReference; fileEncoding = 4; lastKnownFileType = sourcecode.cpp.h; name = expression_ele.hxx; path = ../../../laolxast/ast/expression_ele.hxx; sourceTree = "<group>"; };
		170E0362202A732D00FC40B0 /* base_specifier_list.hxx */ = {isa = PBXFileReference; fileEncoding = 4; lastKnownFileType = sourcecode.cpp.h; name = base_specifier_list.hxx; path = ../../../laolxast/ast/base_specifier_list.hxx; sourceTree = "<group>"; };
		170E0363202A732D00FC40B0 /* namespace_declaration_name.cxx */ = {isa = PBXFileReference; fileEncoding = 4; lastKnownFileType = sourcecode.cpp.cpp; name = namespace_declaration_name.cxx; path = ../../../laolxast/ast/namespace_declaration_name.cxx; sourceTree = "<group>"; };
		170E0364202A732D00FC40B0 /* overloadable_operator.hxx */ = {isa = PBXFileReference; fileEncoding = 4; lastKnownFileType = sourcecode.cpp.h; name = overloadable_operator.hxx; path = ../../../laolxast/ast/overloadable_operator.hxx; sourceTree = "<group>"; };
		170E0365202A732D00FC40B0 /* return_specifier.cxx */ = {isa = PBXFileReference; fileEncoding = 4; lastKnownFileType = sourcecode.cpp.cpp; name = return_specifier.cxx; path = ../../../laolxast/ast/return_specifier.cxx; sourceTree = "<group>"; };
		170E0366202A732D00FC40B0 /* template_id.cxx */ = {isa = PBXFileReference; fileEncoding = 4; lastKnownFileType = sourcecode.cpp.cpp; name = template_id.cxx; path = ../../../laolxast/ast/template_id.cxx; sourceTree = "<group>"; };
		170E0367202A732D00FC40B0 /* case_statement.cxx */ = {isa = PBXFileReference; fileEncoding = 4; lastKnownFileType = sourcecode.cpp.cpp; name = case_statement.cxx; path = ../../../laolxast/ast/case_statement.cxx; sourceTree = "<group>"; };
		170E0368202A732D00FC40B0 /* common.hxx */ = {isa = PBXFileReference; fileEncoding = 4; lastKnownFileType = sourcecode.cpp.h; name = common.hxx; path = ../../../laolxast/ast/common.hxx; sourceTree = "<group>"; };
		170E0369202A732D00FC40B0 /* mutability.hxx */ = {isa = PBXFileReference; fileEncoding = 4; lastKnownFileType = sourcecode.cpp.h; name = mutability.hxx; path = ../../../laolxast/ast/mutability.hxx; sourceTree = "<group>"; };
		170E036A202A732D00FC40B0 /* method_parameter_list.hxx */ = {isa = PBXFileReference; fileEncoding = 4; lastKnownFileType = sourcecode.cpp.h; name = method_parameter_list.hxx; path = ../../../laolxast/ast/method_parameter_list.hxx; sourceTree = "<group>"; };
		170E036B202A732D00FC40B0 /* namespace_declaration.cxx */ = {isa = PBXFileReference; fileEncoding = 4; lastKnownFileType = sourcecode.cpp.cpp; name = namespace_declaration.cxx; path = ../../../laolxast/ast/namespace_declaration.cxx; sourceTree = "<group>"; };
		170E036C202A732D00FC40B0 /* template_parameter_list.hxx */ = {isa = PBXFileReference; fileEncoding = 4; lastKnownFileType = sourcecode.cpp.h; name = template_parameter_list.hxx; path = ../../../laolxast/ast/template_parameter_list.hxx; sourceTree = "<group>"; };
		170E036D202A732D00FC40B0 /* source_file.hxx */ = {isa = PBXFileReference; fileEncoding = 4; lastKnownFileType = sourcecode.cpp.h; name = source_file.hxx; path = ../../../laolxast/ast/source_file.hxx; sourceTree = "<group>"; };
		170E036E202A732D00FC40B0 /* constant_expression.hxx */ = {isa = PBXFileReference; fileEncoding = 4; lastKnownFileType = sourcecode.cpp.h; name = constant_expression.hxx; path = ../../../laolxast/ast/constant_expression.hxx; sourceTree = "<group>"; };
		170E036F202A732E00FC40B0 /* unary_operator.cxx */ = {isa = PBXFileReference; fileEncoding = 4; lastKnownFileType = sourcecode.cpp.cpp; name = unary_operator.cxx; path = ../../../laolxast/ast/unary_operator.cxx; sourceTree = "<group>"; };
		170E0370202A732E00FC40B0 /* method_parameter_list.cxx */ = {isa = PBXFileReference; fileEncoding = 4; lastKnownFileType = sourcecode.cpp.cpp; name = method_parameter_list.cxx; path = ../../../laolxast/ast/method_parameter_list.cxx; sourceTree = "<group>"; };
		170E0371202A732E00FC40B0 /* base_name.hxx */ = {isa = PBXFileReference; fileEncoding = 4; lastKnownFileType = sourcecode.cpp.h; name = base_name.hxx; path = ../../../laolxast/ast/base_name.hxx; sourceTree = "<group>"; };
		170E0372202A732E00FC40B0 /* expression.hxx */ = {isa = PBXFileReference; fileEncoding = 4; lastKnownFileType = sourcecode.cpp.h; name = expression.hxx; path = ../../../laolxast/ast/expression.hxx; sourceTree = "<group>"; };
		170E0373202A732E00FC40B0 /* member_variable_declaration.hxx */ = {isa = PBXFileReference; fileEncoding = 4; lastKnownFileType = sourcecode.cpp.h; name = member_variable_declaration.hxx; path = ../../../laolxast/ast/member_variable_declaration.hxx; sourceTree = "<group>"; };
		170E0374202A732E00FC40B0 /* import_specifier.cxx */ = {isa = PBXFileReference; fileEncoding = 4; lastKnownFileType = sourcecode.cpp.cpp; name = import_specifier.cxx; path = ../../../laolxast/ast/import_specifier.cxx; sourceTree = "<group>"; };
		170E0375202A732E00FC40B0 /* string.hxx */ = {isa = PBXFileReference; fileEncoding = 4; lastKnownFileType = sourcecode.cpp.h; name = string.hxx; path = ../../../laolxast/ast/string.hxx; sourceTree = "<group>"; };
		170E0376202A732E00FC40B0 /* literal.hxx */ = {isa = PBXFileReference; fileEncoding = 4; lastKnownFileType = sourcecode.cpp.h; name = literal.hxx; path = ../../../laolxast/ast/literal.hxx; sourceTree = "<group>"; };
		170E0377202A732E00FC40B0 /* base_specifier_list.cxx */ = {isa = PBXFileReference; fileEncoding = 4; lastKnownFileType = sourcecode.cpp.cpp; name = base_specifier_list.cxx; path = ../../../laolxast/ast/base_specifier_list.cxx; sourceTree = "<group>"; };
		170E0378202A732E00FC40B0 /* expression_list.hxx */ = {isa = PBXFileReference; fileEncoding = 4; lastKnownFileType = sourcecode.cpp.h; name = expression_list.hxx; path = ../../../laolxast/ast/expression_list.hxx; sourceTree = "<group>"; };
		170E0379202A732E00FC40B0 /* id_expression.cxx */ = {isa = PBXFileReference; fileEncoding = 4; lastKnownFileType = sourcecode.cpp.cpp; name = id_expression.cxx; path = ../../../laolxast/ast/id_expression.cxx; sourceTree = "<group>"; };
		170E037A202A732E00FC40B0 /* mutability.cxx */ = {isa = PBXFileReference; fileEncoding = 4; lastKnownFileType = sourcecode.cpp.cpp; name = mutability.cxx; path = ../../../laolxast/ast/mutability.cxx; sourceTree = "<group>"; };
		170E037B202A732E00FC40B0 /* method_parameter.cxx */ = {isa = PBXFileReference; fileEncoding = 4; lastKnownFileType = sourcecode.cpp.cpp; name = method_parameter.cxx; path = ../../../laolxast/ast/method_parameter.cxx; sourceTree = "<group>"; };
		170E037D202A733200FC40B0 /* import_specifier_list.hxx */ = {isa = PBXFileReference; fileEncoding = 4; lastKnownFileType = sourcecode.cpp.h; name = import_specifier_list.hxx; path = ../../../laolxast/ast/import_specifier_list.hxx; sourceTree = "<group>"; };
		170E037E202A733200FC40B0 /* declaration.cxx */ = {isa = PBXFileReference; fileEncoding = 4; lastKnownFileType = sourcecode.cpp.cpp; name = declaration.cxx; path = ../../../laolxast/ast/declaration.cxx; sourceTree = "<group>"; };
		170E037F202A733200FC40B0 /* primary_expression.cxx */ = {isa = PBXFileReference; fileEncoding = 4; lastKnownFileType = sourcecode.cpp.cpp; name = primary_expression.cxx; path = ../../../laolxast/ast/primary_expression.cxx; sourceTree = "<group>"; };
		170E0380202A733200FC40B0 /* method_parameter.hxx */ = {isa = PBXFileReference; fileEncoding = 4; lastKnownFileType = sourcecode.cpp.h; name = method_parameter.hxx; path = ../../../laolxast/ast/method_parameter.hxx; sourceTree = "<group>"; };
		170E0381202A733200FC40B0 /* binary_op.hxx */ = {isa = PBXFileReference; fileEncoding = 4; lastKnownFileType = sourcecode.cpp.h; name = binary_op.hxx; path = ../../../laolxast/ast/binary_op.hxx; sourceTree = "<group>"; };
		170E0382202A733200FC40B0 /* name.hxx */ = {isa = PBXFileReference; fileEncoding = 4; lastKnownFileType = sourcecode.cpp.h; name = name.hxx; path = ../../../laolxast/ast/name.hxx; sourceTree = "<group>"; };
		170E0383202A733200FC40B0 /* access.cxx */ = {isa = PBXFileReference; fileEncoding = 4; lastKnownFileType = sourcecode.cpp.cpp; name = access.cxx; path = ../../../laolxast/ast/access.cxx; sourceTree = "<group>"; };
		170E0384202A733200FC40B0 /* base_type_specifier.cxx */ = {isa = PBXFileReference; fileEncoding = 4; lastKnownFileType = sourcecode.cpp.cpp; name = base_type_specifier.cxx; path = ../../../laolxast/ast/base_type_specifier.cxx; sourceTree = "<group>"; };
		170E0385202A733200FC40B0 /* typedef_declaration.cxx */ = {isa = PBXFileReference; fileEncoding = 4; lastKnownFileType = sourcecode.cpp.cpp; name = typedef_declaration.cxx; path = ../../../laolxast/ast/typedef_declaration.cxx; sourceTree = "<group>"; };
		170E0386202A733200FC40B0 /* condition.cxx */ = {isa = PBXFileReference; fileEncoding = 4; lastKnownFileType = sourcecode.cpp.cpp; name = condition.cxx; path = ../../../laolxast/ast/condition.cxx; sourceTree = "<group>"; };
		170E0387202A733200FC40B0 /* template_parameter.hxx */ = {isa = PBXFileReference; fileEncoding = 4; lastKnownFileType = sourcecode.cpp.h; name = template_parameter.hxx; path = ../../../laolxast/ast/template_parameter.hxx; sourceTree = "<group>"; };
		170E0388202A733200FC40B0 /* method_body_item.hxx */ = {isa = PBXFileReference; fileEncoding = 4; lastKnownFileType = sourcecode.cpp.h; name = method_body_item.hxx; path = ../../../laolxast/ast/method_body_item.hxx; sourceTree = "<group>"; };
		170E0389202A733300FC40B0 /* if_statement.cxx */ = {isa = PBXFileReference; fileEncoding = 4; lastKnownFileType = sourcecode.cpp.cpp; name = if_statement.cxx; path = ../../../laolxast/ast/if_statement.cxx; sourceTree = "<group>"; };
		170E038A202A733300FC40B0 /* condition.hxx */ = {isa = PBXFileReference; fileEncoding = 4; lastKnownFileType = sourcecode.cpp.h; name = condition.hxx; path = ../../../laolxast/ast/condition.hxx; sourceTree = "<group>"; };
		170E038B202A733300FC40B0 /* initializer_clause.hxx */ = {isa = PBXFileReference; fileEncoding = 4; lastKnownFileType = sourcecode.cpp.h; name = initializer_clause.hxx; path = ../../../laolxast/ast/initializer_clause.hxx; sourceTree = "<group>"; };
		170E038C202A733300FC40B0 /* variable_declaration.cxx */ = {isa = PBXFileReference; fileEncoding = 4; lastKnownFileType = sourcecode.cpp.cpp; name = variable_declaration.cxx; path = ../../../laolxast/ast/variable_declaration.cxx; sourceTree = "<group>"; };
		170E038D202A733300FC40B0 /* method_body_item.cxx */ = {isa = PBXFileReference; fileEncoding = 4; lastKnownFileType = sourcecode.cpp.cpp; name = method_body_item.cxx; path = ../../../laolxast/ast/method_body_item.cxx; sourceTree = "<group>"; };
		170E038E202A733300FC40B0 /* iteration_statement.hxx */ = {isa = PBXFileReference; fileEncoding = 4; lastKnownFileType = sourcecode.cpp.h; name = iteration_statement.hxx; path = ../../../laolxast/ast/iteration_statement.hxx; sourceTree = "<group>"; };
		170E038F202A733300FC40B0 /* compound_statement.cxx */ = {isa = PBXFileReference; fileEncoding = 4; lastKnownFileType = sourcecode.cpp.cpp; name = compound_statement.cxx; path = ../../../laolxast/ast/compound_statement.cxx; sourceTree = "<group>"; };
		170E0390202A733300FC40B0 /* conditional_expression.hxx */ = {isa = PBXFileReference; fileEncoding = 4; lastKnownFileType = sourcecode.cpp.h; name = conditional_expression.hxx; path = ../../../laolxast/ast/conditional_expression.hxx; sourceTree = "<group>"; };
		170E0391202A733300FC40B0 /* base_clause.hxx */ = {isa = PBXFileReference; fileEncoding = 4; lastKnownFileType = sourcecode.cpp.h; name = base_clause.hxx; path = ../../../laolxast/ast/base_clause.hxx; sourceTree = "<group>"; };
		170E0392202A733300FC40B0 /* statement.hxx */ = {isa = PBXFileReference; fileEncoding = 4; lastKnownFileType = sourcecode.cpp.h; name = statement.hxx; path = ../../../laolxast/ast/statement.hxx; sourceTree = "<group>"; };
		170E0393202A733300FC40B0 /* base_initializer_specifier.hxx */ = {isa = PBXFileReference; fileEncoding = 4; lastKnownFileType = sourcecode.cpp.h; name = base_initializer_specifier.hxx; path = ../../../laolxast/ast/base_initializer_specifier.hxx; sourceTree = "<group>"; };
		170E0394202A733300FC40B0 /* for_statement.hxx */ = {isa = PBXFileReference; fileEncoding = 4; lastKnownFileType = sourcecode.cpp.h; name = for_statement.hxx; path = ../../../laolxast/ast/for_statement.hxx; sourceTree = "<group>"; };
		170E0395202A733300FC40B0 /* method_body.cxx */ = {isa = PBXFileReference; fileEncoding = 4; lastKnownFileType = sourcecode.cpp.cpp; name = method_body.cxx; path = ../../../laolxast/ast/method_body.cxx; sourceTree = "<group>"; };
		170E0396202A733300FC40B0 /* nested_name_specifier.hxx */ = {isa = PBXFileReference; fileEncoding = 4; lastKnownFileType = sourcecode.cpp.h; name = nested_name_specifier.hxx; path = ../../../laolxast/ast/nested_name_specifier.hxx; sourceTree = "<group>"; };
		170E0397202A733300FC40B0 /* initializer_clause.cxx */ = {isa = PBXFileReference; fileEncoding = 4; lastKnownFileType = sourcecode.cpp.cpp; name = initializer_clause.cxx; path = ../../../laolxast/ast/initializer_clause.cxx; sourceTree = "<group>"; };
		170E0398202A733300FC40B0 /* class_declaration.cxx */ = {isa = PBXFileReference; fileEncoding = 4; lastKnownFileType = sourcecode.cpp.cpp; name = class_declaration.cxx; path = ../../../laolxast/ast/class_declaration.cxx; sourceTree = "<group>"; };
		170E0399202A733300FC40B0 /* return_specifier.hxx */ = {isa = PBXFileReference; fileEncoding = 4; lastKnownFileType = sourcecode.cpp.h; name = return_specifier.hxx; path = ../../../laolxast/ast/return_specifier.hxx; sourceTree = "<group>"; };
		170E039A202A733300FC40B0 /* template_id.hxx */ = {isa = PBXFileReference; fileEncoding = 4; lastKnownFileType = sourcecode.cpp.h; name = template_id.hxx; path = ../../../laolxast/ast/template_id.hxx; sourceTree = "<group>"; };
		170E039B202A733300FC40B0 /* unary_expression.cxx */ = {isa = PBXFileReference; fileEncoding = 4; lastKnownFileType = sourcecode.cpp.cpp; name = unary_expression.cxx; path = ../../../laolxast/ast/unary_expression.cxx; sourceTree = "<group>"; };
		170E039C202A733400FC40B0 /* template_parameter_list.cxx */ = {isa = PBXFileReference; fileEncoding = 4; lastKnownFileType = sourcecode.cpp.cpp; name = template_parameter_list.cxx; path = ../../../laolxast/ast/template_parameter_list.cxx; sourceTree = "<group>"; };
		170E039D202A733400FC40B0 /* braced_init_list.hxx */ = {isa = PBXFileReference; fileEncoding = 4; lastKnownFileType = sourcecode.cpp.h; name = braced_init_list.hxx; path = ../../../laolxast/ast/braced_init_list.hxx; sourceTree = "<group>"; };
		170E039E202A733400FC40B0 /* conditional_expression.cxx */ = {isa = PBXFileReference; fileEncoding = 4; lastKnownFileType = sourcecode.cpp.cpp; name = conditional_expression.cxx; path = ../../../laolxast/ast/conditional_expression.cxx; sourceTree = "<group>"; };
		170E039F202A733400FC40B0 /* base_clause.cxx */ = {isa = PBXFileReference; fileEncoding = 4; lastKnownFileType = sourcecode.cpp.cpp; name = base_clause.cxx; path = ../../../laolxast/ast/base_clause.cxx; sourceTree = "<group>"; };
		170E03A0202A733400FC40B0 /* jump_statement.cxx */ = {isa = PBXFileReference; fileEncoding = 4; lastKnownFileType = sourcecode.cpp.cpp; name = jump_statement.cxx; path = ../../../laolxast/ast/jump_statement.cxx; sourceTree = "<group>"; };
		170E03A1202A733400FC40B0 /* statement.cxx */ = {isa = PBXFileReference; fileEncoding = 4; lastKnownFileType = sourcecode.cpp.cpp; name = statement.cxx; path = ../../../laolxast/ast/statement.cxx; sourceTree = "<group>"; };
		170E03A2202A733400FC40B0 /* template_argument.cxx */ = {isa = PBXFileReference; fileEncoding = 4; lastKnownFileType = sourcecode.cpp.cpp; name = template_argument.cxx; path = ../../../laolxast/ast/template_argument.cxx; sourceTree = "<group>"; };
		170E03A3202A733400FC40B0 /* template_argument_list.hxx */ = {isa = PBXFileReference; fileEncoding = 4; lastKnownFileType = sourcecode.cpp.h; name = template_argument_list.hxx; path = ../../../laolxast/ast/template_argument_list.hxx; sourceTree = "<group>"; };
		170E03A4202A733400FC40B0 /* constant_expression.cxx */ = {isa = PBXFileReference; fileEncoding = 4; lastKnownFileType = sourcecode.cpp.cpp; name = constant_expression.cxx; path = ../../../laolxast/ast/constant_expression.cxx; sourceTree = "<group>"; };
		170E0439202A735700FC40B0 /* astnode.cxx */ = {isa = PBXFileReference; fileEncoding = 4; lastKnownFileType = sourcecode.cpp.cpp; name = astnode.cxx; path = ../../../laolxast/parser/astnode.cxx; sourceTree = "<group>"; };
		170E043A202A735700FC40B0 /* parser.cxx */ = {isa = PBXFileReference; fileEncoding = 4; lastKnownFileType = sourcecode.cpp.cpp; name = parser.cxx; path = ../../../laolxast/parser/parser.cxx; sourceTree = "<group>"; };
		170E043B202A735800FC40B0 /* astnode.hxx */ = {isa = PBXFileReference; fileEncoding = 4; lastKnownFileType = sourcecode.cpp.h; name = astnode.hxx; path = ../../../laolxast/parser/astnode.hxx; sourceTree = "<group>"; };
		170E043C202A735800FC40B0 /* parser.hxx */ = {isa = PBXFileReference; fileEncoding = 4; lastKnownFileType = sourcecode.cpp.h; name = parser.hxx; path = ../../../laolxast/parser/parser.hxx; sourceTree = "<group>"; };
		170E043D202A735800FC40B0 /* token.hxx */ = {isa = PBXFileReference; fileEncoding = 4; lastKnownFileType = sourcecode.cpp.h; name = token.hxx; path = ../../../laolxast/parser/token.hxx; sourceTree = "<group>"; };
		170E043E202A735800FC40B0 /* lexer.cxx */ = {isa = PBXFileReference; fileEncoding = 4; lastKnownFileType = sourcecode.cpp.cpp; name = lexer.cxx; path = ../../../laolxast/parser/lexer.cxx; sourceTree = "<group>"; };
		170E043F202A735800FC40B0 /* token.cxx */ = {isa = PBXFileReference; fileEncoding = 4; lastKnownFileType = sourcecode.cpp.cpp; name = token.cxx; path = ../../../laolxast/parser/token.cxx; sourceTree = "<group>"; };
		170E0440202A735800FC40B0 /* lexer.hxx */ = {isa = PBXFileReference; fileEncoding = 4; lastKnownFileType = sourcecode.cpp.h; name = lexer.hxx; path = ../../../laolxast/parser/lexer.hxx; sourceTree = "<group>"; };
		178A1C5B205AE791000CBC9B /* array_specifier.hxx */ = {isa = PBXFileReference; fileEncoding = 4; lastKnownFileType = sourcecode.cpp.h; name = array_specifier.hxx; path = ../../../laolxast/ast/array_specifier.hxx; sourceTree = "<group>"; };
		178A1C5D205AE791000CBC9B /* array_specifier.cxx */ = {isa = PBXFileReference; fileEncoding = 4; lastKnownFileType = sourcecode.cpp.cpp; name = array_specifier.cxx; path = ../../../laolxast/ast/array_specifier.cxx; sourceTree = "<group>"; };
		17B0B373202A4EEC00117CF0 /* test.xcodeproj */ = {isa = PBXFileReference; lastKnownFileType = "wrapper.pb-project"; name = test.xcodeproj; path = test/test.xcodeproj; sourceTree = "<group>"; };
		17C811BB2057409500E82897 /* common.cxx */ = {isa = PBXFileReference; fileEncoding = 4; lastKnownFileType = sourcecode.cpp.cpp; name = common.cxx; path = ../../../laolxast/ast/common.cxx; sourceTree = "<group>"; };
		17DA95E52061BCD300842460 /* interface_declaration.cxx */ = {isa = PBXFileReference; fileEncoding = 4; lastKnownFileType = sourcecode.cpp.cpp; name = interface_declaration.cxx; path = ../../../laolxast/ast/interface_declaration.cxx; sourceTree = "<group>"; };
		17DA95E72061BCD400842460 /* interface_declaration.hxx */ = {isa = PBXFileReference; fileEncoding = 4; lastKnownFileType = sourcecode.cpp.h; name = interface_declaration.hxx; path = ../../../laolxast/ast/interface_declaration.hxx; sourceTree = "<group>"; };
		F43465171FCDF86900F7D867 /* liblaolxast.a */ = {isa = PBXFileReference; explicitFileType = archive.ar; includeInIndex = 0; path = liblaolxast.a; sourceTree = BUILT_PRODUCTS_DIR; };
/* End PBXFileReference section */

/* Begin PBXFrameworksBuildPhase section */
		F43465141FCDF86900F7D867 /* Frameworks */ = {
			isa = PBXFrameworksBuildPhase;
			buildActionMask = 2147483647;
			files = (
			);
			runOnlyForDeploymentPostprocessing = 0;
		};
/* End PBXFrameworksBuildPhase section */

/* Begin PBXGroup section */
		170E030E202A72E400FC40B0 /* ast */ = {
			isa = PBXGroup;
			children = (
				17DA95E52061BCD300842460 /* interface_declaration.cxx */,
				17DA95E72061BCD400842460 /* interface_declaration.hxx */,
				178A1C5D205AE791000CBC9B /* array_specifier.cxx */,
				178A1C5B205AE791000CBC9B /* array_specifier.hxx */,
				17C811BB2057409500E82897 /* common.cxx */,
				170E0383202A733200FC40B0 /* access.cxx */,
				170E0351202A732A00FC40B0 /* access.hxx */,
				170E034C202A732900FC40B0 /* assignment_expression.cxx */,
				170E034A202A732900FC40B0 /* assignment_expression.hxx */,
				170E039F202A733400FC40B0 /* base_clause.cxx */,
				170E0391202A733300FC40B0 /* base_clause.hxx */,
				170E0340202A732600FC40B0 /* base_initializer_list.cxx */,
				170E0316202A732100FC40B0 /* base_initializer_list.hxx */,
				170E0327202A732200FC40B0 /* base_initializer_specifier.cxx */,
				170E0393202A733300FC40B0 /* base_initializer_specifier.hxx */,
				170E0330202A732300FC40B0 /* base_initializer.cxx */,
				170E033C202A732500FC40B0 /* base_initializer.hxx */,
				170E034F202A732A00FC40B0 /* base_name.cxx */,
				170E0371202A732E00FC40B0 /* base_name.hxx */,
				170E0377202A732E00FC40B0 /* base_specifier_list.cxx */,
				170E0362202A732D00FC40B0 /* base_specifier_list.hxx */,
				170E0348202A732900FC40B0 /* base_specifier.cxx */,
				170E032D202A732300FC40B0 /* base_specifier.hxx */,
				170E0384202A733200FC40B0 /* base_type_specifier.cxx */,
				170E034B202A732900FC40B0 /* base_type_specifier.hxx */,
				170E035D202A732C00FC40B0 /* binary_op.cxx */,
				170E0381202A733200FC40B0 /* binary_op.hxx */,
				170E035E202A732C00FC40B0 /* bool.cxx */,
				170E0328202A732200FC40B0 /* bool.hxx */,
				170E034D202A732A00FC40B0 /* braced_init_list.cxx */,
				170E039D202A733400FC40B0 /* braced_init_list.hxx */,
				170E0367202A732D00FC40B0 /* case_statement.cxx */,
				170E0318202A732100FC40B0 /* case_statement.hxx */,
				170E033A202A732500FC40B0 /* class_body.cxx */,
				170E035F202A732D00FC40B0 /* class_body.hxx */,
				170E0398202A733300FC40B0 /* class_declaration.cxx */,
				170E035B202A732C00FC40B0 /* class_declaration.hxx */,
				170E0368202A732D00FC40B0 /* common.hxx */,
				170E038F202A733300FC40B0 /* compound_statement.cxx */,
				170E034E202A732A00FC40B0 /* compound_statement.hxx */,
				170E0386202A733200FC40B0 /* condition.cxx */,
				170E038A202A733300FC40B0 /* condition.hxx */,
				170E039E202A733400FC40B0 /* conditional_expression.cxx */,
				170E0390202A733300FC40B0 /* conditional_expression.hxx */,
				170E03A4202A733400FC40B0 /* constant_expression.cxx */,
				170E036E202A732D00FC40B0 /* constant_expression.hxx */,
				170E037E202A733200FC40B0 /* declaration.cxx */,
				170E0322202A732200FC40B0 /* declaration.hxx */,
				170E0321202A732200FC40B0 /* expression_ele.cxx */,
				170E0361202A732D00FC40B0 /* expression_ele.hxx */,
				170E0314202A732100FC40B0 /* expression_list.cxx */,
				170E0378202A732E00FC40B0 /* expression_list.hxx */,
				170E0337202A732400FC40B0 /* expression.cxx */,
				170E0372202A732E00FC40B0 /* expression.hxx */,
				170E0310202A732100FC40B0 /* for_statement.cxx */,
				170E0394202A733300FC40B0 /* for_statement.hxx */,
				170E0379202A732E00FC40B0 /* id_expression.cxx */,
				170E0347202A732800FC40B0 /* id_expression.hxx */,
				170E0389202A733300FC40B0 /* if_statement.cxx */,
				170E0333202A732400FC40B0 /* if_statement.hxx */,
				170E0356202A732B00FC40B0 /* import_specifier_list.cxx */,
				170E037D202A733200FC40B0 /* import_specifier_list.hxx */,
				170E0374202A732E00FC40B0 /* import_specifier.cxx */,
				170E033E202A732600FC40B0 /* import_specifier.hxx */,
				170E0355202A732B00FC40B0 /* import_statement.cxx */,
				170E033D202A732600FC40B0 /* import_statement.hxx */,
				170E0397202A733300FC40B0 /* initializer_clause.cxx */,
				170E038B202A733300FC40B0 /* initializer_clause.hxx */,
				170E0335202A732400FC40B0 /* initializer_list.cxx */,
				170E0350202A732A00FC40B0 /* initializer_list.hxx */,
				170E0360202A732D00FC40B0 /* iteration_statement.cxx */,
				170E038E202A733300FC40B0 /* iteration_statement.hxx */,
				170E03A0202A733400FC40B0 /* jump_statement.cxx */,
				170E031F202A732200FC40B0 /* jump_statement.hxx */,
				170E032F202A732300FC40B0 /* lambda_expression.cxx */,
				170E033F202A732600FC40B0 /* lambda_expression.hxx */,
				170E032B202A732300FC40B0 /* linkage.cxx */,
				170E0344202A732700FC40B0 /* linkage.hxx */,
				170E0338202A732400FC40B0 /* literal.cxx */,
				170E0376202A732E00FC40B0 /* literal.hxx */,
				170E0353202A732A00FC40B0 /* member_variable_declaration.cxx */,
				170E0373202A732E00FC40B0 /* member_variable_declaration.hxx */,
				170E038D202A733300FC40B0 /* method_body_item.cxx */,
				170E0388202A733200FC40B0 /* method_body_item.hxx */,
				170E0395202A733300FC40B0 /* method_body.cxx */,
				170E0319202A732100FC40B0 /* method_body.hxx */,
				170E0315202A732100FC40B0 /* method_declaration.cxx */,
				170E0341202A732700FC40B0 /* method_declaration.hxx */,
				170E0370202A732E00FC40B0 /* method_parameter_list.cxx */,
				170E036A202A732D00FC40B0 /* method_parameter_list.hxx */,
				170E037B202A732E00FC40B0 /* method_parameter.cxx */,
				170E0380202A733200FC40B0 /* method_parameter.hxx */,
				170E0323202A732200FC40B0 /* method_parameters_declaration.cxx */,
				170E0354202A732B00FC40B0 /* method_parameters_declaration.hxx */,
				170E037A202A732E00FC40B0 /* mutability.cxx */,
				170E0369202A732D00FC40B0 /* mutability.hxx */,
				170E031D202A732200FC40B0 /* name.cxx */,
				170E0382202A733200FC40B0 /* name.hxx */,
				170E0363202A732D00FC40B0 /* namespace_declaration_name.cxx */,
				170E035C202A732C00FC40B0 /* namespace_declaration_name.hxx */,
				170E036B202A732D00FC40B0 /* namespace_declaration.cxx */,
				170E0313202A732100FC40B0 /* namespace_declaration.hxx */,
				170E031C202A732200FC40B0 /* nested_name_specifier.cxx */,
				170E0396202A733300FC40B0 /* nested_name_specifier.hxx */,
				170E0345202A732800FC40B0 /* operator_function_id.cxx */,
				170E0358202A732B00FC40B0 /* operator_function_id.hxx */,
				170E0311202A732100FC40B0 /* overloadable_operator.cxx */,
				170E0364202A732D00FC40B0 /* overloadable_operator.hxx */,
				170E035A202A732B00FC40B0 /* postfix_expression.cxx */,
				170E032E202A732300FC40B0 /* postfix_expression.hxx */,
				170E037F202A733200FC40B0 /* primary_expression.cxx */,
				170E031A202A732100FC40B0 /* primary_expression.hxx */,
				170E033B202A732500FC40B0 /* qualified_id.cxx */,
				170E0329202A732200FC40B0 /* qualified_id.hxx */,
				170E0365202A732D00FC40B0 /* return_specifier.cxx */,
				170E0399202A733300FC40B0 /* return_specifier.hxx */,
				170E032A202A732200FC40B0 /* simple_template_id.cxx */,
				170E0331202A732300FC40B0 /* simple_template_id.hxx */,
				170E032C202A732300FC40B0 /* simple_type_specifier.cxx */,
				170E0320202A732200FC40B0 /* simple_type_specifier.hxx */,
				170E0346202A732800FC40B0 /* source_file.cxx */,
				170E036D202A732D00FC40B0 /* source_file.hxx */,
				170E03A1202A733400FC40B0 /* statement.cxx */,
				170E0392202A733300FC40B0 /* statement.hxx */,
				170E0352202A732A00FC40B0 /* string.cxx */,
				170E0375202A732E00FC40B0 /* string.hxx */,
				170E0339202A732500FC40B0 /* symbols.cxx */,
				170E0336202A732400FC40B0 /* symbols.hxx */,
				170E0317202A732100FC40B0 /* template_argument_list.cxx */,
				170E03A3202A733400FC40B0 /* template_argument_list.hxx */,
				170E03A2202A733400FC40B0 /* template_argument.cxx */,
				170E0342202A732700FC40B0 /* template_argument.hxx */,
				170E0366202A732D00FC40B0 /* template_id.cxx */,
				170E039A202A733300FC40B0 /* template_id.hxx */,
				170E039C202A733400FC40B0 /* template_parameter_list.cxx */,
				170E036C202A732D00FC40B0 /* template_parameter_list.hxx */,
				170E031E202A732200FC40B0 /* template_parameter.cxx */,
				170E0387202A733200FC40B0 /* template_parameter.hxx */,
				170E0385202A733200FC40B0 /* typedef_declaration.cxx */,
				170E0334202A732400FC40B0 /* typedef_declaration.hxx */,
				170E039B202A733300FC40B0 /* unary_expression.cxx */,
				170E0325202A732200FC40B0 /* unary_expression.hxx */,
				170E036F202A732E00FC40B0 /* unary_operator.cxx */,
				170E0357202A732B00FC40B0 /* unary_operator.hxx */,
				170E0326202A732200FC40B0 /* unqualified_id.cxx */,
				170E0332202A732300FC40B0 /* unqualified_id.hxx */,
				170E0343202A732700FC40B0 /* var_or_attr_name.cxx */,
				170E0359202A732B00FC40B0 /* var_or_attr_name.hxx */,
				170E038C202A733300FC40B0 /* variable_declaration.cxx */,
				170E0312202A732100FC40B0 /* variable_declaration.hxx */,
				170E0349202A732900FC40B0 /* words.cxx */,
				170E031B202A732200FC40B0 /* words.hxx */,
			);
			path = ast;
			sourceTree = "<group>";
		};
		170E037C202A733200FC40B0 /* parser */ = {
			isa = PBXGroup;
			children = (
				170E0439202A735700FC40B0 /* astnode.cxx */,
				170E043B202A735800FC40B0 /* astnode.hxx */,
				170E043E202A735800FC40B0 /* lexer.cxx */,
				170E0440202A735800FC40B0 /* lexer.hxx */,
				170E043A202A735700FC40B0 /* parser.cxx */,
				170E043C202A735800FC40B0 /* parser.hxx */,
				170E043F202A735800FC40B0 /* token.cxx */,
				170E043D202A735800FC40B0 /* token.hxx */,
			);
			path = parser;
			sourceTree = "<group>";
		};
		17B0B374202A4EEC00117CF0 /* Products */ = {
			isa = PBXGroup;
			children = (
				17B0B378202A4EED00117CF0 /* test */,
			);
			name = Products;
			sourceTree = "<group>";
		};
		F434650E1FCDF86900F7D867 = {
			isa = PBXGroup;
			children = (
				170E037C202A733200FC40B0 /* parser */,
				170E030E202A72E400FC40B0 /* ast */,
				17B0B373202A4EEC00117CF0 /* test.xcodeproj */,
				F43465181FCDF86900F7D867 /* Products */,
			);
			sourceTree = "<group>";
		};
		F43465181FCDF86900F7D867 /* Products */ = {
			isa = PBXGroup;
			children = (
				F43465171FCDF86900F7D867 /* liblaolxast.a */,
			);
			name = Products;
			sourceTree = "<group>";
		};
/* End PBXGroup section */

/* Begin PBXHeadersBuildPhase section */
		F43465151FCDF86900F7D867 /* Headers */ = {
			isa = PBXHeadersBuildPhase;
			buildActionMask = 2147483647;
			files = (
				170E041E202A733400FC40B0 /* initializer_clause.hxx in Headers */,
				170E0415202A733400FC40B0 /* name.hxx in Headers */,
				170E0405202A733400FC40B0 /* base_name.hxx in Headers */,
				170E042C202A733400FC40B0 /* return_specifier.hxx in Headers */,
				170E03B9202A733400FC40B0 /* unary_expression.hxx in Headers */,
				170E03FE202A733400FC40B0 /* method_parameter_list.hxx in Headers */,
				170E03FD202A733400FC40B0 /* mutability.hxx in Headers */,
				170E0406202A733400FC40B0 /* expression.hxx in Headers */,
				170E040C202A733400FC40B0 /* expression_list.hxx in Headers */,
				170E03BD202A733400FC40B0 /* qualified_id.hxx in Headers */,
				170E03F6202A733400FC40B0 /* base_specifier_list.hxx in Headers */,
				170E03C6202A733400FC40B0 /* unqualified_id.hxx in Headers */,
				170E03C7202A733400FC40B0 /* if_statement.hxx in Headers */,
				170E042D202A733400FC40B0 /* template_id.hxx in Headers */,
				170E03DE202A733400FC40B0 /* assignment_expression.hxx in Headers */,
				170E0413202A733400FC40B0 /* method_parameter.hxx in Headers */,
				170E03C1202A733400FC40B0 /* base_specifier.hxx in Headers */,
				170E03D8202A733400FC40B0 /* linkage.hxx in Headers */,
				170E03D0202A733400FC40B0 /* base_initializer.hxx in Headers */,
				170E03EF202A733400FC40B0 /* class_declaration.hxx in Headers */,
				170E03B4202A733400FC40B0 /* jump_statement.hxx in Headers */,
				170E0444202A735800FC40B0 /* parser.hxx in Headers */,
				170E0430202A733400FC40B0 /* braced_init_list.hxx in Headers */,
				170E03AD202A733400FC40B0 /* case_statement.hxx in Headers */,
				170E03A7202A733400FC40B0 /* variable_declaration.hxx in Headers */,
				170E03FC202A733400FC40B0 /* common.hxx in Headers */,
				170E0414202A733400FC40B0 /* binary_op.hxx in Headers */,
				170E03B7202A733400FC40B0 /* declaration.hxx in Headers */,
				170E0443202A735800FC40B0 /* astnode.hxx in Headers */,
				170E03DB202A733400FC40B0 /* id_expression.hxx in Headers */,
				170E041A202A733400FC40B0 /* template_parameter.hxx in Headers */,
				170E03AE202A733400FC40B0 /* method_body.hxx in Headers */,
				170E03F3202A733400FC40B0 /* class_body.hxx in Headers */,
				170E03D3202A733400FC40B0 /* lambda_expression.hxx in Headers */,
				170E0401202A733400FC40B0 /* source_file.hxx in Headers */,
				170E0448202A735800FC40B0 /* lexer.hxx in Headers */,
				170E03BC202A733400FC40B0 /* bool.hxx in Headers */,
				170E0400202A733400FC40B0 /* template_parameter_list.hxx in Headers */,
				170E0423202A733400FC40B0 /* conditional_expression.hxx in Headers */,
				170E0421202A733400FC40B0 /* iteration_statement.hxx in Headers */,
				170E0436202A733400FC40B0 /* template_argument_list.hxx in Headers */,
				170E03C2202A733400FC40B0 /* postfix_expression.hxx in Headers */,
				170E0426202A733400FC40B0 /* base_initializer_specifier.hxx in Headers */,
				170E041D202A733400FC40B0 /* condition.hxx in Headers */,
				170E0407202A733400FC40B0 /* member_variable_declaration.hxx in Headers */,
				170E040A202A733400FC40B0 /* literal.hxx in Headers */,
				170E0409202A733400FC40B0 /* string.hxx in Headers */,
				178A1C5E205AE792000CBC9B /* array_specifier.hxx in Headers */,
				170E03A8202A733400FC40B0 /* namespace_declaration.hxx in Headers */,
				170E03E8202A733400FC40B0 /* method_parameters_declaration.hxx in Headers */,
				170E03DF202A733400FC40B0 /* base_type_specifier.hxx in Headers */,
				170E03E2202A733400FC40B0 /* compound_statement.hxx in Headers */,
				170E03C8202A733400FC40B0 /* typedef_declaration.hxx in Headers */,
				170E03D5202A733400FC40B0 /* method_declaration.hxx in Headers */,
				170E03F5202A733400FC40B0 /* expression_ele.hxx in Headers */,
				170E0429202A733400FC40B0 /* nested_name_specifier.hxx in Headers */,
				170E03EC202A733400FC40B0 /* operator_function_id.hxx in Headers */,
				170E03D6202A733400FC40B0 /* template_argument.hxx in Headers */,
				170E03F8202A733400FC40B0 /* overloadable_operator.hxx in Headers */,
				170E03B0202A733400FC40B0 /* words.hxx in Headers */,
				170E0424202A733400FC40B0 /* base_clause.hxx in Headers */,
				170E03F0202A733400FC40B0 /* namespace_declaration_name.hxx in Headers */,
				170E03EB202A733400FC40B0 /* unary_operator.hxx in Headers */,
				170E03AB202A733400FC40B0 /* base_initializer_list.hxx in Headers */,
				170E03E4202A733400FC40B0 /* initializer_list.hxx in Headers */,
				170E0410202A733400FC40B0 /* import_specifier_list.hxx in Headers */,
				170E03ED202A733400FC40B0 /* var_or_attr_name.hxx in Headers */,
				170E041B202A733400FC40B0 /* method_body_item.hxx in Headers */,
				170E0445202A735800FC40B0 /* token.hxx in Headers */,
				17DA95E92061BCD400842460 /* interface_declaration.hxx in Headers */,
				170E03D1202A733400FC40B0 /* import_statement.hxx in Headers */,
				170E03C5202A733400FC40B0 /* simple_template_id.hxx in Headers */,
				170E03AF202A733400FC40B0 /* primary_expression.hxx in Headers */,
				170E0402202A733400FC40B0 /* constant_expression.hxx in Headers */,
				170E03CA202A733400FC40B0 /* symbols.hxx in Headers */,
				170E0427202A733400FC40B0 /* for_statement.hxx in Headers */,
				170E03D2202A733400FC40B0 /* import_specifier.hxx in Headers */,
				170E0425202A733400FC40B0 /* statement.hxx in Headers */,
				170E03B5202A733400FC40B0 /* simple_type_specifier.hxx in Headers */,
				170E03E5202A733400FC40B0 /* access.hxx in Headers */,
			);
			runOnlyForDeploymentPostprocessing = 0;
		};
/* End PBXHeadersBuildPhase section */

/* Begin PBXNativeTarget section */
		F43465161FCDF86900F7D867 /* laolxast */ = {
			isa = PBXNativeTarget;
			buildConfigurationList = F434651B1FCDF86900F7D867 /* Build configuration list for PBXNativeTarget "laolxast" */;
			buildPhases = (
				F43465131FCDF86900F7D867 /* Sources */,
				F43465141FCDF86900F7D867 /* Frameworks */,
				F43465151FCDF86900F7D867 /* Headers */,
			);
			buildRules = (
			);
			dependencies = (
			);
			name = laolxast;
			productName = laolxast;
			productReference = F43465171FCDF86900F7D867 /* liblaolxast.a */;
			productType = "com.apple.product-type.library.static";
		};
/* End PBXNativeTarget section */

/* Begin PBXProject section */
		F434650F1FCDF86900F7D867 /* Project object */ = {
			isa = PBXProject;
			attributes = {
				LastUpgradeCheck = 0920;
				ORGANIZATIONNAME = "karl pfalzer";
				TargetAttributes = {
					F43465161FCDF86900F7D867 = {
						CreatedOnToolsVersion = 7.2;
					};
				};
			};
			buildConfigurationList = F43465121FCDF86900F7D867 /* Build configuration list for PBXProject "laolxast" */;
			compatibilityVersion = "Xcode 3.2";
			developmentRegion = English;
			hasScannedForEncodings = 0;
			knownRegions = (
				en,
			);
			mainGroup = F434650E1FCDF86900F7D867;
			productRefGroup = F43465181FCDF86900F7D867 /* Products */;
			projectDirPath = "";
			projectReferences = (
				{
					ProductGroup = 17B0B374202A4EEC00117CF0 /* Products */;
					ProjectRef = 17B0B373202A4EEC00117CF0 /* test.xcodeproj */;
				},
			);
			projectRoot = "";
			targets = (
				F43465161FCDF86900F7D867 /* laolxast */,
			);
		};
/* End PBXProject section */

/* Begin PBXReferenceProxy section */
		17B0B378202A4EED00117CF0 /* test */ = {
			isa = PBXReferenceProxy;
			fileType = "compiled.mach-o.executable";
			path = test;
			remoteRef = 17B0B377202A4EED00117CF0 /* PBXContainerItemProxy */;
			sourceTree = BUILT_PRODUCTS_DIR;
		};
/* End PBXReferenceProxy section */

/* Begin PBXSourcesBuildPhase section */
		F43465131FCDF86900F7D867 /* Sources */ = {
			isa = PBXSourcesBuildPhase;
			buildActionMask = 2147483647;
			files = (
				170E041F202A733400FC40B0 /* variable_declaration.cxx in Sources */,
				170E03D9202A733400FC40B0 /* operator_function_id.cxx in Sources */,
				170E0411202A733400FC40B0 /* declaration.cxx in Sources */,
				170E03A5202A733400FC40B0 /* for_statement.cxx in Sources */,
				170E03CC202A733400FC40B0 /* literal.cxx in Sources */,
				170E0432202A733400FC40B0 /* base_clause.cxx in Sources */,
				170E042E202A733400FC40B0 /* unary_expression.cxx in Sources */,
				170E03AA202A733400FC40B0 /* method_declaration.cxx in Sources */,
				170E0437202A733400FC40B0 /* constant_expression.cxx in Sources */,
				170E0418202A733400FC40B0 /* typedef_declaration.cxx in Sources */,
				170E0442202A735800FC40B0 /* parser.cxx in Sources */,
				170E0417202A733400FC40B0 /* base_type_specifier.cxx in Sources */,
				170E0447202A735800FC40B0 /* token.cxx in Sources */,
				170E03F7202A733400FC40B0 /* namespace_declaration_name.cxx in Sources */,
				170E0433202A733400FC40B0 /* jump_statement.cxx in Sources */,
				170E03C9202A733400FC40B0 /* initializer_list.cxx in Sources */,
				170E040F202A733400FC40B0 /* method_parameter.cxx in Sources */,
				170E03CE202A733400FC40B0 /* class_body.cxx in Sources */,
				170E03E6202A733400FC40B0 /* string.cxx in Sources */,
				170E03BB202A733400FC40B0 /* base_initializer_specifier.cxx in Sources */,
				170E0408202A733400FC40B0 /* import_specifier.cxx in Sources */,
				170E03B1202A733400FC40B0 /* nested_name_specifier.cxx in Sources */,
				170E03B3202A733400FC40B0 /* template_parameter.cxx in Sources */,
				170E0431202A733400FC40B0 /* conditional_expression.cxx in Sources */,
				170E03E3202A733400FC40B0 /* base_name.cxx in Sources */,
				170E03F1202A733400FC40B0 /* binary_op.cxx in Sources */,
				170E040B202A733400FC40B0 /* base_specifier_list.cxx in Sources */,
				170E03BF202A733400FC40B0 /* linkage.cxx in Sources */,
				178A1C5F205AE792000CBC9B /* array_specifier.cxx in Sources */,
				170E03C3202A733400FC40B0 /* lambda_expression.cxx in Sources */,
				170E0419202A733400FC40B0 /* condition.cxx in Sources */,
				170E042A202A733400FC40B0 /* initializer_clause.cxx in Sources */,
				170E03DC202A733400FC40B0 /* base_specifier.cxx in Sources */,
				170E03CF202A733400FC40B0 /* qualified_id.cxx in Sources */,
				170E03FA202A733400FC40B0 /* template_id.cxx in Sources */,
				170E040D202A733400FC40B0 /* id_expression.cxx in Sources */,
				170E03DA202A733400FC40B0 /* source_file.cxx in Sources */,
				170E03D4202A733400FC40B0 /* base_initializer_list.cxx in Sources */,
				170E03EE202A733400FC40B0 /* postfix_expression.cxx in Sources */,
				170E03B6202A733400FC40B0 /* expression_ele.cxx in Sources */,
				170E03E7202A733400FC40B0 /* member_variable_declaration.cxx in Sources */,
				170E03E0202A733400FC40B0 /* assignment_expression.cxx in Sources */,
				170E040E202A733400FC40B0 /* mutability.cxx in Sources */,
				170E03A6202A733400FC40B0 /* overloadable_operator.cxx in Sources */,
				170E0446202A735800FC40B0 /* lexer.cxx in Sources */,
				170E0434202A733400FC40B0 /* statement.cxx in Sources */,
				170E0441202A735800FC40B0 /* astnode.cxx in Sources */,
				170E03BA202A733400FC40B0 /* unqualified_id.cxx in Sources */,
				170E03CB202A733400FC40B0 /* expression.cxx in Sources */,
				170E03C4202A733400FC40B0 /* base_initializer.cxx in Sources */,
				170E03CD202A733400FC40B0 /* symbols.cxx in Sources */,
				170E03F4202A733400FC40B0 /* iteration_statement.cxx in Sources */,
				170E0422202A733400FC40B0 /* compound_statement.cxx in Sources */,
				170E03DD202A733400FC40B0 /* words.cxx in Sources */,
				170E0416202A733400FC40B0 /* access.cxx in Sources */,
				170E0403202A733400FC40B0 /* unary_operator.cxx in Sources */,
				170E03D7202A733400FC40B0 /* var_or_attr_name.cxx in Sources */,
				170E03B2202A733400FC40B0 /* name.cxx in Sources */,
				170E0435202A733400FC40B0 /* template_argument.cxx in Sources */,
				17C811BD2057409500E82897 /* common.cxx in Sources */,
				170E0412202A733400FC40B0 /* primary_expression.cxx in Sources */,
				170E03E1202A733400FC40B0 /* braced_init_list.cxx in Sources */,
				170E03EA202A733400FC40B0 /* import_specifier_list.cxx in Sources */,
				170E03FB202A733400FC40B0 /* case_statement.cxx in Sources */,
				17DA95E82061BCD400842460 /* interface_declaration.cxx in Sources */,
				170E03F2202A733400FC40B0 /* bool.cxx in Sources */,
				170E03B8202A733400FC40B0 /* method_parameters_declaration.cxx in Sources */,
				170E042B202A733400FC40B0 /* class_declaration.cxx in Sources */,
				170E03C0202A733400FC40B0 /* simple_type_specifier.cxx in Sources */,
				170E03BE202A733400FC40B0 /* simple_template_id.cxx in Sources */,
				170E03FF202A733400FC40B0 /* namespace_declaration.cxx in Sources */,
				170E03F9202A733400FC40B0 /* return_specifier.cxx in Sources */,
				170E03AC202A733400FC40B0 /* template_argument_list.cxx in Sources */,
				170E0404202A733400FC40B0 /* method_parameter_list.cxx in Sources */,
				170E0428202A733400FC40B0 /* method_body.cxx in Sources */,
				170E0420202A733400FC40B0 /* method_body_item.cxx in Sources */,
				170E03A9202A733400FC40B0 /* expression_list.cxx in Sources */,
				170E041C202A733400FC40B0 /* if_statement.cxx in Sources */,
				170E03E9202A733400FC40B0 /* import_statement.cxx in Sources */,
				170E042F202A733400FC40B0 /* template_parameter_list.cxx in Sources */,
			);
			runOnlyForDeploymentPostprocessing = 0;
		};
/* End PBXSourcesBuildPhase section */

/* Begin XCBuildConfiguration section */
		F43465191FCDF86900F7D867 /* Debug */ = {
			isa = XCBuildConfiguration;
			buildSettings = {
				ALWAYS_SEARCH_USER_PATHS = NO;
				CLANG_CXX_LANGUAGE_STANDARD = "gnu++0x";
				CLANG_CXX_LIBRARY = "libc++";
				CLANG_ENABLE_MODULES = YES;
				CLANG_ENABLE_OBJC_ARC = YES;
				CLANG_WARN_BLOCK_CAPTURE_AUTORELEASING = YES;
				CLANG_WARN_BOOL_CONVERSION = YES;
				CLANG_WARN_COMMA = YES;
				CLANG_WARN_CONSTANT_CONVERSION = YES;
				CLANG_WARN_DIRECT_OBJC_ISA_USAGE = YES_ERROR;
				CLANG_WARN_EMPTY_BODY = YES;
				CLANG_WARN_ENUM_CONVERSION = YES;
				CLANG_WARN_INFINITE_RECURSION = YES;
				CLANG_WARN_INT_CONVERSION = YES;
				CLANG_WARN_NON_LITERAL_NULL_CONVERSION = YES;
				CLANG_WARN_OBJC_LITERAL_CONVERSION = YES;
				CLANG_WARN_OBJC_ROOT_CLASS = YES_ERROR;
				CLANG_WARN_RANGE_LOOP_ANALYSIS = YES;
				CLANG_WARN_STRICT_PROTOTYPES = YES;
				CLANG_WARN_SUSPICIOUS_MOVE = YES;
				CLANG_WARN_UNREACHABLE_CODE = YES;
				CLANG_WARN__DUPLICATE_METHOD_MATCH = YES;
				CODE_SIGN_IDENTITY = "-";
				COPY_PHASE_STRIP = NO;
				DEBUG_INFORMATION_FORMAT = dwarf;
				ENABLE_STRICT_OBJC_MSGSEND = YES;
				ENABLE_TESTABILITY = YES;
				GCC_C_LANGUAGE_STANDARD = gnu99;
				GCC_DYNAMIC_NO_PIC = NO;
				GCC_NO_COMMON_BLOCKS = YES;
				GCC_OPTIMIZATION_LEVEL = 0;
				GCC_PREPROCESSOR_DEFINITIONS = (
					"DEBUG=1",
					"$(inherited)",
				);
				GCC_WARN_64_TO_32_BIT_CONVERSION = YES;
				GCC_WARN_ABOUT_RETURN_TYPE = YES_ERROR;
				GCC_WARN_UNDECLARED_SELECTOR = YES;
				GCC_WARN_UNINITIALIZED_AUTOS = YES_AGGRESSIVE;
				GCC_WARN_UNUSED_FUNCTION = YES;
				GCC_WARN_UNUSED_VARIABLE = YES;
				MACOSX_DEPLOYMENT_TARGET = 10.10;
				MTL_ENABLE_DEBUG_INFO = YES;
				ONLY_ACTIVE_ARCH = YES;
				SDKROOT = macosx;
			};
			name = Debug;
		};
		F434651A1FCDF86900F7D867 /* Release */ = {
			isa = XCBuildConfiguration;
			buildSettings = {
				ALWAYS_SEARCH_USER_PATHS = NO;
				CLANG_CXX_LANGUAGE_STANDARD = "gnu++0x";
				CLANG_CXX_LIBRARY = "libc++";
				CLANG_ENABLE_MODULES = YES;
				CLANG_ENABLE_OBJC_ARC = YES;
				CLANG_WARN_BLOCK_CAPTURE_AUTORELEASING = YES;
				CLANG_WARN_BOOL_CONVERSION = YES;
				CLANG_WARN_COMMA = YES;
				CLANG_WARN_CONSTANT_CONVERSION = YES;
				CLANG_WARN_DIRECT_OBJC_ISA_USAGE = YES_ERROR;
				CLANG_WARN_EMPTY_BODY = YES;
				CLANG_WARN_ENUM_CONVERSION = YES;
				CLANG_WARN_INFINITE_RECURSION = YES;
				CLANG_WARN_INT_CONVERSION = YES;
				CLANG_WARN_NON_LITERAL_NULL_CONVERSION = YES;
				CLANG_WARN_OBJC_LITERAL_CONVERSION = YES;
				CLANG_WARN_OBJC_ROOT_CLASS = YES_ERROR;
				CLANG_WARN_RANGE_LOOP_ANALYSIS = YES;
				CLANG_WARN_STRICT_PROTOTYPES = YES;
				CLANG_WARN_SUSPICIOUS_MOVE = YES;
				CLANG_WARN_UNREACHABLE_CODE = YES;
				CLANG_WARN__DUPLICATE_METHOD_MATCH = YES;
				CODE_SIGN_IDENTITY = "-";
				COPY_PHASE_STRIP = NO;
				DEBUG_INFORMATION_FORMAT = "dwarf-with-dsym";
				ENABLE_NS_ASSERTIONS = NO;
				ENABLE_STRICT_OBJC_MSGSEND = YES;
				GCC_C_LANGUAGE_STANDARD = gnu99;
				GCC_NO_COMMON_BLOCKS = YES;
				GCC_WARN_64_TO_32_BIT_CONVERSION = YES;
				GCC_WARN_ABOUT_RETURN_TYPE = YES_ERROR;
				GCC_WARN_UNDECLARED_SELECTOR = YES;
				GCC_WARN_UNINITIALIZED_AUTOS = YES_AGGRESSIVE;
				GCC_WARN_UNUSED_FUNCTION = YES;
				GCC_WARN_UNUSED_VARIABLE = YES;
				MACOSX_DEPLOYMENT_TARGET = 10.10;
				MTL_ENABLE_DEBUG_INFO = NO;
				SDKROOT = macosx;
			};
			name = Release;
		};
		F434651C1FCDF86900F7D867 /* Debug */ = {
			isa = XCBuildConfiguration;
			buildSettings = {
				CLANG_CXX_LANGUAGE_STANDARD = "c++14";
				EXECUTABLE_PREFIX = lib;
				HEADER_SEARCH_PATHS = (
					"$(PROJECT_DIR)/../../laolxast",
					"$(PROJECT_DIR)/../../laolxcxx",
				);
				PRODUCT_NAME = "$(TARGET_NAME)";
			};
			name = Debug;
		};
		F434651D1FCDF86900F7D867 /* Release */ = {
			isa = XCBuildConfiguration;
			buildSettings = {
				CLANG_CXX_LANGUAGE_STANDARD = "c++14";
				EXECUTABLE_PREFIX = lib;
				PRODUCT_NAME = "$(TARGET_NAME)";
			};
			name = Release;
		};
/* End XCBuildConfiguration section */

/* Begin XCConfigurationList section */
		F43465121FCDF86900F7D867 /* Build configuration list for PBXProject "laolxast" */ = {
			isa = XCConfigurationList;
			buildConfigurations = (
				F43465191FCDF86900F7D867 /* Debug */,
				F434651A1FCDF86900F7D867 /* Release */,
			);
			defaultConfigurationIsVisible = 0;
			defaultConfigurationName = Release;
		};
		F434651B1FCDF86900F7D867 /* Build configuration list for PBXNativeTarget "laolxast" */ = {
			isa = XCConfigurationList;
			buildConfigurations = (
				F434651C1FCDF86900F7D867 /* Debug */,
				F434651D1FCDF86900F7D867 /* Release */,
			);
			defaultConfigurationIsVisible = 0;
			defaultConfigurationName = Release;
		};
/* End XCConfigurationList section */
	};
	rootObject = F434650F1FCDF86900F7D867 /* Project object */;
}
