// !$*UTF8*$!
{
	archiveVersion = 1;
	classes = {
	};
	objectVersion = 50;
	objects = {

/* Begin PBXBuildFile section */
		5C85A44B23B5259C0047F689 /* ImportStmt.cxx in Sources */ = {isa = PBXBuildFile; fileRef = 5C85A44223B5259C0047F689 /* ImportStmt.cxx */; };
		5C85A44C23B5259C0047F689 /* SourceFile.cxx in Sources */ = {isa = PBXBuildFile; fileRef = 5C85A44523B5259C0047F689 /* SourceFile.cxx */; };
		5C85A44D23B5259C0047F689 /* String.cxx in Sources */ = {isa = PBXBuildFile; fileRef = 5C85A44723B5259C0047F689 /* String.cxx */; };
		5C85A44E23B5259C0047F689 /* Token.cxx in Sources */ = {isa = PBXBuildFile; fileRef = 5C85A44823B5259C0047F689 /* Token.cxx */; };
		5C9BC5C723AB18C90074E184 /* main.cxx in Sources */ = {isa = PBXBuildFile; fileRef = 5C9BC5C623AB18C90074E184 /* main.cxx */; };
/* End PBXBuildFile section */

/* Begin PBXCopyFilesBuildPhase section */
		5C9BC57D23AAF5DF0074E184 /* CopyFiles */ = {
			isa = PBXCopyFilesBuildPhase;
			buildActionMask = 2147483647;
			dstPath = /usr/share/man/man1/;
			dstSubfolderSpec = 0;
			files = (
			);
			runOnlyForDeploymentPostprocessing = 1;
		};
/* End PBXCopyFilesBuildPhase section */

/* Begin PBXFileReference section */
		5C85A44223B5259C0047F689 /* ImportStmt.cxx */ = {isa = PBXFileReference; fileEncoding = 4; lastKnownFileType = sourcecode.cpp.cpp; path = ImportStmt.cxx; sourceTree = "<group>"; };
		5C85A44323B5259C0047F689 /* String.hxx */ = {isa = PBXFileReference; fileEncoding = 4; lastKnownFileType = sourcecode.cpp.h; path = String.hxx; sourceTree = "<group>"; };
		5C85A44423B5259C0047F689 /* ImportStmt.hxx */ = {isa = PBXFileReference; fileEncoding = 4; lastKnownFileType = sourcecode.cpp.h; path = ImportStmt.hxx; sourceTree = "<group>"; };
		5C85A44523B5259C0047F689 /* SourceFile.cxx */ = {isa = PBXFileReference; fileEncoding = 4; lastKnownFileType = sourcecode.cpp.cpp; path = SourceFile.cxx; sourceTree = "<group>"; };
		5C85A44623B5259C0047F689 /* SourceFile.hxx */ = {isa = PBXFileReference; fileEncoding = 4; lastKnownFileType = sourcecode.cpp.h; path = SourceFile.hxx; sourceTree = "<group>"; };
		5C85A44723B5259C0047F689 /* String.cxx */ = {isa = PBXFileReference; fileEncoding = 4; lastKnownFileType = sourcecode.cpp.cpp; path = String.cxx; sourceTree = "<group>"; };
		5C85A44823B5259C0047F689 /* Token.cxx */ = {isa = PBXFileReference; fileEncoding = 4; lastKnownFileType = sourcecode.cpp.cpp; path = Token.cxx; sourceTree = "<group>"; };
		5C85A44923B5259C0047F689 /* laolx.hxx */ = {isa = PBXFileReference; fileEncoding = 4; lastKnownFileType = sourcecode.cpp.h; path = laolx.hxx; sourceTree = "<group>"; };
		5C85A44A23B5259C0047F689 /* Token.hxx */ = {isa = PBXFileReference; fileEncoding = 4; lastKnownFileType = sourcecode.cpp.h; path = Token.hxx; sourceTree = "<group>"; };
		5C9BC57F23AAF5DF0074E184 /* laolx */ = {isa = PBXFileReference; explicitFileType = "compiled.mach-o.executable"; includeInIndex = 0; path = laolx; sourceTree = BUILT_PRODUCTS_DIR; };
		5C9BC5C623AB18C90074E184 /* main.cxx */ = {isa = PBXFileReference; lastKnownFileType = sourcecode.cpp.cpp; path = main.cxx; sourceTree = "<group>"; };
		5CC4306A23AD6DD60049BF09 /* grammar.txt */ = {isa = PBXFileReference; fileEncoding = 4; lastKnownFileType = text; name = grammar.txt; path = ../../grammar.txt; sourceTree = "<group>"; };
/* End PBXFileReference section */

/* Begin PBXFrameworksBuildPhase section */
		5C9BC57C23AAF5DF0074E184 /* Frameworks */ = {
			isa = PBXFrameworksBuildPhase;
			buildActionMask = 2147483647;
			files = (
			);
			runOnlyForDeploymentPostprocessing = 0;
		};
/* End PBXFrameworksBuildPhase section */

/* Begin PBXGroup section */
		5C9BC57623AAF5DF0074E184 = {
			isa = PBXGroup;
			children = (
				5CC4306A23AD6DD60049BF09 /* grammar.txt */,
				5C9BC5C623AB18C90074E184 /* main.cxx */,
				5C9BC58A23AAF65F0074E184 /* src */,
				5C9BC58023AAF5DF0074E184 /* Products */,
			);
			sourceTree = "<group>";
		};
		5C9BC58023AAF5DF0074E184 /* Products */ = {
			isa = PBXGroup;
			children = (
				5C9BC57F23AAF5DF0074E184 /* laolx */,
			);
			name = Products;
			sourceTree = "<group>";
		};
		5C9BC58A23AAF65F0074E184 /* src */ = {
			isa = PBXGroup;
			children = (
				5C9BC59523AAF65F0074E184 /* laolx */,
			);
			name = src;
			path = ../src;
			sourceTree = "<group>";
		};
		5C9BC59523AAF65F0074E184 /* laolx */ = {
			isa = PBXGroup;
			children = (
				5C9BC59623AAF65F0074E184 /* parser */,
			);
			path = laolx;
			sourceTree = "<group>";
		};
		5C9BC59623AAF65F0074E184 /* parser */ = {
			isa = PBXGroup;
			children = (
				5C85A44223B5259C0047F689 /* ImportStmt.cxx */,
				5C85A44423B5259C0047F689 /* ImportStmt.hxx */,
				5C85A44923B5259C0047F689 /* laolx.hxx */,
				5C85A44523B5259C0047F689 /* SourceFile.cxx */,
				5C85A44623B5259C0047F689 /* SourceFile.hxx */,
				5C85A44723B5259C0047F689 /* String.cxx */,
				5C85A44323B5259C0047F689 /* String.hxx */,
				5C85A44823B5259C0047F689 /* Token.cxx */,
				5C85A44A23B5259C0047F689 /* Token.hxx */,
			);
			path = parser;
			sourceTree = "<group>";
		};
/* End PBXGroup section */

/* Begin PBXNativeTarget section */
		5C9BC57E23AAF5DF0074E184 /* laolx */ = {
			isa = PBXNativeTarget;
			buildConfigurationList = 5C9BC58623AAF5DF0074E184 /* Build configuration list for PBXNativeTarget "laolx" */;
			buildPhases = (
				5C9BC57B23AAF5DF0074E184 /* Sources */,
				5C9BC57C23AAF5DF0074E184 /* Frameworks */,
				5C9BC57D23AAF5DF0074E184 /* CopyFiles */,
			);
			buildRules = (
			);
			dependencies = (
			);
			name = laolx;
			productName = laolx;
			productReference = 5C9BC57F23AAF5DF0074E184 /* laolx */;
			productType = "com.apple.product-type.tool";
		};
/* End PBXNativeTarget section */

/* Begin PBXProject section */
		5C9BC57723AAF5DF0074E184 /* Project object */ = {
			isa = PBXProject;
			attributes = {
				LastUpgradeCheck = 1120;
				ORGANIZATIONNAME = "George P. Burdell";
				TargetAttributes = {
					5C9BC57E23AAF5DF0074E184 = {
						CreatedOnToolsVersion = 11.2.1;
					};
				};
			};
			buildConfigurationList = 5C9BC57A23AAF5DF0074E184 /* Build configuration list for PBXProject "laolx" */;
			compatibilityVersion = "Xcode 9.3";
			developmentRegion = en;
			hasScannedForEncodings = 0;
			knownRegions = (
				en,
				Base,
			);
			mainGroup = 5C9BC57623AAF5DF0074E184;
			productRefGroup = 5C9BC58023AAF5DF0074E184 /* Products */;
			projectDirPath = "";
			projectRoot = "";
			targets = (
				5C9BC57E23AAF5DF0074E184 /* laolx */,
			);
		};
/* End PBXProject section */

/* Begin PBXSourcesBuildPhase section */
		5C9BC57B23AAF5DF0074E184 /* Sources */ = {
			isa = PBXSourcesBuildPhase;
			buildActionMask = 2147483647;
			files = (
				5C85A44C23B5259C0047F689 /* SourceFile.cxx in Sources */,
				5C85A44B23B5259C0047F689 /* ImportStmt.cxx in Sources */,
				5C85A44D23B5259C0047F689 /* String.cxx in Sources */,
				5C85A44E23B5259C0047F689 /* Token.cxx in Sources */,
				5C9BC5C723AB18C90074E184 /* main.cxx in Sources */,
			);
			runOnlyForDeploymentPostprocessing = 0;
		};
/* End PBXSourcesBuildPhase section */

/* Begin XCBuildConfiguration section */
		5C9BC58423AAF5DF0074E184 /* Debug */ = {
			isa = XCBuildConfiguration;
			buildSettings = {
				ALWAYS_SEARCH_USER_PATHS = YES;
				CLANG_ANALYZER_NONNULL = YES;
				CLANG_ANALYZER_NUMBER_OBJECT_CONVERSION = YES_AGGRESSIVE;
				CLANG_CXX_LANGUAGE_STANDARD = "c++0x";
				CLANG_CXX_LIBRARY = "libc++";
				CLANG_ENABLE_MODULES = YES;
				CLANG_ENABLE_OBJC_ARC = YES;
				CLANG_ENABLE_OBJC_WEAK = YES;
				CLANG_WARN_BLOCK_CAPTURE_AUTORELEASING = YES;
				CLANG_WARN_BOOL_CONVERSION = YES;
				CLANG_WARN_COMMA = YES;
				CLANG_WARN_CONSTANT_CONVERSION = YES;
				CLANG_WARN_DEPRECATED_OBJC_IMPLEMENTATIONS = YES;
				CLANG_WARN_DIRECT_OBJC_ISA_USAGE = YES_ERROR;
				CLANG_WARN_DOCUMENTATION_COMMENTS = YES;
				CLANG_WARN_EMPTY_BODY = YES;
				CLANG_WARN_ENUM_CONVERSION = YES;
				CLANG_WARN_INFINITE_RECURSION = YES;
				CLANG_WARN_INT_CONVERSION = YES;
				CLANG_WARN_NON_LITERAL_NULL_CONVERSION = YES;
				CLANG_WARN_OBJC_IMPLICIT_RETAIN_SELF = YES;
				CLANG_WARN_OBJC_LITERAL_CONVERSION = YES;
				CLANG_WARN_OBJC_ROOT_CLASS = YES_ERROR;
				CLANG_WARN_RANGE_LOOP_ANALYSIS = YES;
				CLANG_WARN_STRICT_PROTOTYPES = YES;
				CLANG_WARN_SUSPICIOUS_MOVE = YES;
				CLANG_WARN_UNGUARDED_AVAILABILITY = YES_AGGRESSIVE;
				CLANG_WARN_UNREACHABLE_CODE = YES;
				CLANG_WARN__DUPLICATE_METHOD_MATCH = YES;
				COPY_PHASE_STRIP = NO;
				DEBUG_INFORMATION_FORMAT = dwarf;
				ENABLE_STRICT_OBJC_MSGSEND = YES;
				ENABLE_TESTABILITY = YES;
				GCC_C_LANGUAGE_STANDARD = gnu11;
				GCC_DYNAMIC_NO_PIC = NO;
				GCC_NO_COMMON_BLOCKS = YES;
				GCC_OPTIMIZATION_LEVEL = 0;
				GCC_PREPROCESSOR_DEFINITIONS = (
					"DEBUG=1",
					"$(inherited)",
				);
				GCC_WARN_64_TO_32_BIT_CONVERSION = YES;
				GCC_WARN_ABOUT_RETURN_TYPE = YES_ERROR;
				GCC_WARN_UNDECLARED_SELECTOR = YES;
				GCC_WARN_UNINITIALIZED_AUTOS = YES_AGGRESSIVE;
				GCC_WARN_UNUSED_FUNCTION = YES;
				GCC_WARN_UNUSED_VARIABLE = YES;
				MACOSX_DEPLOYMENT_TARGET = 10.14;
				MTL_ENABLE_DEBUG_INFO = INCLUDE_SOURCE;
				MTL_FAST_MATH = YES;
				ONLY_ACTIVE_ARCH = YES;
				SDKROOT = macosx;
			};
			name = Debug;
		};
		5C9BC58523AAF5DF0074E184 /* Release */ = {
			isa = XCBuildConfiguration;
			buildSettings = {
				ALWAYS_SEARCH_USER_PATHS = YES;
				CLANG_ANALYZER_NONNULL = YES;
				CLANG_ANALYZER_NUMBER_OBJECT_CONVERSION = YES_AGGRESSIVE;
				CLANG_CXX_LANGUAGE_STANDARD = "c++0x";
				CLANG_CXX_LIBRARY = "libc++";
				CLANG_ENABLE_MODULES = YES;
				CLANG_ENABLE_OBJC_ARC = YES;
				CLANG_ENABLE_OBJC_WEAK = YES;
				CLANG_WARN_BLOCK_CAPTURE_AUTORELEASING = YES;
				CLANG_WARN_BOOL_CONVERSION = YES;
				CLANG_WARN_COMMA = YES;
				CLANG_WARN_CONSTANT_CONVERSION = YES;
				CLANG_WARN_DEPRECATED_OBJC_IMPLEMENTATIONS = YES;
				CLANG_WARN_DIRECT_OBJC_ISA_USAGE = YES_ERROR;
				CLANG_WARN_DOCUMENTATION_COMMENTS = YES;
				CLANG_WARN_EMPTY_BODY = YES;
				CLANG_WARN_ENUM_CONVERSION = YES;
				CLANG_WARN_INFINITE_RECURSION = YES;
				CLANG_WARN_INT_CONVERSION = YES;
				CLANG_WARN_NON_LITERAL_NULL_CONVERSION = YES;
				CLANG_WARN_OBJC_IMPLICIT_RETAIN_SELF = YES;
				CLANG_WARN_OBJC_LITERAL_CONVERSION = YES;
				CLANG_WARN_OBJC_ROOT_CLASS = YES_ERROR;
				CLANG_WARN_RANGE_LOOP_ANALYSIS = YES;
				CLANG_WARN_STRICT_PROTOTYPES = YES;
				CLANG_WARN_SUSPICIOUS_MOVE = YES;
				CLANG_WARN_UNGUARDED_AVAILABILITY = YES_AGGRESSIVE;
				CLANG_WARN_UNREACHABLE_CODE = YES;
				CLANG_WARN__DUPLICATE_METHOD_MATCH = YES;
				COPY_PHASE_STRIP = NO;
				DEBUG_INFORMATION_FORMAT = "dwarf-with-dsym";
				ENABLE_NS_ASSERTIONS = NO;
				ENABLE_STRICT_OBJC_MSGSEND = YES;
				GCC_C_LANGUAGE_STANDARD = gnu11;
				GCC_NO_COMMON_BLOCKS = YES;
				GCC_WARN_64_TO_32_BIT_CONVERSION = YES;
				GCC_WARN_ABOUT_RETURN_TYPE = YES_ERROR;
				GCC_WARN_UNDECLARED_SELECTOR = YES;
				GCC_WARN_UNINITIALIZED_AUTOS = YES_AGGRESSIVE;
				GCC_WARN_UNUSED_FUNCTION = YES;
				GCC_WARN_UNUSED_VARIABLE = YES;
				MACOSX_DEPLOYMENT_TARGET = 10.14;
				MTL_ENABLE_DEBUG_INFO = NO;
				MTL_FAST_MATH = YES;
				SDKROOT = macosx;
			};
			name = Release;
		};
		5C9BC58723AAF5DF0074E184 /* Debug */ = {
			isa = XCBuildConfiguration;
			buildSettings = {
				CLANG_CXX_LANGUAGE_STANDARD = "c++0x";
				CLANG_CXX_LIBRARY = "libc++";
				CODE_SIGN_STYLE = Automatic;
				"HEADER_SEARCH_PATHS[arch=*]" = ../src;
				"OTHER_LDFLAGS[arch=*]" = ../../../apfev3/debug/Darwin/apfev3.a;
				PRODUCT_NAME = "$(TARGET_NAME)";
			};
			name = Debug;
		};
		5C9BC58823AAF5DF0074E184 /* Release */ = {
			isa = XCBuildConfiguration;
			buildSettings = {
				CLANG_CXX_LANGUAGE_STANDARD = "c++0x";
				CLANG_CXX_LIBRARY = "libc++";
				CODE_SIGN_STYLE = Automatic;
				"HEADER_SEARCH_PATHS[arch=*]" = ../src;
				PRODUCT_NAME = "$(TARGET_NAME)";
			};
			name = Release;
		};
/* End XCBuildConfiguration section */

/* Begin XCConfigurationList section */
		5C9BC57A23AAF5DF0074E184 /* Build configuration list for PBXProject "laolx" */ = {
			isa = XCConfigurationList;
			buildConfigurations = (
				5C9BC58423AAF5DF0074E184 /* Debug */,
				5C9BC58523AAF5DF0074E184 /* Release */,
			);
			defaultConfigurationIsVisible = 0;
			defaultConfigurationName = Release;
		};
		5C9BC58623AAF5DF0074E184 /* Build configuration list for PBXNativeTarget "laolx" */ = {
			isa = XCConfigurationList;
			buildConfigurations = (
				5C9BC58723AAF5DF0074E184 /* Debug */,
				5C9BC58823AAF5DF0074E184 /* Release */,
			);
			defaultConfigurationIsVisible = 0;
			defaultConfigurationName = Release;
		};
/* End XCConfigurationList section */
	};
	rootObject = 5C9BC57723AAF5DF0074E184 /* Project object */;
}
