// !$*UTF8*$!
{
	archiveVersion = 1;
	classes = {
	};
	objectVersion = 48;
	objects = {

/* Begin PBXBuildFile section */
		1761C0F91F88583100A10C22 /* test1.cxx in Sources */ = {isa = PBXBuildFile; fileRef = 1761C0F81F88583100A10C22 /* test1.cxx */; };
		1761C1111F88593700A10C22 /* liblaolxast.a in Frameworks */ = {isa = PBXBuildFile; fileRef = 1761C0FF1F8858D200A10C22 /* liblaolxast.a */; };
		1761C1121F88593700A10C22 /* liblaolxcxx.a in Frameworks */ = {isa = PBXBuildFile; fileRef = 1761C10B1F8858F900A10C22 /* liblaolxcxx.a */; };
/* End PBXBuildFile section */

/* Begin PBXContainerItemProxy section */
		1761C0FE1F8858D200A10C22 /* PBXContainerItemProxy */ = {
			isa = PBXContainerItemProxy;
			containerPortal = 1761C0FA1F8858D200A10C22 /* laolxast.xcodeproj */;
			proxyType = 2;
			remoteGlobalIDString = 1761C0921F8855F000A10C22;
			remoteInfo = laolxast;
		};
		1761C10A1F8858F900A10C22 /* PBXContainerItemProxy */ = {
			isa = PBXContainerItemProxy;
			containerPortal = 1761C1061F8858F900A10C22 /* laolxcxx.xcodeproj */;
			proxyType = 2;
			remoteGlobalIDString = 1761C0661F8854DA00A10C22;
			remoteInfo = laolxcxx;
		};
		1761C10C1F88592D00A10C22 /* PBXContainerItemProxy */ = {
			isa = PBXContainerItemProxy;
			containerPortal = 1761C1061F8858F900A10C22 /* laolxcxx.xcodeproj */;
			proxyType = 1;
			remoteGlobalIDString = 1761C0651F8854DA00A10C22;
			remoteInfo = laolxcxx;
		};
		1761C10E1F88592D00A10C22 /* PBXContainerItemProxy */ = {
			isa = PBXContainerItemProxy;
			containerPortal = 1761C0FA1F8858D200A10C22 /* laolxast.xcodeproj */;
			proxyType = 1;
			remoteGlobalIDString = 1761C0911F8855F000A10C22;
			remoteInfo = laolxast;
		};
/* End PBXContainerItemProxy section */

/* Begin PBXCopyFilesBuildPhase section */
		1761C0EC1F88580900A10C22 /* CopyFiles */ = {
			isa = PBXCopyFilesBuildPhase;
			buildActionMask = 2147483647;
			dstPath = /usr/share/man/man1/;
			dstSubfolderSpec = 0;
			files = (
			);
			runOnlyForDeploymentPostprocessing = 1;
		};
/* End PBXCopyFilesBuildPhase section */

/* Begin PBXFileReference section */
		1761C0EE1F88580900A10C22 /* laolxast_test */ = {isa = PBXFileReference; explicitFileType = "compiled.mach-o.executable"; includeInIndex = 0; path = laolxast_test; sourceTree = BUILT_PRODUCTS_DIR; };
		1761C0F81F88583100A10C22 /* test1.cxx */ = {isa = PBXFileReference; fileEncoding = 4; lastKnownFileType = sourcecode.cpp.cpp; name = test1.cxx; path = ../../../laolxast/tests/test1.cxx; sourceTree = "<group>"; };
		1761C0FA1F8858D200A10C22 /* laolxast.xcodeproj */ = {isa = PBXFileReference; lastKnownFileType = "wrapper.pb-project"; name = laolxast.xcodeproj; path = ../laolxast/laolxast.xcodeproj; sourceTree = "<group>"; };
		1761C1061F8858F900A10C22 /* laolxcxx.xcodeproj */ = {isa = PBXFileReference; lastKnownFileType = "wrapper.pb-project"; name = laolxcxx.xcodeproj; path = ../laolxcxx/laolxcxx.xcodeproj; sourceTree = "<group>"; };
/* End PBXFileReference section */

/* Begin PBXFrameworksBuildPhase section */
		1761C0EB1F88580900A10C22 /* Frameworks */ = {
			isa = PBXFrameworksBuildPhase;
			buildActionMask = 2147483647;
			files = (
				1761C1111F88593700A10C22 /* liblaolxast.a in Frameworks */,
				1761C1121F88593700A10C22 /* liblaolxcxx.a in Frameworks */,
			);
			runOnlyForDeploymentPostprocessing = 0;
		};
/* End PBXFrameworksBuildPhase section */

/* Begin PBXGroup section */
		1761C0E51F88580900A10C22 = {
			isa = PBXGroup;
			children = (
				1761C0F01F88580900A10C22 /* laolxast_test */,
				1761C0EF1F88580900A10C22 /* Products */,
				1761C1061F8858F900A10C22 /* laolxcxx.xcodeproj */,
				1761C0FA1F8858D200A10C22 /* laolxast.xcodeproj */,
				1761C1101F88593700A10C22 /* Frameworks */,
			);
			sourceTree = "<group>";
		};
		1761C0EF1F88580900A10C22 /* Products */ = {
			isa = PBXGroup;
			children = (
				1761C0EE1F88580900A10C22 /* laolxast_test */,
			);
			name = Products;
			sourceTree = "<group>";
		};
		1761C0F01F88580900A10C22 /* laolxast_test */ = {
			isa = PBXGroup;
			children = (
				1761C0F81F88583100A10C22 /* test1.cxx */,
			);
			path = laolxast_test;
			sourceTree = "<group>";
		};
		1761C0FB1F8858D200A10C22 /* Products */ = {
			isa = PBXGroup;
			children = (
				1761C0FF1F8858D200A10C22 /* liblaolxast.a */,
			);
			name = Products;
			sourceTree = "<group>";
		};
		1761C1071F8858F900A10C22 /* Products */ = {
			isa = PBXGroup;
			children = (
				1761C10B1F8858F900A10C22 /* liblaolxcxx.a */,
			);
			name = Products;
			sourceTree = "<group>";
		};
		1761C1101F88593700A10C22 /* Frameworks */ = {
			isa = PBXGroup;
			children = (
			);
			name = Frameworks;
			sourceTree = "<group>";
		};
/* End PBXGroup section */

/* Begin PBXNativeTarget section */
		1761C0ED1F88580900A10C22 /* laolxast_test */ = {
			isa = PBXNativeTarget;
			buildConfigurationList = 1761C0F51F88580900A10C22 /* Build configuration list for PBXNativeTarget "laolxast_test" */;
			buildPhases = (
				1761C0EA1F88580900A10C22 /* Sources */,
				1761C0EB1F88580900A10C22 /* Frameworks */,
				1761C0EC1F88580900A10C22 /* CopyFiles */,
			);
			buildRules = (
			);
			dependencies = (
				1761C10D1F88592D00A10C22 /* PBXTargetDependency */,
				1761C10F1F88592D00A10C22 /* PBXTargetDependency */,
			);
			name = laolxast_test;
			productName = laolxast_test;
			productReference = 1761C0EE1F88580900A10C22 /* laolxast_test */;
			productType = "com.apple.product-type.tool";
		};
/* End PBXNativeTarget section */

/* Begin PBXProject section */
		1761C0E61F88580900A10C22 /* Project object */ = {
			isa = PBXProject;
			attributes = {
				LastUpgradeCheck = 0900;
				ORGANIZATIONNAME = "Karl W Pfalzer";
				TargetAttributes = {
					1761C0ED1F88580900A10C22 = {
						CreatedOnToolsVersion = 9.0;
						ProvisioningStyle = Automatic;
					};
				};
			};
			buildConfigurationList = 1761C0E91F88580900A10C22 /* Build configuration list for PBXProject "laolxast_test" */;
			compatibilityVersion = "Xcode 8.0";
			developmentRegion = en;
			hasScannedForEncodings = 0;
			knownRegions = (
				en,
			);
			mainGroup = 1761C0E51F88580900A10C22;
			productRefGroup = 1761C0EF1F88580900A10C22 /* Products */;
			projectDirPath = "";
			projectReferences = (
				{
					ProductGroup = 1761C0FB1F8858D200A10C22 /* Products */;
					ProjectRef = 1761C0FA1F8858D200A10C22 /* laolxast.xcodeproj */;
				},
				{
					ProductGroup = 1761C1071F8858F900A10C22 /* Products */;
					ProjectRef = 1761C1061F8858F900A10C22 /* laolxcxx.xcodeproj */;
				},
			);
			projectRoot = "";
			targets = (
				1761C0ED1F88580900A10C22 /* laolxast_test */,
			);
		};
/* End PBXProject section */

/* Begin PBXReferenceProxy section */
		1761C0FF1F8858D200A10C22 /* liblaolxast.a */ = {
			isa = PBXReferenceProxy;
			fileType = archive.ar;
			path = liblaolxast.a;
			remoteRef = 1761C0FE1F8858D200A10C22 /* PBXContainerItemProxy */;
			sourceTree = BUILT_PRODUCTS_DIR;
		};
		1761C10B1F8858F900A10C22 /* liblaolxcxx.a */ = {
			isa = PBXReferenceProxy;
			fileType = archive.ar;
			path = liblaolxcxx.a;
			remoteRef = 1761C10A1F8858F900A10C22 /* PBXContainerItemProxy */;
			sourceTree = BUILT_PRODUCTS_DIR;
		};
/* End PBXReferenceProxy section */

/* Begin PBXSourcesBuildPhase section */
		1761C0EA1F88580900A10C22 /* Sources */ = {
			isa = PBXSourcesBuildPhase;
			buildActionMask = 2147483647;
			files = (
				1761C0F91F88583100A10C22 /* test1.cxx in Sources */,
			);
			runOnlyForDeploymentPostprocessing = 0;
		};
/* End PBXSourcesBuildPhase section */

/* Begin PBXTargetDependency section */
		1761C10D1F88592D00A10C22 /* PBXTargetDependency */ = {
			isa = PBXTargetDependency;
			name = laolxcxx;
			targetProxy = 1761C10C1F88592D00A10C22 /* PBXContainerItemProxy */;
		};
		1761C10F1F88592D00A10C22 /* PBXTargetDependency */ = {
			isa = PBXTargetDependency;
			name = laolxast;
			targetProxy = 1761C10E1F88592D00A10C22 /* PBXContainerItemProxy */;
		};
/* End PBXTargetDependency section */

/* Begin XCBuildConfiguration section */
		1761C0F31F88580900A10C22 /* Debug */ = {
			isa = XCBuildConfiguration;
			buildSettings = {
				ALWAYS_SEARCH_USER_PATHS = NO;
				CLANG_ANALYZER_NONNULL = YES;
				CLANG_ANALYZER_NUMBER_OBJECT_CONVERSION = YES_AGGRESSIVE;
				CLANG_CXX_LANGUAGE_STANDARD = "gnu++14";
				CLANG_CXX_LIBRARY = "libc++";
				CLANG_ENABLE_MODULES = YES;
				CLANG_ENABLE_OBJC_ARC = YES;
				CLANG_WARN_BLOCK_CAPTURE_AUTORELEASING = YES;
				CLANG_WARN_BOOL_CONVERSION = YES;
				CLANG_WARN_COMMA = YES;
				CLANG_WARN_CONSTANT_CONVERSION = YES;
				CLANG_WARN_DIRECT_OBJC_ISA_USAGE = YES_ERROR;
				CLANG_WARN_DOCUMENTATION_COMMENTS = YES;
				CLANG_WARN_EMPTY_BODY = YES;
				CLANG_WARN_ENUM_CONVERSION = YES;
				CLANG_WARN_INFINITE_RECURSION = YES;
				CLANG_WARN_INT_CONVERSION = YES;
				CLANG_WARN_NON_LITERAL_NULL_CONVERSION = YES;
				CLANG_WARN_OBJC_LITERAL_CONVERSION = YES;
				CLANG_WARN_OBJC_ROOT_CLASS = YES_ERROR;
				CLANG_WARN_RANGE_LOOP_ANALYSIS = YES;
				CLANG_WARN_STRICT_PROTOTYPES = YES;
				CLANG_WARN_SUSPICIOUS_MOVE = YES;
				CLANG_WARN_UNGUARDED_AVAILABILITY = YES_AGGRESSIVE;
				CLANG_WARN_UNREACHABLE_CODE = YES;
				CLANG_WARN__DUPLICATE_METHOD_MATCH = YES;
				CODE_SIGN_IDENTITY = "-";
				COPY_PHASE_STRIP = NO;
				DEBUG_INFORMATION_FORMAT = dwarf;
				ENABLE_STRICT_OBJC_MSGSEND = YES;
				ENABLE_TESTABILITY = YES;
				GCC_C_LANGUAGE_STANDARD = gnu11;
				GCC_DYNAMIC_NO_PIC = NO;
				GCC_NO_COMMON_BLOCKS = YES;
				GCC_OPTIMIZATION_LEVEL = 0;
				GCC_PREPROCESSOR_DEFINITIONS = (
					"DEBUG=1",
					"$(inherited)",
				);
				GCC_WARN_64_TO_32_BIT_CONVERSION = YES;
				GCC_WARN_ABOUT_RETURN_TYPE = YES_ERROR;
				GCC_WARN_UNDECLARED_SELECTOR = YES;
				GCC_WARN_UNINITIALIZED_AUTOS = YES_AGGRESSIVE;
				GCC_WARN_UNUSED_FUNCTION = YES;
				GCC_WARN_UNUSED_VARIABLE = YES;
				MACOSX_DEPLOYMENT_TARGET = 10.12;
				MTL_ENABLE_DEBUG_INFO = YES;
				ONLY_ACTIVE_ARCH = YES;
				SDKROOT = macosx;
			};
			name = Debug;
		};
		1761C0F41F88580900A10C22 /* Release */ = {
			isa = XCBuildConfiguration;
			buildSettings = {
				ALWAYS_SEARCH_USER_PATHS = NO;
				CLANG_ANALYZER_NONNULL = YES;
				CLANG_ANALYZER_NUMBER_OBJECT_CONVERSION = YES_AGGRESSIVE;
				CLANG_CXX_LANGUAGE_STANDARD = "gnu++14";
				CLANG_CXX_LIBRARY = "libc++";
				CLANG_ENABLE_MODULES = YES;
				CLANG_ENABLE_OBJC_ARC = YES;
				CLANG_WARN_BLOCK_CAPTURE_AUTORELEASING = YES;
				CLANG_WARN_BOOL_CONVERSION = YES;
				CLANG_WARN_COMMA = YES;
				CLANG_WARN_CONSTANT_CONVERSION = YES;
				CLANG_WARN_DIRECT_OBJC_ISA_USAGE = YES_ERROR;
				CLANG_WARN_DOCUMENTATION_COMMENTS = YES;
				CLANG_WARN_EMPTY_BODY = YES;
				CLANG_WARN_ENUM_CONVERSION = YES;
				CLANG_WARN_INFINITE_RECURSION = YES;
				CLANG_WARN_INT_CONVERSION = YES;
				CLANG_WARN_NON_LITERAL_NULL_CONVERSION = YES;
				CLANG_WARN_OBJC_LITERAL_CONVERSION = YES;
				CLANG_WARN_OBJC_ROOT_CLASS = YES_ERROR;
				CLANG_WARN_RANGE_LOOP_ANALYSIS = YES;
				CLANG_WARN_STRICT_PROTOTYPES = YES;
				CLANG_WARN_SUSPICIOUS_MOVE = YES;
				CLANG_WARN_UNGUARDED_AVAILABILITY = YES_AGGRESSIVE;
				CLANG_WARN_UNREACHABLE_CODE = YES;
				CLANG_WARN__DUPLICATE_METHOD_MATCH = YES;
				CODE_SIGN_IDENTITY = "-";
				COPY_PHASE_STRIP = NO;
				DEBUG_INFORMATION_FORMAT = "dwarf-with-dsym";
				ENABLE_NS_ASSERTIONS = NO;
				ENABLE_STRICT_OBJC_MSGSEND = YES;
				GCC_C_LANGUAGE_STANDARD = gnu11;
				GCC_NO_COMMON_BLOCKS = YES;
				GCC_WARN_64_TO_32_BIT_CONVERSION = YES;
				GCC_WARN_ABOUT_RETURN_TYPE = YES_ERROR;
				GCC_WARN_UNDECLARED_SELECTOR = YES;
				GCC_WARN_UNINITIALIZED_AUTOS = YES_AGGRESSIVE;
				GCC_WARN_UNUSED_FUNCTION = YES;
				GCC_WARN_UNUSED_VARIABLE = YES;
				MACOSX_DEPLOYMENT_TARGET = 10.12;
				MTL_ENABLE_DEBUG_INFO = NO;
				SDKROOT = macosx;
			};
			name = Release;
		};
		1761C0F61F88580900A10C22 /* Debug */ = {
			isa = XCBuildConfiguration;
			buildSettings = {
				CODE_SIGN_STYLE = Automatic;
				PRODUCT_NAME = "$(TARGET_NAME)";
			};
			name = Debug;
		};
		1761C0F71F88580900A10C22 /* Release */ = {
			isa = XCBuildConfiguration;
			buildSettings = {
				CODE_SIGN_STYLE = Automatic;
				PRODUCT_NAME = "$(TARGET_NAME)";
			};
			name = Release;
		};
/* End XCBuildConfiguration section */

/* Begin XCConfigurationList section */
		1761C0E91F88580900A10C22 /* Build configuration list for PBXProject "laolxast_test" */ = {
			isa = XCConfigurationList;
			buildConfigurations = (
				1761C0F31F88580900A10C22 /* Debug */,
				1761C0F41F88580900A10C22 /* Release */,
			);
			defaultConfigurationIsVisible = 0;
			defaultConfigurationName = Release;
		};
		1761C0F51F88580900A10C22 /* Build configuration list for PBXNativeTarget "laolxast_test" */ = {
			isa = XCConfigurationList;
			buildConfigurations = (
				1761C0F61F88580900A10C22 /* Debug */,
				1761C0F71F88580900A10C22 /* Release */,
			);
			defaultConfigurationIsVisible = 0;
			defaultConfigurationName = Release;
		};
/* End XCConfigurationList section */
	};
	rootObject = 1761C0E61F88580900A10C22 /* Project object */;
}
