// !$*UTF8*$!
{
	archiveVersion = 1;
	classes = {
	};
	objectVersion = 48;
	objects = {

/* Begin PBXBuildFile section */
		178B7A941F81ADD700E5EC18 /* parser_test.cxx in Sources */ = {isa = PBXBuildFile; fileRef = 178B7A931F81ADD700E5EC18 /* parser_test.cxx */; };
		17917AD71F8317990095A247 /* liblaol2cxx.a in Frameworks */ = {isa = PBXBuildFile; fileRef = 178B7AA21F81B27B00E5EC18 /* liblaol2cxx.a */; };
		17917AD81F8317990095A247 /* liblaolx.a in Frameworks */ = {isa = PBXBuildFile; fileRef = 178B7A9C1F81B26100E5EC18 /* liblaolx.a */; };
/* End PBXBuildFile section */

/* Begin PBXContainerItemProxy section */
		178B7A9B1F81B26100E5EC18 /* PBXContainerItemProxy */ = {
			isa = PBXContainerItemProxy;
			containerPortal = 178B7A971F81B26100E5EC18 /* laolx.xcodeproj */;
			proxyType = 2;
			remoteGlobalIDString = 17E977681F76F6EB005669D1;
			remoteInfo = laolx;
		};
		178B7AA11F81B27B00E5EC18 /* PBXContainerItemProxy */ = {
			isa = PBXContainerItemProxy;
			containerPortal = 178B7A9D1F81B27B00E5EC18 /* laol2cxx.xcodeproj */;
			proxyType = 2;
			remoteGlobalIDString = 178B7A6D1F81A42300E5EC18;
			remoteInfo = laol2cxx;
		};
		17917AD91F8317BA0095A247 /* PBXContainerItemProxy */ = {
			isa = PBXContainerItemProxy;
			containerPortal = 178B7A9D1F81B27B00E5EC18 /* laol2cxx.xcodeproj */;
			proxyType = 1;
			remoteGlobalIDString = 178B7A6C1F81A42300E5EC18;
			remoteInfo = laol2cxx;
		};
		17917ADB1F8317BA0095A247 /* PBXContainerItemProxy */ = {
			isa = PBXContainerItemProxy;
			containerPortal = 178B7A971F81B26100E5EC18 /* laolx.xcodeproj */;
			proxyType = 1;
			remoteGlobalIDString = 17E977671F76F6EB005669D1;
			remoteInfo = laolx;
		};
/* End PBXContainerItemProxy section */

/* Begin PBXCopyFilesBuildPhase section */
		178B7A871F81AD8200E5EC18 /* CopyFiles */ = {
			isa = PBXCopyFilesBuildPhase;
			buildActionMask = 2147483647;
			dstPath = /usr/share/man/man1/;
			dstSubfolderSpec = 0;
			files = (
			);
			runOnlyForDeploymentPostprocessing = 1;
		};
/* End PBXCopyFilesBuildPhase section */

/* Begin PBXFileReference section */
		178B7A891F81AD8200E5EC18 /* laol2cxxtest */ = {isa = PBXFileReference; explicitFileType = "compiled.mach-o.executable"; includeInIndex = 0; path = laol2cxxtest; sourceTree = BUILT_PRODUCTS_DIR; };
		178B7A931F81ADD700E5EC18 /* parser_test.cxx */ = {isa = PBXFileReference; fileEncoding = 4; lastKnownFileType = sourcecode.cpp.cpp; name = parser_test.cxx; path = ../../laolx2cxx/tests/parser_test.cxx; sourceTree = "<group>"; };
		178B7A971F81B26100E5EC18 /* laolx.xcodeproj */ = {isa = PBXFileReference; lastKnownFileType = "wrapper.pb-project"; name = laolx.xcodeproj; path = ../laolx.xcodeproj; sourceTree = "<group>"; };
		178B7A9D1F81B27B00E5EC18 /* laol2cxx.xcodeproj */ = {isa = PBXFileReference; lastKnownFileType = "wrapper.pb-project"; name = laol2cxx.xcodeproj; path = ../laol2cxx/laol2cxx.xcodeproj; sourceTree = "<group>"; };
/* End PBXFileReference section */

/* Begin PBXFrameworksBuildPhase section */
		178B7A861F81AD8200E5EC18 /* Frameworks */ = {
			isa = PBXFrameworksBuildPhase;
			buildActionMask = 2147483647;
			files = (
				17917AD71F8317990095A247 /* liblaol2cxx.a in Frameworks */,
				17917AD81F8317990095A247 /* liblaolx.a in Frameworks */,
			);
			runOnlyForDeploymentPostprocessing = 0;
		};
/* End PBXFrameworksBuildPhase section */

/* Begin PBXGroup section */
		178B7A801F81AD8200E5EC18 = {
			isa = PBXGroup;
			children = (
				178B7A9D1F81B27B00E5EC18 /* laol2cxx.xcodeproj */,
				178B7A971F81B26100E5EC18 /* laolx.xcodeproj */,
				178B7A931F81ADD700E5EC18 /* parser_test.cxx */,
				178B7A8A1F81AD8200E5EC18 /* Products */,
				17917AD41F8317990095A247 /* Frameworks */,
			);
			sourceTree = "<group>";
		};
		178B7A8A1F81AD8200E5EC18 /* Products */ = {
			isa = PBXGroup;
			children = (
				178B7A891F81AD8200E5EC18 /* laol2cxxtest */,
			);
			name = Products;
			sourceTree = "<group>";
		};
		178B7A981F81B26100E5EC18 /* Products */ = {
			isa = PBXGroup;
			children = (
				178B7A9C1F81B26100E5EC18 /* liblaolx.a */,
			);
			name = Products;
			sourceTree = "<group>";
		};
		178B7A9E1F81B27B00E5EC18 /* Products */ = {
			isa = PBXGroup;
			children = (
				178B7AA21F81B27B00E5EC18 /* liblaol2cxx.a */,
			);
			name = Products;
			sourceTree = "<group>";
		};
		17917AD41F8317990095A247 /* Frameworks */ = {
			isa = PBXGroup;
			children = (
			);
			name = Frameworks;
			sourceTree = "<group>";
		};
/* End PBXGroup section */

/* Begin PBXNativeTarget section */
		178B7A881F81AD8200E5EC18 /* laol2cxxtest */ = {
			isa = PBXNativeTarget;
			buildConfigurationList = 178B7A901F81AD8200E5EC18 /* Build configuration list for PBXNativeTarget "laol2cxxtest" */;
			buildPhases = (
				178B7A851F81AD8200E5EC18 /* Sources */,
				178B7A861F81AD8200E5EC18 /* Frameworks */,
				178B7A871F81AD8200E5EC18 /* CopyFiles */,
			);
			buildRules = (
			);
			dependencies = (
				17917ADA1F8317BA0095A247 /* PBXTargetDependency */,
				17917ADC1F8317BA0095A247 /* PBXTargetDependency */,
			);
			name = laol2cxxtest;
			productName = laol2cxxtest;
			productReference = 178B7A891F81AD8200E5EC18 /* laol2cxxtest */;
			productType = "com.apple.product-type.tool";
		};
/* End PBXNativeTarget section */

/* Begin PBXProject section */
		178B7A811F81AD8200E5EC18 /* Project object */ = {
			isa = PBXProject;
			attributes = {
				LastUpgradeCheck = 0900;
				ORGANIZATIONNAME = "Karl W Pfalzer";
				TargetAttributes = {
					178B7A881F81AD8200E5EC18 = {
						CreatedOnToolsVersion = 9.0;
						ProvisioningStyle = Automatic;
					};
				};
			};
			buildConfigurationList = 178B7A841F81AD8200E5EC18 /* Build configuration list for PBXProject "laol2cxxtest" */;
			compatibilityVersion = "Xcode 8.0";
			developmentRegion = en;
			hasScannedForEncodings = 0;
			knownRegions = (
				en,
			);
			mainGroup = 178B7A801F81AD8200E5EC18;
			productRefGroup = 178B7A8A1F81AD8200E5EC18 /* Products */;
			projectDirPath = "";
			projectReferences = (
				{
					ProductGroup = 178B7A9E1F81B27B00E5EC18 /* Products */;
					ProjectRef = 178B7A9D1F81B27B00E5EC18 /* laol2cxx.xcodeproj */;
				},
				{
					ProductGroup = 178B7A981F81B26100E5EC18 /* Products */;
					ProjectRef = 178B7A971F81B26100E5EC18 /* laolx.xcodeproj */;
				},
			);
			projectRoot = "";
			targets = (
				178B7A881F81AD8200E5EC18 /* laol2cxxtest */,
			);
		};
/* End PBXProject section */

/* Begin PBXReferenceProxy section */
		178B7A9C1F81B26100E5EC18 /* liblaolx.a */ = {
			isa = PBXReferenceProxy;
			fileType = archive.ar;
			path = liblaolx.a;
			remoteRef = 178B7A9B1F81B26100E5EC18 /* PBXContainerItemProxy */;
			sourceTree = BUILT_PRODUCTS_DIR;
		};
		178B7AA21F81B27B00E5EC18 /* liblaol2cxx.a */ = {
			isa = PBXReferenceProxy;
			fileType = archive.ar;
			path = liblaol2cxx.a;
			remoteRef = 178B7AA11F81B27B00E5EC18 /* PBXContainerItemProxy */;
			sourceTree = BUILT_PRODUCTS_DIR;
		};
/* End PBXReferenceProxy section */

/* Begin PBXSourcesBuildPhase section */
		178B7A851F81AD8200E5EC18 /* Sources */ = {
			isa = PBXSourcesBuildPhase;
			buildActionMask = 2147483647;
			files = (
				178B7A941F81ADD700E5EC18 /* parser_test.cxx in Sources */,
			);
			runOnlyForDeploymentPostprocessing = 0;
		};
/* End PBXSourcesBuildPhase section */

/* Begin PBXTargetDependency section */
		17917ADA1F8317BA0095A247 /* PBXTargetDependency */ = {
			isa = PBXTargetDependency;
			name = laol2cxx;
			targetProxy = 17917AD91F8317BA0095A247 /* PBXContainerItemProxy */;
		};
		17917ADC1F8317BA0095A247 /* PBXTargetDependency */ = {
			isa = PBXTargetDependency;
			name = laolx;
			targetProxy = 17917ADB1F8317BA0095A247 /* PBXContainerItemProxy */;
		};
/* End PBXTargetDependency section */

/* Begin XCBuildConfiguration section */
		178B7A8E1F81AD8200E5EC18 /* Debug */ = {
			isa = XCBuildConfiguration;
			buildSettings = {
				ALWAYS_SEARCH_USER_PATHS = NO;
				CLANG_ANALYZER_NONNULL = YES;
				CLANG_ANALYZER_NUMBER_OBJECT_CONVERSION = YES_AGGRESSIVE;
				CLANG_CXX_LANGUAGE_STANDARD = "gnu++14";
				CLANG_CXX_LIBRARY = "libc++";
				CLANG_ENABLE_MODULES = YES;
				CLANG_ENABLE_OBJC_ARC = YES;
				CLANG_WARN_BLOCK_CAPTURE_AUTORELEASING = YES;
				CLANG_WARN_BOOL_CONVERSION = YES;
				CLANG_WARN_COMMA = YES;
				CLANG_WARN_CONSTANT_CONVERSION = YES;
				CLANG_WARN_DIRECT_OBJC_ISA_USAGE = YES_ERROR;
				CLANG_WARN_DOCUMENTATION_COMMENTS = YES;
				CLANG_WARN_EMPTY_BODY = YES;
				CLANG_WARN_ENUM_CONVERSION = YES;
				CLANG_WARN_INFINITE_RECURSION = YES;
				CLANG_WARN_INT_CONVERSION = YES;
				CLANG_WARN_NON_LITERAL_NULL_CONVERSION = YES;
				CLANG_WARN_OBJC_LITERAL_CONVERSION = YES;
				CLANG_WARN_OBJC_ROOT_CLASS = YES_ERROR;
				CLANG_WARN_RANGE_LOOP_ANALYSIS = YES;
				CLANG_WARN_STRICT_PROTOTYPES = YES;
				CLANG_WARN_SUSPICIOUS_MOVE = YES;
				CLANG_WARN_UNGUARDED_AVAILABILITY = YES_AGGRESSIVE;
				CLANG_WARN_UNREACHABLE_CODE = YES;
				CLANG_WARN__DUPLICATE_METHOD_MATCH = YES;
				CODE_SIGN_IDENTITY = "-";
				COPY_PHASE_STRIP = NO;
				DEBUG_INFORMATION_FORMAT = dwarf;
				ENABLE_STRICT_OBJC_MSGSEND = YES;
				ENABLE_TESTABILITY = YES;
				GCC_C_LANGUAGE_STANDARD = gnu11;
				GCC_DYNAMIC_NO_PIC = NO;
				GCC_NO_COMMON_BLOCKS = YES;
				GCC_OPTIMIZATION_LEVEL = 0;
				GCC_PREPROCESSOR_DEFINITIONS = (
					"DEBUG=1",
					"$(inherited)",
				);
				GCC_WARN_64_TO_32_BIT_CONVERSION = YES;
				GCC_WARN_ABOUT_RETURN_TYPE = YES_ERROR;
				GCC_WARN_UNDECLARED_SELECTOR = YES;
				GCC_WARN_UNINITIALIZED_AUTOS = YES_AGGRESSIVE;
				GCC_WARN_UNUSED_FUNCTION = YES;
				GCC_WARN_UNUSED_VARIABLE = YES;
				MACOSX_DEPLOYMENT_TARGET = 10.12;
				MTL_ENABLE_DEBUG_INFO = YES;
				ONLY_ACTIVE_ARCH = YES;
				SDKROOT = macosx;
			};
			name = Debug;
		};
		178B7A8F1F81AD8200E5EC18 /* Release */ = {
			isa = XCBuildConfiguration;
			buildSettings = {
				ALWAYS_SEARCH_USER_PATHS = NO;
				CLANG_ANALYZER_NONNULL = YES;
				CLANG_ANALYZER_NUMBER_OBJECT_CONVERSION = YES_AGGRESSIVE;
				CLANG_CXX_LANGUAGE_STANDARD = "gnu++14";
				CLANG_CXX_LIBRARY = "libc++";
				CLANG_ENABLE_MODULES = YES;
				CLANG_ENABLE_OBJC_ARC = YES;
				CLANG_WARN_BLOCK_CAPTURE_AUTORELEASING = YES;
				CLANG_WARN_BOOL_CONVERSION = YES;
				CLANG_WARN_COMMA = YES;
				CLANG_WARN_CONSTANT_CONVERSION = YES;
				CLANG_WARN_DIRECT_OBJC_ISA_USAGE = YES_ERROR;
				CLANG_WARN_DOCUMENTATION_COMMENTS = YES;
				CLANG_WARN_EMPTY_BODY = YES;
				CLANG_WARN_ENUM_CONVERSION = YES;
				CLANG_WARN_INFINITE_RECURSION = YES;
				CLANG_WARN_INT_CONVERSION = YES;
				CLANG_WARN_NON_LITERAL_NULL_CONVERSION = YES;
				CLANG_WARN_OBJC_LITERAL_CONVERSION = YES;
				CLANG_WARN_OBJC_ROOT_CLASS = YES_ERROR;
				CLANG_WARN_RANGE_LOOP_ANALYSIS = YES;
				CLANG_WARN_STRICT_PROTOTYPES = YES;
				CLANG_WARN_SUSPICIOUS_MOVE = YES;
				CLANG_WARN_UNGUARDED_AVAILABILITY = YES_AGGRESSIVE;
				CLANG_WARN_UNREACHABLE_CODE = YES;
				CLANG_WARN__DUPLICATE_METHOD_MATCH = YES;
				CODE_SIGN_IDENTITY = "-";
				COPY_PHASE_STRIP = NO;
				DEBUG_INFORMATION_FORMAT = "dwarf-with-dsym";
				ENABLE_NS_ASSERTIONS = NO;
				ENABLE_STRICT_OBJC_MSGSEND = YES;
				GCC_C_LANGUAGE_STANDARD = gnu11;
				GCC_NO_COMMON_BLOCKS = YES;
				GCC_WARN_64_TO_32_BIT_CONVERSION = YES;
				GCC_WARN_ABOUT_RETURN_TYPE = YES_ERROR;
				GCC_WARN_UNDECLARED_SELECTOR = YES;
				GCC_WARN_UNINITIALIZED_AUTOS = YES_AGGRESSIVE;
				GCC_WARN_UNUSED_FUNCTION = YES;
				GCC_WARN_UNUSED_VARIABLE = YES;
				MACOSX_DEPLOYMENT_TARGET = 10.12;
				MTL_ENABLE_DEBUG_INFO = NO;
				SDKROOT = macosx;
			};
			name = Release;
		};
		178B7A911F81AD8200E5EC18 /* Debug */ = {
			isa = XCBuildConfiguration;
			buildSettings = {
				CODE_SIGN_STYLE = Automatic;
				OTHER_LDFLAGS = (
					"-llaol2cxx",
					"-llaolx",
				);
				PRODUCT_NAME = "$(TARGET_NAME)";
			};
			name = Debug;
		};
		178B7A921F81AD8200E5EC18 /* Release */ = {
			isa = XCBuildConfiguration;
			buildSettings = {
				CODE_SIGN_STYLE = Automatic;
				OTHER_LDFLAGS = (
					"-llaol2cxx",
					"-llaolx",
				);
				PRODUCT_NAME = "$(TARGET_NAME)";
			};
			name = Release;
		};
/* End XCBuildConfiguration section */

/* Begin XCConfigurationList section */
		178B7A841F81AD8200E5EC18 /* Build configuration list for PBXProject "laol2cxxtest" */ = {
			isa = XCConfigurationList;
			buildConfigurations = (
				178B7A8E1F81AD8200E5EC18 /* Debug */,
				178B7A8F1F81AD8200E5EC18 /* Release */,
			);
			defaultConfigurationIsVisible = 0;
			defaultConfigurationName = Release;
		};
		178B7A901F81AD8200E5EC18 /* Build configuration list for PBXNativeTarget "laol2cxxtest" */ = {
			isa = XCConfigurationList;
			buildConfigurations = (
				178B7A911F81AD8200E5EC18 /* Debug */,
				178B7A921F81AD8200E5EC18 /* Release */,
			);
			defaultConfigurationIsVisible = 0;
			defaultConfigurationName = Release;
		};
/* End XCConfigurationList section */
	};
	rootObject = 178B7A811F81AD8200E5EC18 /* Project object */;
}
