// !$*UTF8*$!
{
	archiveVersion = 1;
	classes = {
	};
	objectVersion = 50;
	objects = {

/* Begin PBXBuildFile section */
		F4E0F85123A17B56002DD08A /* source_file.cxx in Sources */ = {isa = PBXBuildFile; fileRef = F4E0F84F23A17B55002DD08A /* source_file.cxx */; };
		F4E0F85323A17C39002DD08A /* main.cxx in Sources */ = {isa = PBXBuildFile; fileRef = F4E0F85223A17C39002DD08A /* main.cxx */; };
		F4E0F86623A1BDA6002DD08A /* string.cxx in Sources */ = {isa = PBXBuildFile; fileRef = F4E0F86523A1BDA6002DD08A /* string.cxx */; };
		F4E0F86B23A1F8E0002DD08A /* exception.cxx in Sources */ = {isa = PBXBuildFile; fileRef = F4E0F86823A1F8E0002DD08A /* exception.cxx */; };
/* End PBXBuildFile section */

/* Begin PBXCopyFilesBuildPhase section */
		F4E0F84323A16C59002DD08A /* CopyFiles */ = {
			isa = PBXCopyFilesBuildPhase;
			buildActionMask = 2147483647;
			dstPath = /usr/share/man/man1/;
			dstSubfolderSpec = 0;
			files = (
			);
			runOnlyForDeploymentPostprocessing = 1;
		};
/* End PBXCopyFilesBuildPhase section */

/* Begin PBXFileReference section */
		F4E0F84523A16C59002DD08A /* laolx */ = {isa = PBXFileReference; explicitFileType = "compiled.mach-o.executable"; includeInIndex = 0; path = laolx; sourceTree = BUILT_PRODUCTS_DIR; };
		F4E0F84F23A17B55002DD08A /* source_file.cxx */ = {isa = PBXFileReference; fileEncoding = 4; lastKnownFileType = sourcecode.cpp.cpp; name = source_file.cxx; path = "../c++/src/laolx/parser/source_file.cxx"; sourceTree = "<group>"; };
		F4E0F85023A17B56002DD08A /* source_file.hxx */ = {isa = PBXFileReference; fileEncoding = 4; lastKnownFileType = sourcecode.cpp.h; name = source_file.hxx; path = "../c++/src/laolx/parser/source_file.hxx"; sourceTree = "<group>"; };
		F4E0F85223A17C39002DD08A /* main.cxx */ = {isa = PBXFileReference; lastKnownFileType = sourcecode.cpp.cpp; path = main.cxx; sourceTree = "<group>"; };
		F4E0F85423A1BAD4002DD08A /* string.hxx */ = {isa = PBXFileReference; fileEncoding = 4; lastKnownFileType = sourcecode.cpp.h; name = string.hxx; path = "../c++/src/laolx/parser/string.hxx"; sourceTree = "<group>"; };
		F4E0F85B23A1BD5C002DD08A /* consumer.cxx */ = {isa = PBXFileReference; lastKnownFileType = sourcecode.cpp.cpp; path = consumer.cxx; sourceTree = "<group>"; };
		F4E0F85C23A1BD5C002DD08A /* reduce.cxx */ = {isa = PBXFileReference; lastKnownFileType = sourcecode.cpp.cpp; path = reduce.cxx; sourceTree = "<group>"; };
		F4E0F85D23A1BD5C002DD08A /* util.hxx */ = {isa = PBXFileReference; lastKnownFileType = sourcecode.cpp.h; path = util.hxx; sourceTree = "<group>"; };
		F4E0F85E23A1BD5C002DD08A /* acceptor.hxx */ = {isa = PBXFileReference; lastKnownFileType = sourcecode.cpp.h; path = acceptor.hxx; sourceTree = "<group>"; };
		F4E0F85F23A1BD5C002DD08A /* charbuf.cxx */ = {isa = PBXFileReference; lastKnownFileType = sourcecode.cpp.cpp; path = charbuf.cxx; sourceTree = "<group>"; };
		F4E0F86023A1BD5C002DD08A /* acceptor.cxx */ = {isa = PBXFileReference; lastKnownFileType = sourcecode.cpp.cpp; path = acceptor.cxx; sourceTree = "<group>"; };
		F4E0F86123A1BD5C002DD08A /* charbuf.hxx */ = {isa = PBXFileReference; lastKnownFileType = sourcecode.cpp.h; path = charbuf.hxx; sourceTree = "<group>"; };
		F4E0F86223A1BD5C002DD08A /* consumer.hxx */ = {isa = PBXFileReference; lastKnownFileType = sourcecode.cpp.h; path = consumer.hxx; sourceTree = "<group>"; };
		F4E0F86323A1BD5C002DD08A /* reduce.hxx */ = {isa = PBXFileReference; lastKnownFileType = sourcecode.cpp.h; path = reduce.hxx; sourceTree = "<group>"; };
		F4E0F86423A1BD5C002DD08A /* util.cxx */ = {isa = PBXFileReference; lastKnownFileType = sourcecode.cpp.cpp; path = util.cxx; sourceTree = "<group>"; };
		F4E0F86523A1BDA6002DD08A /* string.cxx */ = {isa = PBXFileReference; fileEncoding = 4; lastKnownFileType = sourcecode.cpp.cpp; name = string.cxx; path = "../c++/src/laolx/parser/string.cxx"; sourceTree = "<group>"; };
		F4E0F86823A1F8E0002DD08A /* exception.cxx */ = {isa = PBXFileReference; fileEncoding = 4; lastKnownFileType = sourcecode.cpp.cpp; name = exception.cxx; path = ../../apfev3/src/xyzzy/exception.cxx; sourceTree = "<group>"; };
		F4E0F86923A1F8E0002DD08A /* exception.hxx */ = {isa = PBXFileReference; fileEncoding = 4; lastKnownFileType = sourcecode.cpp.h; name = exception.hxx; path = ../../apfev3/src/xyzzy/exception.hxx; sourceTree = "<group>"; };
		F4E0F86A23A1F8E0002DD08A /* refcnt.hxx */ = {isa = PBXFileReference; fileEncoding = 4; lastKnownFileType = sourcecode.cpp.h; name = refcnt.hxx; path = ../../apfev3/src/xyzzy/refcnt.hxx; sourceTree = "<group>"; };
		F4E0F86C23A1FBCD002DD08A /* nonterminal.hxx */ = {isa = PBXFileReference; fileEncoding = 4; lastKnownFileType = sourcecode.cpp.h; name = nonterminal.hxx; path = "../c++/src/laolx/parser/nonterminal.hxx"; sourceTree = "<group>"; };
		F4E0F86D23A1FD9D002DD08A /* node.hxx */ = {isa = PBXFileReference; fileEncoding = 4; lastKnownFileType = sourcecode.cpp.h; name = node.hxx; path = "../c++/src/laolx/parser/node.hxx"; sourceTree = "<group>"; };
		F4E0F86E23A200AA002DD08A /* terminal.hxx */ = {isa = PBXFileReference; fileEncoding = 4; lastKnownFileType = sourcecode.cpp.h; name = terminal.hxx; path = "../c++/src/laolx/parser/terminal.hxx"; sourceTree = "<group>"; };
		F4E0F86F23A20308002DD08A /* common.hxx */ = {isa = PBXFileReference; fileEncoding = 4; lastKnownFileType = sourcecode.cpp.h; name = common.hxx; path = "../c++/src/laolx/parser/common.hxx"; sourceTree = "<group>"; };
/* End PBXFileReference section */

/* Begin PBXFrameworksBuildPhase section */
		F4E0F84223A16C59002DD08A /* Frameworks */ = {
			isa = PBXFrameworksBuildPhase;
			buildActionMask = 2147483647;
			files = (
			);
			runOnlyForDeploymentPostprocessing = 0;
		};
/* End PBXFrameworksBuildPhase section */

/* Begin PBXGroup section */
		F4E0F83C23A16C59002DD08A = {
			isa = PBXGroup;
			children = (
				F4E0F86F23A20308002DD08A /* common.hxx */,
				F4E0F86E23A200AA002DD08A /* terminal.hxx */,
				F4E0F86D23A1FD9D002DD08A /* node.hxx */,
				F4E0F86C23A1FBCD002DD08A /* nonterminal.hxx */,
				F4E0F86523A1BDA6002DD08A /* string.cxx */,
				F4E0F85423A1BAD4002DD08A /* string.hxx */,
				F4E0F84F23A17B55002DD08A /* source_file.cxx */,
				F4E0F85023A17B56002DD08A /* source_file.hxx */,
				F4E0F84723A16C59002DD08A /* laolx */,
				F4E0F86723A1F8BE002DD08A /* xyzzy */,
				F4E0F85A23A1BD5C002DD08A /* apfev3 */,
				F4E0F84623A16C59002DD08A /* Products */,
			);
			sourceTree = "<group>";
		};
		F4E0F84623A16C59002DD08A /* Products */ = {
			isa = PBXGroup;
			children = (
				F4E0F84523A16C59002DD08A /* laolx */,
			);
			name = Products;
			sourceTree = "<group>";
		};
		F4E0F84723A16C59002DD08A /* laolx */ = {
			isa = PBXGroup;
			children = (
				F4E0F85223A17C39002DD08A /* main.cxx */,
			);
			path = laolx;
			sourceTree = "<group>";
		};
		F4E0F85A23A1BD5C002DD08A /* apfev3 */ = {
			isa = PBXGroup;
			children = (
				F4E0F85B23A1BD5C002DD08A /* consumer.cxx */,
				F4E0F85C23A1BD5C002DD08A /* reduce.cxx */,
				F4E0F85D23A1BD5C002DD08A /* util.hxx */,
				F4E0F85E23A1BD5C002DD08A /* acceptor.hxx */,
				F4E0F85F23A1BD5C002DD08A /* charbuf.cxx */,
				F4E0F86023A1BD5C002DD08A /* acceptor.cxx */,
				F4E0F86123A1BD5C002DD08A /* charbuf.hxx */,
				F4E0F86223A1BD5C002DD08A /* consumer.hxx */,
				F4E0F86323A1BD5C002DD08A /* reduce.hxx */,
				F4E0F86423A1BD5C002DD08A /* util.cxx */,
			);
			path = apfev3;
			sourceTree = "<group>";
		};
		F4E0F86723A1F8BE002DD08A /* xyzzy */ = {
			isa = PBXGroup;
			children = (
				F4E0F86823A1F8E0002DD08A /* exception.cxx */,
				F4E0F86923A1F8E0002DD08A /* exception.hxx */,
				F4E0F86A23A1F8E0002DD08A /* refcnt.hxx */,
			);
			name = xyzzy;
			sourceTree = "<group>";
		};
/* End PBXGroup section */

/* Begin PBXNativeTarget section */
		F4E0F84423A16C59002DD08A /* laolx */ = {
			isa = PBXNativeTarget;
			buildConfigurationList = F4E0F84C23A16C59002DD08A /* Build configuration list for PBXNativeTarget "laolx" */;
			buildPhases = (
				F4E0F84123A16C59002DD08A /* Sources */,
				F4E0F84223A16C59002DD08A /* Frameworks */,
				F4E0F84323A16C59002DD08A /* CopyFiles */,
			);
			buildRules = (
			);
			dependencies = (
			);
			name = laolx;
			productName = laolx;
			productReference = F4E0F84523A16C59002DD08A /* laolx */;
			productType = "com.apple.product-type.tool";
		};
/* End PBXNativeTarget section */

/* Begin PBXProject section */
		F4E0F83D23A16C59002DD08A /* Project object */ = {
			isa = PBXProject;
			attributes = {
				LastUpgradeCheck = 1120;
				ORGANIZATIONNAME = "Karl W Pfalzer";
				TargetAttributes = {
					F4E0F84423A16C59002DD08A = {
						CreatedOnToolsVersion = 11.2.1;
					};
				};
			};
			buildConfigurationList = F4E0F84023A16C59002DD08A /* Build configuration list for PBXProject "laolx" */;
			compatibilityVersion = "Xcode 9.3";
			developmentRegion = en;
			hasScannedForEncodings = 0;
			knownRegions = (
				en,
				Base,
			);
			mainGroup = F4E0F83C23A16C59002DD08A;
			productRefGroup = F4E0F84623A16C59002DD08A /* Products */;
			projectDirPath = "";
			projectRoot = "";
			targets = (
				F4E0F84423A16C59002DD08A /* laolx */,
			);
		};
/* End PBXProject section */

/* Begin PBXSourcesBuildPhase section */
		F4E0F84123A16C59002DD08A /* Sources */ = {
			isa = PBXSourcesBuildPhase;
			buildActionMask = 2147483647;
			files = (
				F4E0F86623A1BDA6002DD08A /* string.cxx in Sources */,
				F4E0F86B23A1F8E0002DD08A /* exception.cxx in Sources */,
				F4E0F85323A17C39002DD08A /* main.cxx in Sources */,
				F4E0F85123A17B56002DD08A /* source_file.cxx in Sources */,
			);
			runOnlyForDeploymentPostprocessing = 0;
		};
/* End PBXSourcesBuildPhase section */

/* Begin XCBuildConfiguration section */
		F4E0F84A23A16C59002DD08A /* Debug */ = {
			isa = XCBuildConfiguration;
			buildSettings = {
				ALWAYS_SEARCH_USER_PATHS = NO;
				CLANG_ANALYZER_NONNULL = YES;
				CLANG_ANALYZER_NUMBER_OBJECT_CONVERSION = YES_AGGRESSIVE;
				CLANG_CXX_LANGUAGE_STANDARD = "c++0x";
				CLANG_CXX_LIBRARY = "libc++";
				CLANG_ENABLE_MODULES = YES;
				CLANG_ENABLE_OBJC_ARC = YES;
				CLANG_ENABLE_OBJC_WEAK = YES;
				CLANG_WARN_BLOCK_CAPTURE_AUTORELEASING = YES;
				CLANG_WARN_BOOL_CONVERSION = YES;
				CLANG_WARN_COMMA = YES;
				CLANG_WARN_CONSTANT_CONVERSION = YES;
				CLANG_WARN_DEPRECATED_OBJC_IMPLEMENTATIONS = YES;
				CLANG_WARN_DIRECT_OBJC_ISA_USAGE = YES_ERROR;
				CLANG_WARN_DOCUMENTATION_COMMENTS = YES;
				CLANG_WARN_EMPTY_BODY = YES;
				CLANG_WARN_ENUM_CONVERSION = YES;
				CLANG_WARN_INFINITE_RECURSION = YES;
				CLANG_WARN_INT_CONVERSION = YES;
				CLANG_WARN_NON_LITERAL_NULL_CONVERSION = YES;
				CLANG_WARN_OBJC_IMPLICIT_RETAIN_SELF = YES;
				CLANG_WARN_OBJC_LITERAL_CONVERSION = YES;
				CLANG_WARN_OBJC_ROOT_CLASS = YES_ERROR;
				CLANG_WARN_RANGE_LOOP_ANALYSIS = YES;
				CLANG_WARN_STRICT_PROTOTYPES = YES;
				CLANG_WARN_SUSPICIOUS_MOVE = YES;
				CLANG_WARN_UNGUARDED_AVAILABILITY = YES_AGGRESSIVE;
				CLANG_WARN_UNREACHABLE_CODE = YES;
				CLANG_WARN__DUPLICATE_METHOD_MATCH = YES;
				COPY_PHASE_STRIP = NO;
				DEBUG_INFORMATION_FORMAT = dwarf;
				ENABLE_STRICT_OBJC_MSGSEND = YES;
				ENABLE_TESTABILITY = YES;
				GCC_C_LANGUAGE_STANDARD = gnu11;
				GCC_DYNAMIC_NO_PIC = NO;
				GCC_NO_COMMON_BLOCKS = YES;
				GCC_OPTIMIZATION_LEVEL = 0;
				GCC_PREPROCESSOR_DEFINITIONS = (
					"DEBUG=1",
					"$(inherited)",
				);
				GCC_WARN_64_TO_32_BIT_CONVERSION = YES;
				GCC_WARN_ABOUT_RETURN_TYPE = YES_ERROR;
				GCC_WARN_UNDECLARED_SELECTOR = YES;
				GCC_WARN_UNINITIALIZED_AUTOS = YES_AGGRESSIVE;
				GCC_WARN_UNUSED_FUNCTION = YES;
				GCC_WARN_UNUSED_VARIABLE = YES;
				MACOSX_DEPLOYMENT_TARGET = 10.14;
				MTL_ENABLE_DEBUG_INFO = INCLUDE_SOURCE;
				MTL_FAST_MATH = YES;
				ONLY_ACTIVE_ARCH = YES;
				"OTHER_LDFLAGS[arch=*]" = "/Users/kpfalzer/projects/apfev3/debug/Darwin/apfev3.a\n";
				SDKROOT = macosx;
				"USER_HEADER_SEARCH_PATHS[arch=*]" = "/Users/kpfalzer/projects/laolx/c++/src";
			};
			name = Debug;
		};
		F4E0F84B23A16C59002DD08A /* Release */ = {
			isa = XCBuildConfiguration;
			buildSettings = {
				ALWAYS_SEARCH_USER_PATHS = NO;
				CLANG_ANALYZER_NONNULL = YES;
				CLANG_ANALYZER_NUMBER_OBJECT_CONVERSION = YES_AGGRESSIVE;
				CLANG_CXX_LANGUAGE_STANDARD = "c++0x";
				CLANG_CXX_LIBRARY = "libc++";
				CLANG_ENABLE_MODULES = YES;
				CLANG_ENABLE_OBJC_ARC = YES;
				CLANG_ENABLE_OBJC_WEAK = YES;
				CLANG_WARN_BLOCK_CAPTURE_AUTORELEASING = YES;
				CLANG_WARN_BOOL_CONVERSION = YES;
				CLANG_WARN_COMMA = YES;
				CLANG_WARN_CONSTANT_CONVERSION = YES;
				CLANG_WARN_DEPRECATED_OBJC_IMPLEMENTATIONS = YES;
				CLANG_WARN_DIRECT_OBJC_ISA_USAGE = YES_ERROR;
				CLANG_WARN_DOCUMENTATION_COMMENTS = YES;
				CLANG_WARN_EMPTY_BODY = YES;
				CLANG_WARN_ENUM_CONVERSION = YES;
				CLANG_WARN_INFINITE_RECURSION = YES;
				CLANG_WARN_INT_CONVERSION = YES;
				CLANG_WARN_NON_LITERAL_NULL_CONVERSION = YES;
				CLANG_WARN_OBJC_IMPLICIT_RETAIN_SELF = YES;
				CLANG_WARN_OBJC_LITERAL_CONVERSION = YES;
				CLANG_WARN_OBJC_ROOT_CLASS = YES_ERROR;
				CLANG_WARN_RANGE_LOOP_ANALYSIS = YES;
				CLANG_WARN_STRICT_PROTOTYPES = YES;
				CLANG_WARN_SUSPICIOUS_MOVE = YES;
				CLANG_WARN_UNGUARDED_AVAILABILITY = YES_AGGRESSIVE;
				CLANG_WARN_UNREACHABLE_CODE = YES;
				CLANG_WARN__DUPLICATE_METHOD_MATCH = YES;
				COPY_PHASE_STRIP = NO;
				DEBUG_INFORMATION_FORMAT = "dwarf-with-dsym";
				ENABLE_NS_ASSERTIONS = NO;
				ENABLE_STRICT_OBJC_MSGSEND = YES;
				GCC_C_LANGUAGE_STANDARD = gnu11;
				GCC_NO_COMMON_BLOCKS = YES;
				GCC_WARN_64_TO_32_BIT_CONVERSION = YES;
				GCC_WARN_ABOUT_RETURN_TYPE = YES_ERROR;
				GCC_WARN_UNDECLARED_SELECTOR = YES;
				GCC_WARN_UNINITIALIZED_AUTOS = YES_AGGRESSIVE;
				GCC_WARN_UNUSED_FUNCTION = YES;
				GCC_WARN_UNUSED_VARIABLE = YES;
				MACOSX_DEPLOYMENT_TARGET = 10.14;
				MTL_ENABLE_DEBUG_INFO = NO;
				MTL_FAST_MATH = YES;
				SDKROOT = macosx;
				"USER_HEADER_SEARCH_PATHS[arch=*]" = "/Users/kpfalzer/projects/laolx/c++/src";
			};
			name = Release;
		};
		F4E0F84D23A16C59002DD08A /* Debug */ = {
			isa = XCBuildConfiguration;
			buildSettings = {
				CODE_SIGN_STYLE = Automatic;
				PRODUCT_NAME = "$(TARGET_NAME)";
			};
			name = Debug;
		};
		F4E0F84E23A16C59002DD08A /* Release */ = {
			isa = XCBuildConfiguration;
			buildSettings = {
				CODE_SIGN_STYLE = Automatic;
				PRODUCT_NAME = "$(TARGET_NAME)";
			};
			name = Release;
		};
/* End XCBuildConfiguration section */

/* Begin XCConfigurationList section */
		F4E0F84023A16C59002DD08A /* Build configuration list for PBXProject "laolx" */ = {
			isa = XCConfigurationList;
			buildConfigurations = (
				F4E0F84A23A16C59002DD08A /* Debug */,
				F4E0F84B23A16C59002DD08A /* Release */,
			);
			defaultConfigurationIsVisible = 0;
			defaultConfigurationName = Release;
		};
		F4E0F84C23A16C59002DD08A /* Build configuration list for PBXNativeTarget "laolx" */ = {
			isa = XCConfigurationList;
			buildConfigurations = (
				F4E0F84D23A16C59002DD08A /* Debug */,
				F4E0F84E23A16C59002DD08A /* Release */,
			);
			defaultConfigurationIsVisible = 0;
			defaultConfigurationName = Release;
		};
/* End XCConfigurationList section */
	};
	rootObject = F4E0F83D23A16C59002DD08A /* Project object */;
}
